
Microsoft Visual Studio Solution File, Format Version 12.00
# Visual Studio 15
VisualStudioVersion = 15.0.26228.9
MinimumVisualStudioVersion = 10.0.40219.1
Project("{2150E333-8FDC-42A3-9474-1A3956D46DE8}") = "Libraries", "Libraries", "{2DC0C8D5-DF7F-4D96-886D-D7E83522C9BF}"
EndProject
Project("{FAE04EC0-301F-11D3-BF4B-00C04F79EFBC}") = "zxing.portable", "Source\ZXing.Net\Source\lib\zxing.portable.csproj", "{24B441F2-CBE9-4405-9FD0-72EBCBEA0EC3}"
EndProject
Project("{FAE04EC0-301F-11D3-BF4B-00C04F79EFBC}") = "ZXing.Net.Mobile.Android", "Source\ZXing.Net.Mobile.Android\ZXing.Net.Mobile.Android.csproj", "{AC17589E-C817-4FA8-B3EC-CCEB25E55E59}"
EndProject
Project("{FAE04EC0-301F-11D3-BF4B-00C04F79EFBC}") = "ZXing.Net.Mobile.iOS", "Source\ZXing.Net.Mobile.iOS\ZXing.Net.Mobile.iOS.csproj", "{6CBD1DF3-1FD3-4F20-80A2-A0C7414C411A}"
EndProject
Project("{FAE04EC0-301F-11D3-BF4B-00C04F79EFBC}") = "ZXing.Net.Mobile.Portable", "Source\ZXing.Net.Mobile.Portable\ZXing.Net.Mobile.Portable.csproj", "{78407906-99C6-42B0-A511-973FC78C58CB}"
EndProject
Project("{FAE04EC0-301F-11D3-BF4B-00C04F79EFBC}") = "ZXing.Net.Mobile.Core", "Source\ZXing.Net.Mobile.Core\ZXing.Net.Mobile.Core.csproj", "{7528DD0A-1781-47F4-ADBF-EEDDB011F6BB}"
EndProject
Project("{2150E333-8FDC-42A3-9474-1A3956D46DE8}") = "Forms Libraries", "Forms Libraries", "{72EC3146-EA1B-4963-9248-55065728AF7F}"
EndProject
Project("{FAE04EC0-301F-11D3-BF4B-00C04F79EFBC}") = "ZXing.Net.Mobile.Forms", "Source\ZXing.Net.Mobile.Forms\ZXing.Net.Mobile.Forms.csproj", "{8E54DB74-C094-4016-859A-D1C7F2509A58}"
EndProject
Project("{FAE04EC0-301F-11D3-BF4B-00C04F79EFBC}") = "ZXing.Net.Mobile.Forms.Android", "Source\ZXing.Net.Mobile.Forms.Android\ZXing.Net.Mobile.Forms.Android.csproj", "{DC2FF2AE-4090-4056-BBE4-087BDE6567BD}"
EndProject
Project("{FAE04EC0-301F-11D3-BF4B-00C04F79EFBC}") = "ZXing.Net.Mobile.Forms.iOS", "Source\ZXing.Net.Mobile.Forms.iOS\ZXing.Net.Mobile.Forms.iOS.csproj", "{8370ADB4-229C-4DEC-908F-B1A8FC155523}"
EndProject
Project("{2150E333-8FDC-42A3-9474-1A3956D46DE8}") = "UITests", "UITests", "{FD73555C-A6FF-4BFB-86FF-D4333DF2AA3B}"
EndProject
Project("{2150E333-8FDC-42A3-9474-1A3956D46DE8}") = "Samples", "Samples", "{E5ED436F-3AC5-4A3E-AD32-AAAF9C16A782}"
EndProject
Project("{FAE04EC0-301F-11D3-BF4B-00C04F79EFBC}") = "Sample.Android", "Samples\Android\Sample.Android\Sample.Android.csproj", "{660D9346-D70B-4C54-8402-E5F6DF48E9AC}"
EndProject
Project("{FAE04EC0-301F-11D3-BF4B-00C04F79EFBC}") = "Sample.Android.UITests", "UITests\Sample.Android.UITests\Sample.Android.UITests.csproj", "{BFA131F2-086F-4B18-9920-81EBE09F0D6A}"
EndProject
Project("{FAE04EC0-301F-11D3-BF4B-00C04F79EFBC}") = "FormsSample", "Samples\Forms\Core\FormsSample.csproj", "{0DAF97CA-02DB-4E4F-9163-B8F14EAE2D90}"
EndProject
Project("{FAE04EC0-301F-11D3-BF4B-00C04F79EFBC}") = "FormsSample.Droid", "Samples\Forms\Droid\FormsSample.Droid.csproj", "{D8248617-D905-4F82-95B4-D4027C20278A}"
EndProject
Project("{FAE04EC0-301F-11D3-BF4B-00C04F79EFBC}") = "FormsSample.UITests", "UITests\FormsSample.UITests\FormsSample.UITests.csproj", "{A0E994BB-0C73-4B4E-9133-D7DDD7866427}"
EndProject
Project("{FAE04EC0-301F-11D3-BF4B-00C04F79EFBC}") = "FormsSample.iOS", "Samples\Forms\iOS\FormsSample.iOS.csproj", "{776B89DF-2915-4701-B8A3-127D3340C77F}"
EndProject
Project("{FAE04EC0-301F-11D3-BF4B-00C04F79EFBC}") = "Sample.iOS.UITests", "UITests\Sample.iOS.UITests\Sample.iOS.UITests.csproj", "{F60C523B-54E7-4283-95A8-01E405E55024}"
EndProject
Project("{FAE04EC0-301F-11D3-BF4B-00C04F79EFBC}") = "Sample.iOS", "Samples\iOS\Sample.iOS\Sample.iOS.csproj", "{D119965B-BA8F-40D7-86B4-E9654E1014E2}"
EndProject
Project("{D954291E-2A0B-460D-934E-DC6B0785DB48}") = "UITests.Shared", "UITests\UITests.Shared\UITests.Shared.shproj", "{EB5B7B11-23D4-4427-B016-DAE1E79A77FD}"
EndProject
Global
	GlobalSection(SharedMSBuildProjectFiles) = preSolution
		UITests\UITests.Shared\UITests.Shared.projitems*{a0e994bb-0c73-4b4e-9133-d7ddd7866427}*SharedItemsImports = 4
		UITests\UITests.Shared\UITests.Shared.projitems*{bfa131f2-086f-4b18-9920-81ebe09f0d6a}*SharedItemsImports = 4
		UITests\UITests.Shared\UITests.Shared.projitems*{eb5b7b11-23d4-4427-b016-dae1e79a77fd}*SharedItemsImports = 13
		UITests\UITests.Shared\UITests.Shared.projitems*{f60c523b-54e7-4283-95a8-01e405e55024}*SharedItemsImports = 4
	EndGlobalSection
	GlobalSection(SolutionConfigurationPlatforms) = preSolution
		Ad-Hoc|Any CPU = Ad-Hoc|Any CPU
		Ad-Hoc|ARM = Ad-Hoc|ARM
		Ad-Hoc|iPhone = Ad-Hoc|iPhone
		Ad-Hoc|iPhoneSimulator = Ad-Hoc|iPhoneSimulator
		Ad-Hoc|x64 = Ad-Hoc|x64
		Ad-Hoc|x86 = Ad-Hoc|x86
		AppStore|Any CPU = AppStore|Any CPU
		AppStore|ARM = AppStore|ARM
		AppStore|iPhone = AppStore|iPhone
		AppStore|iPhoneSimulator = AppStore|iPhoneSimulator
		AppStore|x64 = AppStore|x64
		AppStore|x86 = AppStore|x86
		Debug|Any CPU = Debug|Any CPU
		Debug|ARM = Debug|ARM
		Debug|iPhone = Debug|iPhone
		Debug|iPhoneSimulator = Debug|iPhoneSimulator
		Debug|x64 = Debug|x64
		Debug|x86 = Debug|x86
		Release|Any CPU = Release|Any CPU
		Release|ARM = Release|ARM
		Release|iPhone = Release|iPhone
		Release|iPhoneSimulator = Release|iPhoneSimulator
		Release|x64 = Release|x64
		Release|x86 = Release|x86
	EndGlobalSection
	GlobalSection(ProjectConfigurationPlatforms) = postSolution
		{24B441F2-CBE9-4405-9FD0-72EBCBEA0EC3}.Ad-Hoc|Any CPU.ActiveCfg = Release|Any CPU
		{24B441F2-CBE9-4405-9FD0-72EBCBEA0EC3}.Ad-Hoc|ARM.ActiveCfg = Release|Any CPU
		{24B441F2-CBE9-4405-9FD0-72EBCBEA0EC3}.Ad-Hoc|iPhone.ActiveCfg = Debug|Any CPU
		{24B441F2-CBE9-4405-9FD0-72EBCBEA0EC3}.Ad-Hoc|iPhone.Build.0 = Debug|Any CPU
		{24B441F2-CBE9-4405-9FD0-72EBCBEA0EC3}.Ad-Hoc|iPhoneSimulator.ActiveCfg = Release|Any CPU
		{24B441F2-CBE9-4405-9FD0-72EBCBEA0EC3}.Ad-Hoc|x64.ActiveCfg = Release|Any CPU
		{24B441F2-CBE9-4405-9FD0-72EBCBEA0EC3}.Ad-Hoc|x86.ActiveCfg = Release|Any CPU
		{24B441F2-CBE9-4405-9FD0-72EBCBEA0EC3}.AppStore|Any CPU.ActiveCfg = Release|Any CPU
		{24B441F2-CBE9-4405-9FD0-72EBCBEA0EC3}.AppStore|ARM.ActiveCfg = Release|Any CPU
		{24B441F2-CBE9-4405-9FD0-72EBCBEA0EC3}.AppStore|iPhone.ActiveCfg = Debug|Any CPU
		{24B441F2-CBE9-4405-9FD0-72EBCBEA0EC3}.AppStore|iPhone.Build.0 = Debug|Any CPU
		{24B441F2-CBE9-4405-9FD0-72EBCBEA0EC3}.AppStore|iPhoneSimulator.ActiveCfg = Release|Any CPU
		{24B441F2-CBE9-4405-9FD0-72EBCBEA0EC3}.AppStore|x64.ActiveCfg = Release|Any CPU
		{24B441F2-CBE9-4405-9FD0-72EBCBEA0EC3}.AppStore|x86.ActiveCfg = Release|Any CPU
		{24B441F2-CBE9-4405-9FD0-72EBCBEA0EC3}.Debug|Any CPU.ActiveCfg = Debug|Any CPU
		{24B441F2-CBE9-4405-9FD0-72EBCBEA0EC3}.Debug|Any CPU.Build.0 = Debug|Any CPU
		{24B441F2-CBE9-4405-9FD0-72EBCBEA0EC3}.Debug|ARM.ActiveCfg = Debug|Any CPU
		{24B441F2-CBE9-4405-9FD0-72EBCBEA0EC3}.Debug|ARM.Build.0 = Debug|Any CPU
		{24B441F2-CBE9-4405-9FD0-72EBCBEA0EC3}.Debug|iPhone.ActiveCfg = Debug|Any CPU
		{24B441F2-CBE9-4405-9FD0-72EBCBEA0EC3}.Debug|iPhone.Build.0 = Debug|Any CPU
		{24B441F2-CBE9-4405-9FD0-72EBCBEA0EC3}.Debug|iPhoneSimulator.ActiveCfg = Debug|Any CPU
		{24B441F2-CBE9-4405-9FD0-72EBCBEA0EC3}.Debug|iPhoneSimulator.Build.0 = Debug|Any CPU
		{24B441F2-CBE9-4405-9FD0-72EBCBEA0EC3}.Debug|x64.ActiveCfg = Debug|Any CPU
		{24B441F2-CBE9-4405-9FD0-72EBCBEA0EC3}.Debug|x64.Build.0 = Debug|Any CPU
		{24B441F2-CBE9-4405-9FD0-72EBCBEA0EC3}.Debug|x86.ActiveCfg = Debug|Any CPU
		{24B441F2-CBE9-4405-9FD0-72EBCBEA0EC3}.Debug|x86.Build.0 = Debug|Any CPU
		{24B441F2-CBE9-4405-9FD0-72EBCBEA0EC3}.Release|Any CPU.ActiveCfg = Release|Any CPU
		{24B441F2-CBE9-4405-9FD0-72EBCBEA0EC3}.Release|Any CPU.Build.0 = Release|Any CPU
		{24B441F2-CBE9-4405-9FD0-72EBCBEA0EC3}.Release|ARM.ActiveCfg = Release|Any CPU
		{24B441F2-CBE9-4405-9FD0-72EBCBEA0EC3}.Release|ARM.Build.0 = Release|Any CPU
		{24B441F2-CBE9-4405-9FD0-72EBCBEA0EC3}.Release|iPhone.ActiveCfg = Release|Any CPU
		{24B441F2-CBE9-4405-9FD0-72EBCBEA0EC3}.Release|iPhone.Build.0 = Release|Any CPU
		{24B441F2-CBE9-4405-9FD0-72EBCBEA0EC3}.Release|iPhoneSimulator.ActiveCfg = Release|Any CPU
		{24B441F2-CBE9-4405-9FD0-72EBCBEA0EC3}.Release|iPhoneSimulator.Build.0 = Release|Any CPU
		{24B441F2-CBE9-4405-9FD0-72EBCBEA0EC3}.Release|x64.ActiveCfg = Release|Any CPU
		{24B441F2-CBE9-4405-9FD0-72EBCBEA0EC3}.Release|x64.Build.0 = Release|Any CPU
		{24B441F2-CBE9-4405-9FD0-72EBCBEA0EC3}.Release|x86.ActiveCfg = Release|Any CPU
		{24B441F2-CBE9-4405-9FD0-72EBCBEA0EC3}.Release|x86.Build.0 = Release|Any CPU
		{AC17589E-C817-4FA8-B3EC-CCEB25E55E59}.Ad-Hoc|Any CPU.ActiveCfg = Release|Any CPU
		{AC17589E-C817-4FA8-B3EC-CCEB25E55E59}.Ad-Hoc|Any CPU.Build.0 = Release|Any CPU
		{AC17589E-C817-4FA8-B3EC-CCEB25E55E59}.Ad-Hoc|ARM.ActiveCfg = Release|Any CPU
		{AC17589E-C817-4FA8-B3EC-CCEB25E55E59}.Ad-Hoc|ARM.Build.0 = Release|Any CPU
		{AC17589E-C817-4FA8-B3EC-CCEB25E55E59}.Ad-Hoc|iPhone.ActiveCfg = Debug|Any CPU
		{AC17589E-C817-4FA8-B3EC-CCEB25E55E59}.Ad-Hoc|iPhone.Build.0 = Debug|Any CPU
		{AC17589E-C817-4FA8-B3EC-CCEB25E55E59}.Ad-Hoc|iPhoneSimulator.ActiveCfg = Release|Any CPU
		{AC17589E-C817-4FA8-B3EC-CCEB25E55E59}.Ad-Hoc|iPhoneSimulator.Build.0 = Release|Any CPU
		{AC17589E-C817-4FA8-B3EC-CCEB25E55E59}.Ad-Hoc|x64.ActiveCfg = Release|Any CPU
		{AC17589E-C817-4FA8-B3EC-CCEB25E55E59}.Ad-Hoc|x64.Build.0 = Release|Any CPU
		{AC17589E-C817-4FA8-B3EC-CCEB25E55E59}.Ad-Hoc|x86.ActiveCfg = Release|Any CPU
		{AC17589E-C817-4FA8-B3EC-CCEB25E55E59}.Ad-Hoc|x86.Build.0 = Release|Any CPU
		{AC17589E-C817-4FA8-B3EC-CCEB25E55E59}.AppStore|Any CPU.ActiveCfg = Release|Any CPU
		{AC17589E-C817-4FA8-B3EC-CCEB25E55E59}.AppStore|Any CPU.Build.0 = Release|Any CPU
		{AC17589E-C817-4FA8-B3EC-CCEB25E55E59}.AppStore|ARM.ActiveCfg = Release|Any CPU
		{AC17589E-C817-4FA8-B3EC-CCEB25E55E59}.AppStore|ARM.Build.0 = Release|Any CPU
		{AC17589E-C817-4FA8-B3EC-CCEB25E55E59}.AppStore|iPhone.ActiveCfg = Debug|Any CPU
		{AC17589E-C817-4FA8-B3EC-CCEB25E55E59}.AppStore|iPhone.Build.0 = Debug|Any CPU
		{AC17589E-C817-4FA8-B3EC-CCEB25E55E59}.AppStore|iPhoneSimulator.ActiveCfg = Release|Any CPU
		{AC17589E-C817-4FA8-B3EC-CCEB25E55E59}.AppStore|iPhoneSimulator.Build.0 = Release|Any CPU
		{AC17589E-C817-4FA8-B3EC-CCEB25E55E59}.AppStore|x64.ActiveCfg = Release|Any CPU
		{AC17589E-C817-4FA8-B3EC-CCEB25E55E59}.AppStore|x64.Build.0 = Release|Any CPU
		{AC17589E-C817-4FA8-B3EC-CCEB25E55E59}.AppStore|x86.ActiveCfg = Release|Any CPU
		{AC17589E-C817-4FA8-B3EC-CCEB25E55E59}.AppStore|x86.Build.0 = Release|Any CPU
		{AC17589E-C817-4FA8-B3EC-CCEB25E55E59}.Debug|Any CPU.ActiveCfg = Debug|Any CPU
		{AC17589E-C817-4FA8-B3EC-CCEB25E55E59}.Debug|Any CPU.Build.0 = Debug|Any CPU
		{AC17589E-C817-4FA8-B3EC-CCEB25E55E59}.Debug|Any CPU.Deploy.0 = Debug|Any CPU
		{AC17589E-C817-4FA8-B3EC-CCEB25E55E59}.Debug|ARM.ActiveCfg = Debug|Any CPU
		{AC17589E-C817-4FA8-B3EC-CCEB25E55E59}.Debug|ARM.Build.0 = Debug|Any CPU
		{AC17589E-C817-4FA8-B3EC-CCEB25E55E59}.Debug|iPhone.ActiveCfg = Debug|Any CPU
		{AC17589E-C817-4FA8-B3EC-CCEB25E55E59}.Debug|iPhone.Build.0 = Debug|Any CPU
		{AC17589E-C817-4FA8-B3EC-CCEB25E55E59}.Debug|iPhoneSimulator.ActiveCfg = Debug|Any CPU
		{AC17589E-C817-4FA8-B3EC-CCEB25E55E59}.Debug|iPhoneSimulator.Build.0 = Debug|Any CPU
		{AC17589E-C817-4FA8-B3EC-CCEB25E55E59}.Debug|x64.ActiveCfg = Debug|Any CPU
		{AC17589E-C817-4FA8-B3EC-CCEB25E55E59}.Debug|x64.Build.0 = Debug|Any CPU
		{AC17589E-C817-4FA8-B3EC-CCEB25E55E59}.Debug|x86.ActiveCfg = Debug|Any CPU
		{AC17589E-C817-4FA8-B3EC-CCEB25E55E59}.Debug|x86.Build.0 = Debug|Any CPU
		{AC17589E-C817-4FA8-B3EC-CCEB25E55E59}.Release|Any CPU.ActiveCfg = Release|Any CPU
		{AC17589E-C817-4FA8-B3EC-CCEB25E55E59}.Release|Any CPU.Build.0 = Release|Any CPU
		{AC17589E-C817-4FA8-B3EC-CCEB25E55E59}.Release|ARM.ActiveCfg = Release|Any CPU
		{AC17589E-C817-4FA8-B3EC-CCEB25E55E59}.Release|ARM.Build.0 = Release|Any CPU
		{AC17589E-C817-4FA8-B3EC-CCEB25E55E59}.Release|iPhone.ActiveCfg = Release|Any CPU
		{AC17589E-C817-4FA8-B3EC-CCEB25E55E59}.Release|iPhone.Build.0 = Release|Any CPU
		{AC17589E-C817-4FA8-B3EC-CCEB25E55E59}.Release|iPhoneSimulator.ActiveCfg = Release|Any CPU
		{AC17589E-C817-4FA8-B3EC-CCEB25E55E59}.Release|iPhoneSimulator.Build.0 = Release|Any CPU
		{AC17589E-C817-4FA8-B3EC-CCEB25E55E59}.Release|x64.ActiveCfg = Release|Any CPU
		{AC17589E-C817-4FA8-B3EC-CCEB25E55E59}.Release|x64.Build.0 = Release|Any CPU
		{AC17589E-C817-4FA8-B3EC-CCEB25E55E59}.Release|x86.ActiveCfg = Release|Any CPU
		{AC17589E-C817-4FA8-B3EC-CCEB25E55E59}.Release|x86.Build.0 = Release|Any CPU
		{6CBD1DF3-1FD3-4F20-80A2-A0C7414C411A}.Ad-Hoc|Any CPU.ActiveCfg = Release|iPhoneSimulator
		{6CBD1DF3-1FD3-4F20-80A2-A0C7414C411A}.Ad-Hoc|Any CPU.Build.0 = Release|iPhoneSimulator
		{6CBD1DF3-1FD3-4F20-80A2-A0C7414C411A}.Ad-Hoc|ARM.ActiveCfg = Release|iPhoneSimulator
		{6CBD1DF3-1FD3-4F20-80A2-A0C7414C411A}.Ad-Hoc|ARM.Build.0 = Release|iPhoneSimulator
		{6CBD1DF3-1FD3-4F20-80A2-A0C7414C411A}.Ad-Hoc|iPhone.ActiveCfg = Debug|iPhone
		{6CBD1DF3-1FD3-4F20-80A2-A0C7414C411A}.Ad-Hoc|iPhone.Build.0 = Debug|iPhone
		{6CBD1DF3-1FD3-4F20-80A2-A0C7414C411A}.Ad-Hoc|iPhoneSimulator.ActiveCfg = Release|iPhoneSimulator
		{6CBD1DF3-1FD3-4F20-80A2-A0C7414C411A}.Ad-Hoc|iPhoneSimulator.Build.0 = Release|iPhoneSimulator
		{6CBD1DF3-1FD3-4F20-80A2-A0C7414C411A}.Ad-Hoc|x64.ActiveCfg = Release|iPhoneSimulator
		{6CBD1DF3-1FD3-4F20-80A2-A0C7414C411A}.Ad-Hoc|x64.Build.0 = Release|iPhoneSimulator
		{6CBD1DF3-1FD3-4F20-80A2-A0C7414C411A}.Ad-Hoc|x86.ActiveCfg = Release|iPhoneSimulator
		{6CBD1DF3-1FD3-4F20-80A2-A0C7414C411A}.Ad-Hoc|x86.Build.0 = Release|iPhoneSimulator
		{6CBD1DF3-1FD3-4F20-80A2-A0C7414C411A}.AppStore|Any CPU.ActiveCfg = Release|iPhoneSimulator
		{6CBD1DF3-1FD3-4F20-80A2-A0C7414C411A}.AppStore|Any CPU.Build.0 = Release|iPhoneSimulator
		{6CBD1DF3-1FD3-4F20-80A2-A0C7414C411A}.AppStore|ARM.ActiveCfg = Release|iPhoneSimulator
		{6CBD1DF3-1FD3-4F20-80A2-A0C7414C411A}.AppStore|ARM.Build.0 = Release|iPhoneSimulator
		{6CBD1DF3-1FD3-4F20-80A2-A0C7414C411A}.AppStore|iPhone.ActiveCfg = Debug|iPhone
		{6CBD1DF3-1FD3-4F20-80A2-A0C7414C411A}.AppStore|iPhone.Build.0 = Debug|iPhone
		{6CBD1DF3-1FD3-4F20-80A2-A0C7414C411A}.AppStore|iPhoneSimulator.ActiveCfg = Release|iPhoneSimulator
		{6CBD1DF3-1FD3-4F20-80A2-A0C7414C411A}.AppStore|iPhoneSimulator.Build.0 = Release|iPhoneSimulator
		{6CBD1DF3-1FD3-4F20-80A2-A0C7414C411A}.AppStore|x64.ActiveCfg = Release|iPhoneSimulator
		{6CBD1DF3-1FD3-4F20-80A2-A0C7414C411A}.AppStore|x64.Build.0 = Release|iPhoneSimulator
		{6CBD1DF3-1FD3-4F20-80A2-A0C7414C411A}.AppStore|x86.ActiveCfg = Release|iPhoneSimulator
		{6CBD1DF3-1FD3-4F20-80A2-A0C7414C411A}.AppStore|x86.Build.0 = Release|iPhoneSimulator
		{6CBD1DF3-1FD3-4F20-80A2-A0C7414C411A}.Debug|Any CPU.ActiveCfg = Debug|iPhone
		{6CBD1DF3-1FD3-4F20-80A2-A0C7414C411A}.Debug|Any CPU.Build.0 = Debug|iPhone
		{6CBD1DF3-1FD3-4F20-80A2-A0C7414C411A}.Debug|ARM.ActiveCfg = Debug|iPhone
		{6CBD1DF3-1FD3-4F20-80A2-A0C7414C411A}.Debug|iPhone.ActiveCfg = Debug|iPhone
		{6CBD1DF3-1FD3-4F20-80A2-A0C7414C411A}.Debug|iPhone.Build.0 = Debug|iPhone
		{6CBD1DF3-1FD3-4F20-80A2-A0C7414C411A}.Debug|iPhoneSimulator.ActiveCfg = Debug|iPhoneSimulator
		{6CBD1DF3-1FD3-4F20-80A2-A0C7414C411A}.Debug|iPhoneSimulator.Build.0 = Debug|iPhoneSimulator
		{6CBD1DF3-1FD3-4F20-80A2-A0C7414C411A}.Debug|x64.ActiveCfg = Debug|iPhone
		{6CBD1DF3-1FD3-4F20-80A2-A0C7414C411A}.Debug|x86.ActiveCfg = Debug|iPhone
		{6CBD1DF3-1FD3-4F20-80A2-A0C7414C411A}.Release|Any CPU.ActiveCfg = Release|iPhone
		{6CBD1DF3-1FD3-4F20-80A2-A0C7414C411A}.Release|Any CPU.Build.0 = Release|iPhone
		{6CBD1DF3-1FD3-4F20-80A2-A0C7414C411A}.Release|ARM.ActiveCfg = Release|iPhone
		{6CBD1DF3-1FD3-4F20-80A2-A0C7414C411A}.Release|iPhone.ActiveCfg = Release|iPhone
		{6CBD1DF3-1FD3-4F20-80A2-A0C7414C411A}.Release|iPhone.Build.0 = Release|iPhone
		{6CBD1DF3-1FD3-4F20-80A2-A0C7414C411A}.Release|iPhoneSimulator.ActiveCfg = Release|iPhoneSimulator
		{6CBD1DF3-1FD3-4F20-80A2-A0C7414C411A}.Release|iPhoneSimulator.Build.0 = Release|iPhoneSimulator
		{6CBD1DF3-1FD3-4F20-80A2-A0C7414C411A}.Release|x64.ActiveCfg = Release|iPhone
		{6CBD1DF3-1FD3-4F20-80A2-A0C7414C411A}.Release|x86.ActiveCfg = Release|iPhone
		{78407906-99C6-42B0-A511-973FC78C58CB}.Ad-Hoc|Any CPU.ActiveCfg = Release|Any CPU
		{78407906-99C6-42B0-A511-973FC78C58CB}.Ad-Hoc|Any CPU.Build.0 = Release|Any CPU
		{78407906-99C6-42B0-A511-973FC78C58CB}.Ad-Hoc|ARM.ActiveCfg = Release|Any CPU
		{78407906-99C6-42B0-A511-973FC78C58CB}.Ad-Hoc|ARM.Build.0 = Release|Any CPU
		{78407906-99C6-42B0-A511-973FC78C58CB}.Ad-Hoc|iPhone.ActiveCfg = Debug|Any CPU
		{78407906-99C6-42B0-A511-973FC78C58CB}.Ad-Hoc|iPhone.Build.0 = Debug|Any CPU
		{78407906-99C6-42B0-A511-973FC78C58CB}.Ad-Hoc|iPhoneSimulator.ActiveCfg = Release|Any CPU
		{78407906-99C6-42B0-A511-973FC78C58CB}.Ad-Hoc|iPhoneSimulator.Build.0 = Release|Any CPU
		{78407906-99C6-42B0-A511-973FC78C58CB}.Ad-Hoc|x64.ActiveCfg = Release|Any CPU
		{78407906-99C6-42B0-A511-973FC78C58CB}.Ad-Hoc|x64.Build.0 = Release|Any CPU
		{78407906-99C6-42B0-A511-973FC78C58CB}.Ad-Hoc|x86.ActiveCfg = Release|Any CPU
		{78407906-99C6-42B0-A511-973FC78C58CB}.Ad-Hoc|x86.Build.0 = Release|Any CPU
		{78407906-99C6-42B0-A511-973FC78C58CB}.AppStore|Any CPU.ActiveCfg = Release|Any CPU
		{78407906-99C6-42B0-A511-973FC78C58CB}.AppStore|Any CPU.Build.0 = Release|Any CPU
		{78407906-99C6-42B0-A511-973FC78C58CB}.AppStore|ARM.ActiveCfg = Release|Any CPU
		{78407906-99C6-42B0-A511-973FC78C58CB}.AppStore|ARM.Build.0 = Release|Any CPU
		{78407906-99C6-42B0-A511-973FC78C58CB}.AppStore|iPhone.ActiveCfg = Debug|Any CPU
		{78407906-99C6-42B0-A511-973FC78C58CB}.AppStore|iPhone.Build.0 = Debug|Any CPU
		{78407906-99C6-42B0-A511-973FC78C58CB}.AppStore|iPhoneSimulator.ActiveCfg = Release|Any CPU
		{78407906-99C6-42B0-A511-973FC78C58CB}.AppStore|iPhoneSimulator.Build.0 = Release|Any CPU
		{78407906-99C6-42B0-A511-973FC78C58CB}.AppStore|x64.ActiveCfg = Release|Any CPU
		{78407906-99C6-42B0-A511-973FC78C58CB}.AppStore|x64.Build.0 = Release|Any CPU
		{78407906-99C6-42B0-A511-973FC78C58CB}.AppStore|x86.ActiveCfg = Release|Any CPU
		{78407906-99C6-42B0-A511-973FC78C58CB}.AppStore|x86.Build.0 = Release|Any CPU
		{78407906-99C6-42B0-A511-973FC78C58CB}.Debug|Any CPU.ActiveCfg = Debug|Any CPU
		{78407906-99C6-42B0-A511-973FC78C58CB}.Debug|Any CPU.Build.0 = Debug|Any CPU
		{78407906-99C6-42B0-A511-973FC78C58CB}.Debug|ARM.ActiveCfg = Debug|Any CPU
		{78407906-99C6-42B0-A511-973FC78C58CB}.Debug|ARM.Build.0 = Debug|Any CPU
		{78407906-99C6-42B0-A511-973FC78C58CB}.Debug|iPhone.ActiveCfg = Debug|Any CPU
		{78407906-99C6-42B0-A511-973FC78C58CB}.Debug|iPhone.Build.0 = Debug|Any CPU
		{78407906-99C6-42B0-A511-973FC78C58CB}.Debug|iPhoneSimulator.ActiveCfg = Debug|Any CPU
		{78407906-99C6-42B0-A511-973FC78C58CB}.Debug|iPhoneSimulator.Build.0 = Debug|Any CPU
		{78407906-99C6-42B0-A511-973FC78C58CB}.Debug|x64.ActiveCfg = Debug|Any CPU
		{78407906-99C6-42B0-A511-973FC78C58CB}.Debug|x64.Build.0 = Debug|Any CPU
		{78407906-99C6-42B0-A511-973FC78C58CB}.Debug|x86.ActiveCfg = Debug|Any CPU
		{78407906-99C6-42B0-A511-973FC78C58CB}.Debug|x86.Build.0 = Debug|Any CPU
		{78407906-99C6-42B0-A511-973FC78C58CB}.Release|Any CPU.ActiveCfg = Release|Any CPU
		{78407906-99C6-42B0-A511-973FC78C58CB}.Release|Any CPU.Build.0 = Release|Any CPU
		{78407906-99C6-42B0-A511-973FC78C58CB}.Release|ARM.ActiveCfg = Release|Any CPU
		{78407906-99C6-42B0-A511-973FC78C58CB}.Release|ARM.Build.0 = Release|Any CPU
		{78407906-99C6-42B0-A511-973FC78C58CB}.Release|iPhone.ActiveCfg = Release|Any CPU
		{78407906-99C6-42B0-A511-973FC78C58CB}.Release|iPhone.Build.0 = Release|Any CPU
		{78407906-99C6-42B0-A511-973FC78C58CB}.Release|iPhoneSimulator.ActiveCfg = Release|Any CPU
		{78407906-99C6-42B0-A511-973FC78C58CB}.Release|iPhoneSimulator.Build.0 = Release|Any CPU
		{78407906-99C6-42B0-A511-973FC78C58CB}.Release|x64.ActiveCfg = Release|Any CPU
		{78407906-99C6-42B0-A511-973FC78C58CB}.Release|x64.Build.0 = Release|Any CPU
		{78407906-99C6-42B0-A511-973FC78C58CB}.Release|x86.ActiveCfg = Release|Any CPU
		{78407906-99C6-42B0-A511-973FC78C58CB}.Release|x86.Build.0 = Release|Any CPU
		{7528DD0A-1781-47F4-ADBF-EEDDB011F6BB}.Ad-Hoc|Any CPU.ActiveCfg = Release|Any CPU
		{7528DD0A-1781-47F4-ADBF-EEDDB011F6BB}.Ad-Hoc|Any CPU.Build.0 = Release|Any CPU
		{7528DD0A-1781-47F4-ADBF-EEDDB011F6BB}.Ad-Hoc|ARM.ActiveCfg = Release|Any CPU
		{7528DD0A-1781-47F4-ADBF-EEDDB011F6BB}.Ad-Hoc|ARM.Build.0 = Release|Any CPU
		{7528DD0A-1781-47F4-ADBF-EEDDB011F6BB}.Ad-Hoc|iPhone.ActiveCfg = Debug|Any CPU
		{7528DD0A-1781-47F4-ADBF-EEDDB011F6BB}.Ad-Hoc|iPhone.Build.0 = Debug|Any CPU
		{7528DD0A-1781-47F4-ADBF-EEDDB011F6BB}.Ad-Hoc|iPhoneSimulator.ActiveCfg = Release|Any CPU
		{7528DD0A-1781-47F4-ADBF-EEDDB011F6BB}.Ad-Hoc|iPhoneSimulator.Build.0 = Release|Any CPU
		{7528DD0A-1781-47F4-ADBF-EEDDB011F6BB}.Ad-Hoc|x64.ActiveCfg = Release|Any CPU
		{7528DD0A-1781-47F4-ADBF-EEDDB011F6BB}.Ad-Hoc|x64.Build.0 = Release|Any CPU
		{7528DD0A-1781-47F4-ADBF-EEDDB011F6BB}.Ad-Hoc|x86.ActiveCfg = Release|Any CPU
		{7528DD0A-1781-47F4-ADBF-EEDDB011F6BB}.Ad-Hoc|x86.Build.0 = Release|Any CPU
		{7528DD0A-1781-47F4-ADBF-EEDDB011F6BB}.AppStore|Any CPU.ActiveCfg = Release|Any CPU
		{7528DD0A-1781-47F4-ADBF-EEDDB011F6BB}.AppStore|Any CPU.Build.0 = Release|Any CPU
		{7528DD0A-1781-47F4-ADBF-EEDDB011F6BB}.AppStore|ARM.ActiveCfg = Release|Any CPU
		{7528DD0A-1781-47F4-ADBF-EEDDB011F6BB}.AppStore|ARM.Build.0 = Release|Any CPU
		{7528DD0A-1781-47F4-ADBF-EEDDB011F6BB}.AppStore|iPhone.ActiveCfg = Debug|Any CPU
		{7528DD0A-1781-47F4-ADBF-EEDDB011F6BB}.AppStore|iPhone.Build.0 = Debug|Any CPU
		{7528DD0A-1781-47F4-ADBF-EEDDB011F6BB}.AppStore|iPhoneSimulator.ActiveCfg = Release|Any CPU
		{7528DD0A-1781-47F4-ADBF-EEDDB011F6BB}.AppStore|iPhoneSimulator.Build.0 = Release|Any CPU
		{7528DD0A-1781-47F4-ADBF-EEDDB011F6BB}.AppStore|x64.ActiveCfg = Release|Any CPU
		{7528DD0A-1781-47F4-ADBF-EEDDB011F6BB}.AppStore|x64.Build.0 = Release|Any CPU
		{7528DD0A-1781-47F4-ADBF-EEDDB011F6BB}.AppStore|x86.ActiveCfg = Release|Any CPU
		{7528DD0A-1781-47F4-ADBF-EEDDB011F6BB}.AppStore|x86.Build.0 = Release|Any CPU
		{7528DD0A-1781-47F4-ADBF-EEDDB011F6BB}.Debug|Any CPU.ActiveCfg = Debug|Any CPU
		{7528DD0A-1781-47F4-ADBF-EEDDB011F6BB}.Debug|Any CPU.Build.0 = Debug|Any CPU
		{7528DD0A-1781-47F4-ADBF-EEDDB011F6BB}.Debug|ARM.ActiveCfg = Debug|Any CPU
		{7528DD0A-1781-47F4-ADBF-EEDDB011F6BB}.Debug|ARM.Build.0 = Debug|Any CPU
		{7528DD0A-1781-47F4-ADBF-EEDDB011F6BB}.Debug|iPhone.ActiveCfg = Debug|Any CPU
		{7528DD0A-1781-47F4-ADBF-EEDDB011F6BB}.Debug|iPhone.Build.0 = Debug|Any CPU
		{7528DD0A-1781-47F4-ADBF-EEDDB011F6BB}.Debug|iPhoneSimulator.ActiveCfg = Debug|Any CPU
		{7528DD0A-1781-47F4-ADBF-EEDDB011F6BB}.Debug|iPhoneSimulator.Build.0 = Debug|Any CPU
		{7528DD0A-1781-47F4-ADBF-EEDDB011F6BB}.Debug|x64.ActiveCfg = Debug|Any CPU
		{7528DD0A-1781-47F4-ADBF-EEDDB011F6BB}.Debug|x64.Build.0 = Debug|Any CPU
		{7528DD0A-1781-47F4-ADBF-EEDDB011F6BB}.Debug|x86.ActiveCfg = Debug|Any CPU
		{7528DD0A-1781-47F4-ADBF-EEDDB011F6BB}.Debug|x86.Build.0 = Debug|Any CPU
		{7528DD0A-1781-47F4-ADBF-EEDDB011F6BB}.Release|Any CPU.ActiveCfg = Release|Any CPU
		{7528DD0A-1781-47F4-ADBF-EEDDB011F6BB}.Release|Any CPU.Build.0 = Release|Any CPU
		{7528DD0A-1781-47F4-ADBF-EEDDB011F6BB}.Release|ARM.ActiveCfg = Release|Any CPU
		{7528DD0A-1781-47F4-ADBF-EEDDB011F6BB}.Release|ARM.Build.0 = Release|Any CPU
		{7528DD0A-1781-47F4-ADBF-EEDDB011F6BB}.Release|iPhone.ActiveCfg = Release|Any CPU
		{7528DD0A-1781-47F4-ADBF-EEDDB011F6BB}.Release|iPhone.Build.0 = Release|Any CPU
		{7528DD0A-1781-47F4-ADBF-EEDDB011F6BB}.Release|iPhoneSimulator.ActiveCfg = Release|Any CPU
		{7528DD0A-1781-47F4-ADBF-EEDDB011F6BB}.Release|iPhoneSimulator.Build.0 = Release|Any CPU
		{7528DD0A-1781-47F4-ADBF-EEDDB011F6BB}.Release|x64.ActiveCfg = Release|Any CPU
		{7528DD0A-1781-47F4-ADBF-EEDDB011F6BB}.Release|x64.Build.0 = Release|Any CPU
		{7528DD0A-1781-47F4-ADBF-EEDDB011F6BB}.Release|x86.ActiveCfg = Release|Any CPU
		{7528DD0A-1781-47F4-ADBF-EEDDB011F6BB}.Release|x86.Build.0 = Release|Any CPU
		{8E54DB74-C094-4016-859A-D1C7F2509A58}.Ad-Hoc|Any CPU.ActiveCfg = Release|Any CPU
		{8E54DB74-C094-4016-859A-D1C7F2509A58}.Ad-Hoc|Any CPU.Build.0 = Release|Any CPU
		{8E54DB74-C094-4016-859A-D1C7F2509A58}.Ad-Hoc|ARM.ActiveCfg = Release|Any CPU
		{8E54DB74-C094-4016-859A-D1C7F2509A58}.Ad-Hoc|ARM.Build.0 = Release|Any CPU
		{8E54DB74-C094-4016-859A-D1C7F2509A58}.Ad-Hoc|iPhone.ActiveCfg = Debug|Any CPU
		{8E54DB74-C094-4016-859A-D1C7F2509A58}.Ad-Hoc|iPhone.Build.0 = Debug|Any CPU
		{8E54DB74-C094-4016-859A-D1C7F2509A58}.Ad-Hoc|iPhoneSimulator.ActiveCfg = Release|Any CPU
		{8E54DB74-C094-4016-859A-D1C7F2509A58}.Ad-Hoc|iPhoneSimulator.Build.0 = Release|Any CPU
		{8E54DB74-C094-4016-859A-D1C7F2509A58}.Ad-Hoc|x64.ActiveCfg = Release|Any CPU
		{8E54DB74-C094-4016-859A-D1C7F2509A58}.Ad-Hoc|x64.Build.0 = Release|Any CPU
		{8E54DB74-C094-4016-859A-D1C7F2509A58}.Ad-Hoc|x86.ActiveCfg = Release|Any CPU
		{8E54DB74-C094-4016-859A-D1C7F2509A58}.Ad-Hoc|x86.Build.0 = Release|Any CPU
		{8E54DB74-C094-4016-859A-D1C7F2509A58}.AppStore|Any CPU.ActiveCfg = Release|Any CPU
		{8E54DB74-C094-4016-859A-D1C7F2509A58}.AppStore|Any CPU.Build.0 = Release|Any CPU
		{8E54DB74-C094-4016-859A-D1C7F2509A58}.AppStore|ARM.ActiveCfg = Release|Any CPU
		{8E54DB74-C094-4016-859A-D1C7F2509A58}.AppStore|ARM.Build.0 = Release|Any CPU
		{8E54DB74-C094-4016-859A-D1C7F2509A58}.AppStore|iPhone.ActiveCfg = Debug|Any CPU
		{8E54DB74-C094-4016-859A-D1C7F2509A58}.AppStore|iPhone.Build.0 = Debug|Any CPU
		{8E54DB74-C094-4016-859A-D1C7F2509A58}.AppStore|iPhoneSimulator.ActiveCfg = Release|Any CPU
		{8E54DB74-C094-4016-859A-D1C7F2509A58}.AppStore|iPhoneSimulator.Build.0 = Release|Any CPU
		{8E54DB74-C094-4016-859A-D1C7F2509A58}.AppStore|x64.ActiveCfg = Release|Any CPU
		{8E54DB74-C094-4016-859A-D1C7F2509A58}.AppStore|x64.Build.0 = Release|Any CPU
		{8E54DB74-C094-4016-859A-D1C7F2509A58}.AppStore|x86.ActiveCfg = Release|Any CPU
		{8E54DB74-C094-4016-859A-D1C7F2509A58}.AppStore|x86.Build.0 = Release|Any CPU
		{8E54DB74-C094-4016-859A-D1C7F2509A58}.Debug|Any CPU.ActiveCfg = Debug|Any CPU
		{8E54DB74-C094-4016-859A-D1C7F2509A58}.Debug|Any CPU.Build.0 = Debug|Any CPU
		{8E54DB74-C094-4016-859A-D1C7F2509A58}.Debug|ARM.ActiveCfg = Debug|Any CPU
		{8E54DB74-C094-4016-859A-D1C7F2509A58}.Debug|ARM.Build.0 = Debug|Any CPU
		{8E54DB74-C094-4016-859A-D1C7F2509A58}.Debug|iPhone.ActiveCfg = Debug|Any CPU
		{8E54DB74-C094-4016-859A-D1C7F2509A58}.Debug|iPhone.Build.0 = Debug|Any CPU
		{8E54DB74-C094-4016-859A-D1C7F2509A58}.Debug|iPhoneSimulator.ActiveCfg = Debug|Any CPU
		{8E54DB74-C094-4016-859A-D1C7F2509A58}.Debug|iPhoneSimulator.Build.0 = Debug|Any CPU
		{8E54DB74-C094-4016-859A-D1C7F2509A58}.Debug|x64.ActiveCfg = Debug|Any CPU
		{8E54DB74-C094-4016-859A-D1C7F2509A58}.Debug|x64.Build.0 = Debug|Any CPU
		{8E54DB74-C094-4016-859A-D1C7F2509A58}.Debug|x86.ActiveCfg = Debug|Any CPU
		{8E54DB74-C094-4016-859A-D1C7F2509A58}.Debug|x86.Build.0 = Debug|Any CPU
		{8E54DB74-C094-4016-859A-D1C7F2509A58}.Release|Any CPU.ActiveCfg = Release|Any CPU
		{8E54DB74-C094-4016-859A-D1C7F2509A58}.Release|Any CPU.Build.0 = Release|Any CPU
		{8E54DB74-C094-4016-859A-D1C7F2509A58}.Release|ARM.ActiveCfg = Release|Any CPU
		{8E54DB74-C094-4016-859A-D1C7F2509A58}.Release|ARM.Build.0 = Release|Any CPU
		{8E54DB74-C094-4016-859A-D1C7F2509A58}.Release|iPhone.ActiveCfg = Release|Any CPU
		{8E54DB74-C094-4016-859A-D1C7F2509A58}.Release|iPhone.Build.0 = Release|Any CPU
		{8E54DB74-C094-4016-859A-D1C7F2509A58}.Release|iPhoneSimulator.ActiveCfg = Release|Any CPU
		{8E54DB74-C094-4016-859A-D1C7F2509A58}.Release|iPhoneSimulator.Build.0 = Release|Any CPU
		{8E54DB74-C094-4016-859A-D1C7F2509A58}.Release|x64.ActiveCfg = Release|Any CPU
		{8E54DB74-C094-4016-859A-D1C7F2509A58}.Release|x64.Build.0 = Release|Any CPU
		{8E54DB74-C094-4016-859A-D1C7F2509A58}.Release|x86.ActiveCfg = Release|Any CPU
		{8E54DB74-C094-4016-859A-D1C7F2509A58}.Release|x86.Build.0 = Release|Any CPU
		{DC2FF2AE-4090-4056-BBE4-087BDE6567BD}.Ad-Hoc|Any CPU.ActiveCfg = Release|Any CPU
		{DC2FF2AE-4090-4056-BBE4-087BDE6567BD}.Ad-Hoc|Any CPU.Build.0 = Release|Any CPU
		{DC2FF2AE-4090-4056-BBE4-087BDE6567BD}.Ad-Hoc|ARM.ActiveCfg = Release|Any CPU
		{DC2FF2AE-4090-4056-BBE4-087BDE6567BD}.Ad-Hoc|ARM.Build.0 = Release|Any CPU
		{DC2FF2AE-4090-4056-BBE4-087BDE6567BD}.Ad-Hoc|iPhone.ActiveCfg = Debug|Any CPU
		{DC2FF2AE-4090-4056-BBE4-087BDE6567BD}.Ad-Hoc|iPhone.Build.0 = Debug|Any CPU
		{DC2FF2AE-4090-4056-BBE4-087BDE6567BD}.Ad-Hoc|iPhoneSimulator.ActiveCfg = Release|Any CPU
		{DC2FF2AE-4090-4056-BBE4-087BDE6567BD}.Ad-Hoc|iPhoneSimulator.Build.0 = Release|Any CPU
		{DC2FF2AE-4090-4056-BBE4-087BDE6567BD}.Ad-Hoc|x64.ActiveCfg = Release|Any CPU
		{DC2FF2AE-4090-4056-BBE4-087BDE6567BD}.Ad-Hoc|x64.Build.0 = Release|Any CPU
		{DC2FF2AE-4090-4056-BBE4-087BDE6567BD}.Ad-Hoc|x86.ActiveCfg = Release|Any CPU
		{DC2FF2AE-4090-4056-BBE4-087BDE6567BD}.Ad-Hoc|x86.Build.0 = Release|Any CPU
		{DC2FF2AE-4090-4056-BBE4-087BDE6567BD}.AppStore|Any CPU.ActiveCfg = Release|Any CPU
		{DC2FF2AE-4090-4056-BBE4-087BDE6567BD}.AppStore|Any CPU.Build.0 = Release|Any CPU
		{DC2FF2AE-4090-4056-BBE4-087BDE6567BD}.AppStore|ARM.ActiveCfg = Release|Any CPU
		{DC2FF2AE-4090-4056-BBE4-087BDE6567BD}.AppStore|ARM.Build.0 = Release|Any CPU
		{DC2FF2AE-4090-4056-BBE4-087BDE6567BD}.AppStore|iPhone.ActiveCfg = Debug|Any CPU
		{DC2FF2AE-4090-4056-BBE4-087BDE6567BD}.AppStore|iPhone.Build.0 = Debug|Any CPU
		{DC2FF2AE-4090-4056-BBE4-087BDE6567BD}.AppStore|iPhoneSimulator.ActiveCfg = Release|Any CPU
		{DC2FF2AE-4090-4056-BBE4-087BDE6567BD}.AppStore|iPhoneSimulator.Build.0 = Release|Any CPU
		{DC2FF2AE-4090-4056-BBE4-087BDE6567BD}.AppStore|x64.ActiveCfg = Release|Any CPU
		{DC2FF2AE-4090-4056-BBE4-087BDE6567BD}.AppStore|x64.Build.0 = Release|Any CPU
		{DC2FF2AE-4090-4056-BBE4-087BDE6567BD}.AppStore|x86.ActiveCfg = Release|Any CPU
		{DC2FF2AE-4090-4056-BBE4-087BDE6567BD}.AppStore|x86.Build.0 = Release|Any CPU
		{DC2FF2AE-4090-4056-BBE4-087BDE6567BD}.Debug|Any CPU.ActiveCfg = Debug|Any CPU
		{DC2FF2AE-4090-4056-BBE4-087BDE6567BD}.Debug|Any CPU.Build.0 = Debug|Any CPU
		{DC2FF2AE-4090-4056-BBE4-087BDE6567BD}.Debug|ARM.ActiveCfg = Debug|Any CPU
		{DC2FF2AE-4090-4056-BBE4-087BDE6567BD}.Debug|ARM.Build.0 = Debug|Any CPU
		{DC2FF2AE-4090-4056-BBE4-087BDE6567BD}.Debug|iPhone.ActiveCfg = Debug|Any CPU
		{DC2FF2AE-4090-4056-BBE4-087BDE6567BD}.Debug|iPhone.Build.0 = Debug|Any CPU
		{DC2FF2AE-4090-4056-BBE4-087BDE6567BD}.Debug|iPhoneSimulator.ActiveCfg = Debug|Any CPU
		{DC2FF2AE-4090-4056-BBE4-087BDE6567BD}.Debug|iPhoneSimulator.Build.0 = Debug|Any CPU
		{DC2FF2AE-4090-4056-BBE4-087BDE6567BD}.Debug|x64.ActiveCfg = Debug|Any CPU
		{DC2FF2AE-4090-4056-BBE4-087BDE6567BD}.Debug|x64.Build.0 = Debug|Any CPU
		{DC2FF2AE-4090-4056-BBE4-087BDE6567BD}.Debug|x86.ActiveCfg = Debug|Any CPU
		{DC2FF2AE-4090-4056-BBE4-087BDE6567BD}.Debug|x86.Build.0 = Debug|Any CPU
		{DC2FF2AE-4090-4056-BBE4-087BDE6567BD}.Release|Any CPU.ActiveCfg = Release|Any CPU
		{DC2FF2AE-4090-4056-BBE4-087BDE6567BD}.Release|Any CPU.Build.0 = Release|Any CPU
		{DC2FF2AE-4090-4056-BBE4-087BDE6567BD}.Release|ARM.ActiveCfg = Release|Any CPU
		{DC2FF2AE-4090-4056-BBE4-087BDE6567BD}.Release|ARM.Build.0 = Release|Any CPU
		{DC2FF2AE-4090-4056-BBE4-087BDE6567BD}.Release|iPhone.ActiveCfg = Release|Any CPU
		{DC2FF2AE-4090-4056-BBE4-087BDE6567BD}.Release|iPhone.Build.0 = Release|Any CPU
		{DC2FF2AE-4090-4056-BBE4-087BDE6567BD}.Release|iPhoneSimulator.ActiveCfg = Release|Any CPU
		{DC2FF2AE-4090-4056-BBE4-087BDE6567BD}.Release|iPhoneSimulator.Build.0 = Release|Any CPU
		{DC2FF2AE-4090-4056-BBE4-087BDE6567BD}.Release|x64.ActiveCfg = Release|Any CPU
		{DC2FF2AE-4090-4056-BBE4-087BDE6567BD}.Release|x64.Build.0 = Release|Any CPU
		{DC2FF2AE-4090-4056-BBE4-087BDE6567BD}.Release|x86.ActiveCfg = Release|Any CPU
		{DC2FF2AE-4090-4056-BBE4-087BDE6567BD}.Release|x86.Build.0 = Release|Any CPU
		{8370ADB4-229C-4DEC-908F-B1A8FC155523}.Ad-Hoc|Any CPU.ActiveCfg = Release|Any CPU
		{8370ADB4-229C-4DEC-908F-B1A8FC155523}.Ad-Hoc|Any CPU.Build.0 = Release|Any CPU
		{8370ADB4-229C-4DEC-908F-B1A8FC155523}.Ad-Hoc|ARM.ActiveCfg = Release|Any CPU
		{8370ADB4-229C-4DEC-908F-B1A8FC155523}.Ad-Hoc|ARM.Build.0 = Release|Any CPU
		{8370ADB4-229C-4DEC-908F-B1A8FC155523}.Ad-Hoc|iPhone.ActiveCfg = Debug|Any CPU
		{8370ADB4-229C-4DEC-908F-B1A8FC155523}.Ad-Hoc|iPhone.Build.0 = Debug|Any CPU
		{8370ADB4-229C-4DEC-908F-B1A8FC155523}.Ad-Hoc|iPhoneSimulator.ActiveCfg = Release|Any CPU
		{8370ADB4-229C-4DEC-908F-B1A8FC155523}.Ad-Hoc|iPhoneSimulator.Build.0 = Release|Any CPU
		{8370ADB4-229C-4DEC-908F-B1A8FC155523}.Ad-Hoc|x64.ActiveCfg = Release|Any CPU
		{8370ADB4-229C-4DEC-908F-B1A8FC155523}.Ad-Hoc|x64.Build.0 = Release|Any CPU
		{8370ADB4-229C-4DEC-908F-B1A8FC155523}.Ad-Hoc|x86.ActiveCfg = Release|Any CPU
		{8370ADB4-229C-4DEC-908F-B1A8FC155523}.Ad-Hoc|x86.Build.0 = Release|Any CPU
		{8370ADB4-229C-4DEC-908F-B1A8FC155523}.AppStore|Any CPU.ActiveCfg = Release|Any CPU
		{8370ADB4-229C-4DEC-908F-B1A8FC155523}.AppStore|Any CPU.Build.0 = Release|Any CPU
		{8370ADB4-229C-4DEC-908F-B1A8FC155523}.AppStore|ARM.ActiveCfg = Release|Any CPU
		{8370ADB4-229C-4DEC-908F-B1A8FC155523}.AppStore|ARM.Build.0 = Release|Any CPU
		{8370ADB4-229C-4DEC-908F-B1A8FC155523}.AppStore|iPhone.ActiveCfg = Debug|Any CPU
		{8370ADB4-229C-4DEC-908F-B1A8FC155523}.AppStore|iPhone.Build.0 = Debug|Any CPU
		{8370ADB4-229C-4DEC-908F-B1A8FC155523}.AppStore|iPhoneSimulator.ActiveCfg = Release|Any CPU
		{8370ADB4-229C-4DEC-908F-B1A8FC155523}.AppStore|iPhoneSimulator.Build.0 = Release|Any CPU
		{8370ADB4-229C-4DEC-908F-B1A8FC155523}.AppStore|x64.ActiveCfg = Release|Any CPU
		{8370ADB4-229C-4DEC-908F-B1A8FC155523}.AppStore|x64.Build.0 = Release|Any CPU
		{8370ADB4-229C-4DEC-908F-B1A8FC155523}.AppStore|x86.ActiveCfg = Release|Any CPU
		{8370ADB4-229C-4DEC-908F-B1A8FC155523}.AppStore|x86.Build.0 = Release|Any CPU
		{8370ADB4-229C-4DEC-908F-B1A8FC155523}.Debug|Any CPU.ActiveCfg = Debug|Any CPU
		{8370ADB4-229C-4DEC-908F-B1A8FC155523}.Debug|Any CPU.Build.0 = Debug|Any CPU
		{8370ADB4-229C-4DEC-908F-B1A8FC155523}.Debug|ARM.ActiveCfg = Debug|Any CPU
		{8370ADB4-229C-4DEC-908F-B1A8FC155523}.Debug|ARM.Build.0 = Debug|Any CPU
		{8370ADB4-229C-4DEC-908F-B1A8FC155523}.Debug|iPhone.ActiveCfg = Debug|Any CPU
		{8370ADB4-229C-4DEC-908F-B1A8FC155523}.Debug|iPhone.Build.0 = Debug|Any CPU
		{8370ADB4-229C-4DEC-908F-B1A8FC155523}.Debug|iPhoneSimulator.ActiveCfg = Debug|Any CPU
		{8370ADB4-229C-4DEC-908F-B1A8FC155523}.Debug|iPhoneSimulator.Build.0 = Debug|Any CPU
		{8370ADB4-229C-4DEC-908F-B1A8FC155523}.Debug|x64.ActiveCfg = Debug|Any CPU
		{8370ADB4-229C-4DEC-908F-B1A8FC155523}.Debug|x64.Build.0 = Debug|Any CPU
		{8370ADB4-229C-4DEC-908F-B1A8FC155523}.Debug|x86.ActiveCfg = Debug|Any CPU
		{8370ADB4-229C-4DEC-908F-B1A8FC155523}.Debug|x86.Build.0 = Debug|Any CPU
		{8370ADB4-229C-4DEC-908F-B1A8FC155523}.Release|Any CPU.ActiveCfg = Release|Any CPU
		{8370ADB4-229C-4DEC-908F-B1A8FC155523}.Release|Any CPU.Build.0 = Release|Any CPU
		{8370ADB4-229C-4DEC-908F-B1A8FC155523}.Release|ARM.ActiveCfg = Release|Any CPU
		{8370ADB4-229C-4DEC-908F-B1A8FC155523}.Release|ARM.Build.0 = Release|Any CPU
		{8370ADB4-229C-4DEC-908F-B1A8FC155523}.Release|iPhone.ActiveCfg = Release|Any CPU
		{8370ADB4-229C-4DEC-908F-B1A8FC155523}.Release|iPhone.Build.0 = Release|Any CPU
		{8370ADB4-229C-4DEC-908F-B1A8FC155523}.Release|iPhoneSimulator.ActiveCfg = Release|Any CPU
		{8370ADB4-229C-4DEC-908F-B1A8FC155523}.Release|iPhoneSimulator.Build.0 = Release|Any CPU
		{8370ADB4-229C-4DEC-908F-B1A8FC155523}.Release|x64.ActiveCfg = Release|Any CPU
		{8370ADB4-229C-4DEC-908F-B1A8FC155523}.Release|x64.Build.0 = Release|Any CPU
		{8370ADB4-229C-4DEC-908F-B1A8FC155523}.Release|x86.ActiveCfg = Release|Any CPU
		{8370ADB4-229C-4DEC-908F-B1A8FC155523}.Release|x86.Build.0 = Release|Any CPU
		{660D9346-D70B-4C54-8402-E5F6DF48E9AC}.Ad-Hoc|Any CPU.ActiveCfg = Release|Any CPU
		{660D9346-D70B-4C54-8402-E5F6DF48E9AC}.Ad-Hoc|Any CPU.Build.0 = Release|Any CPU
		{660D9346-D70B-4C54-8402-E5F6DF48E9AC}.Ad-Hoc|Any CPU.Deploy.0 = Release|Any CPU
		{660D9346-D70B-4C54-8402-E5F6DF48E9AC}.Ad-Hoc|ARM.ActiveCfg = Release|Any CPU
		{660D9346-D70B-4C54-8402-E5F6DF48E9AC}.Ad-Hoc|ARM.Build.0 = Release|Any CPU
		{660D9346-D70B-4C54-8402-E5F6DF48E9AC}.Ad-Hoc|ARM.Deploy.0 = Release|Any CPU
		{660D9346-D70B-4C54-8402-E5F6DF48E9AC}.Ad-Hoc|iPhone.ActiveCfg = Debug|Any CPU
		{660D9346-D70B-4C54-8402-E5F6DF48E9AC}.Ad-Hoc|iPhone.Build.0 = Debug|Any CPU
		{660D9346-D70B-4C54-8402-E5F6DF48E9AC}.Ad-Hoc|iPhoneSimulator.ActiveCfg = Release|Any CPU
		{660D9346-D70B-4C54-8402-E5F6DF48E9AC}.Ad-Hoc|iPhoneSimulator.Build.0 = Release|Any CPU
		{660D9346-D70B-4C54-8402-E5F6DF48E9AC}.Ad-Hoc|iPhoneSimulator.Deploy.0 = Release|Any CPU
		{660D9346-D70B-4C54-8402-E5F6DF48E9AC}.Ad-Hoc|x64.ActiveCfg = Release|Any CPU
		{660D9346-D70B-4C54-8402-E5F6DF48E9AC}.Ad-Hoc|x64.Build.0 = Release|Any CPU
		{660D9346-D70B-4C54-8402-E5F6DF48E9AC}.Ad-Hoc|x64.Deploy.0 = Release|Any CPU
		{660D9346-D70B-4C54-8402-E5F6DF48E9AC}.Ad-Hoc|x86.ActiveCfg = Release|Any CPU
		{660D9346-D70B-4C54-8402-E5F6DF48E9AC}.Ad-Hoc|x86.Build.0 = Release|Any CPU
		{660D9346-D70B-4C54-8402-E5F6DF48E9AC}.Ad-Hoc|x86.Deploy.0 = Release|Any CPU
		{660D9346-D70B-4C54-8402-E5F6DF48E9AC}.AppStore|Any CPU.ActiveCfg = Release|Any CPU
		{660D9346-D70B-4C54-8402-E5F6DF48E9AC}.AppStore|Any CPU.Build.0 = Release|Any CPU
		{660D9346-D70B-4C54-8402-E5F6DF48E9AC}.AppStore|Any CPU.Deploy.0 = Release|Any CPU
		{660D9346-D70B-4C54-8402-E5F6DF48E9AC}.AppStore|ARM.ActiveCfg = Release|Any CPU
		{660D9346-D70B-4C54-8402-E5F6DF48E9AC}.AppStore|ARM.Build.0 = Release|Any CPU
		{660D9346-D70B-4C54-8402-E5F6DF48E9AC}.AppStore|ARM.Deploy.0 = Release|Any CPU
		{660D9346-D70B-4C54-8402-E5F6DF48E9AC}.AppStore|iPhone.ActiveCfg = Debug|Any CPU
		{660D9346-D70B-4C54-8402-E5F6DF48E9AC}.AppStore|iPhone.Build.0 = Debug|Any CPU
		{660D9346-D70B-4C54-8402-E5F6DF48E9AC}.AppStore|iPhoneSimulator.ActiveCfg = Release|Any CPU
		{660D9346-D70B-4C54-8402-E5F6DF48E9AC}.AppStore|iPhoneSimulator.Build.0 = Release|Any CPU
		{660D9346-D70B-4C54-8402-E5F6DF48E9AC}.AppStore|iPhoneSimulator.Deploy.0 = Release|Any CPU
		{660D9346-D70B-4C54-8402-E5F6DF48E9AC}.AppStore|x64.ActiveCfg = Release|Any CPU
		{660D9346-D70B-4C54-8402-E5F6DF48E9AC}.AppStore|x64.Build.0 = Release|Any CPU
		{660D9346-D70B-4C54-8402-E5F6DF48E9AC}.AppStore|x64.Deploy.0 = Release|Any CPU
		{660D9346-D70B-4C54-8402-E5F6DF48E9AC}.AppStore|x86.ActiveCfg = Release|Any CPU
		{660D9346-D70B-4C54-8402-E5F6DF48E9AC}.AppStore|x86.Build.0 = Release|Any CPU
		{660D9346-D70B-4C54-8402-E5F6DF48E9AC}.AppStore|x86.Deploy.0 = Release|Any CPU
		{660D9346-D70B-4C54-8402-E5F6DF48E9AC}.Debug|Any CPU.ActiveCfg = Debug|Any CPU
		{660D9346-D70B-4C54-8402-E5F6DF48E9AC}.Debug|Any CPU.Build.0 = Debug|Any CPU
		{660D9346-D70B-4C54-8402-E5F6DF48E9AC}.Debug|ARM.ActiveCfg = Debug|Any CPU
		{660D9346-D70B-4C54-8402-E5F6DF48E9AC}.Debug|ARM.Build.0 = Debug|Any CPU
		{660D9346-D70B-4C54-8402-E5F6DF48E9AC}.Debug|iPhone.ActiveCfg = Debug|Any CPU
		{660D9346-D70B-4C54-8402-E5F6DF48E9AC}.Debug|iPhone.Build.0 = Debug|Any CPU
		{660D9346-D70B-4C54-8402-E5F6DF48E9AC}.Debug|iPhoneSimulator.ActiveCfg = Debug|Any CPU
		{660D9346-D70B-4C54-8402-E5F6DF48E9AC}.Debug|iPhoneSimulator.Build.0 = Debug|Any CPU
		{660D9346-D70B-4C54-8402-E5F6DF48E9AC}.Debug|x64.ActiveCfg = Debug|Any CPU
		{660D9346-D70B-4C54-8402-E5F6DF48E9AC}.Debug|x64.Build.0 = Debug|Any CPU
		{660D9346-D70B-4C54-8402-E5F6DF48E9AC}.Debug|x86.ActiveCfg = Debug|Any CPU
		{660D9346-D70B-4C54-8402-E5F6DF48E9AC}.Debug|x86.Build.0 = Debug|Any CPU
		{660D9346-D70B-4C54-8402-E5F6DF48E9AC}.Release|Any CPU.ActiveCfg = Release|Any CPU
		{660D9346-D70B-4C54-8402-E5F6DF48E9AC}.Release|Any CPU.Build.0 = Release|Any CPU
		{660D9346-D70B-4C54-8402-E5F6DF48E9AC}.Release|ARM.ActiveCfg = Release|Any CPU
		{660D9346-D70B-4C54-8402-E5F6DF48E9AC}.Release|ARM.Build.0 = Release|Any CPU
		{660D9346-D70B-4C54-8402-E5F6DF48E9AC}.Release|iPhone.ActiveCfg = Release|Any CPU
		{660D9346-D70B-4C54-8402-E5F6DF48E9AC}.Release|iPhone.Build.0 = Release|Any CPU
		{660D9346-D70B-4C54-8402-E5F6DF48E9AC}.Release|iPhoneSimulator.ActiveCfg = Release|Any CPU
		{660D9346-D70B-4C54-8402-E5F6DF48E9AC}.Release|iPhoneSimulator.Build.0 = Release|Any CPU
		{660D9346-D70B-4C54-8402-E5F6DF48E9AC}.Release|x64.ActiveCfg = Release|Any CPU
		{660D9346-D70B-4C54-8402-E5F6DF48E9AC}.Release|x64.Build.0 = Release|Any CPU
		{660D9346-D70B-4C54-8402-E5F6DF48E9AC}.Release|x86.ActiveCfg = Release|Any CPU
		{660D9346-D70B-4C54-8402-E5F6DF48E9AC}.Release|x86.Build.0 = Release|Any CPU
		{BFA131F2-086F-4B18-9920-81EBE09F0D6A}.Ad-Hoc|Any CPU.ActiveCfg = Release|Any CPU
		{BFA131F2-086F-4B18-9920-81EBE09F0D6A}.Ad-Hoc|Any CPU.Build.0 = Release|Any CPU
		{BFA131F2-086F-4B18-9920-81EBE09F0D6A}.Ad-Hoc|ARM.ActiveCfg = Release|Any CPU
		{BFA131F2-086F-4B18-9920-81EBE09F0D6A}.Ad-Hoc|ARM.Build.0 = Release|Any CPU
		{BFA131F2-086F-4B18-9920-81EBE09F0D6A}.Ad-Hoc|iPhone.ActiveCfg = Debug|Any CPU
		{BFA131F2-086F-4B18-9920-81EBE09F0D6A}.Ad-Hoc|iPhone.Build.0 = Debug|Any CPU
		{BFA131F2-086F-4B18-9920-81EBE09F0D6A}.Ad-Hoc|iPhoneSimulator.ActiveCfg = Release|Any CPU
		{BFA131F2-086F-4B18-9920-81EBE09F0D6A}.Ad-Hoc|iPhoneSimulator.Build.0 = Release|Any CPU
		{BFA131F2-086F-4B18-9920-81EBE09F0D6A}.Ad-Hoc|x64.ActiveCfg = Release|Any CPU
		{BFA131F2-086F-4B18-9920-81EBE09F0D6A}.Ad-Hoc|x64.Build.0 = Release|Any CPU
		{BFA131F2-086F-4B18-9920-81EBE09F0D6A}.Ad-Hoc|x86.ActiveCfg = Release|Any CPU
		{BFA131F2-086F-4B18-9920-81EBE09F0D6A}.Ad-Hoc|x86.Build.0 = Release|Any CPU
		{BFA131F2-086F-4B18-9920-81EBE09F0D6A}.AppStore|Any CPU.ActiveCfg = Release|Any CPU
		{BFA131F2-086F-4B18-9920-81EBE09F0D6A}.AppStore|Any CPU.Build.0 = Release|Any CPU
		{BFA131F2-086F-4B18-9920-81EBE09F0D6A}.AppStore|ARM.ActiveCfg = Release|Any CPU
		{BFA131F2-086F-4B18-9920-81EBE09F0D6A}.AppStore|ARM.Build.0 = Release|Any CPU
		{BFA131F2-086F-4B18-9920-81EBE09F0D6A}.AppStore|iPhone.ActiveCfg = Debug|Any CPU
		{BFA131F2-086F-4B18-9920-81EBE09F0D6A}.AppStore|iPhone.Build.0 = Debug|Any CPU
		{BFA131F2-086F-4B18-9920-81EBE09F0D6A}.AppStore|iPhoneSimulator.ActiveCfg = Release|Any CPU
		{BFA131F2-086F-4B18-9920-81EBE09F0D6A}.AppStore|iPhoneSimulator.Build.0 = Release|Any CPU
		{BFA131F2-086F-4B18-9920-81EBE09F0D6A}.AppStore|x64.ActiveCfg = Release|Any CPU
		{BFA131F2-086F-4B18-9920-81EBE09F0D6A}.AppStore|x64.Build.0 = Release|Any CPU
		{BFA131F2-086F-4B18-9920-81EBE09F0D6A}.AppStore|x86.ActiveCfg = Release|Any CPU
		{BFA131F2-086F-4B18-9920-81EBE09F0D6A}.AppStore|x86.Build.0 = Release|Any CPU
		{BFA131F2-086F-4B18-9920-81EBE09F0D6A}.Debug|Any CPU.ActiveCfg = Debug|Any CPU
		{BFA131F2-086F-4B18-9920-81EBE09F0D6A}.Debug|Any CPU.Build.0 = Debug|Any CPU
		{BFA131F2-086F-4B18-9920-81EBE09F0D6A}.Debug|ARM.ActiveCfg = Debug|Any CPU
		{BFA131F2-086F-4B18-9920-81EBE09F0D6A}.Debug|ARM.Build.0 = Debug|Any CPU
		{BFA131F2-086F-4B18-9920-81EBE09F0D6A}.Debug|iPhone.ActiveCfg = Debug|Any CPU
		{BFA131F2-086F-4B18-9920-81EBE09F0D6A}.Debug|iPhone.Build.0 = Debug|Any CPU
		{BFA131F2-086F-4B18-9920-81EBE09F0D6A}.Debug|iPhoneSimulator.ActiveCfg = Debug|Any CPU
		{BFA131F2-086F-4B18-9920-81EBE09F0D6A}.Debug|iPhoneSimulator.Build.0 = Debug|Any CPU
		{BFA131F2-086F-4B18-9920-81EBE09F0D6A}.Debug|x64.ActiveCfg = Debug|Any CPU
		{BFA131F2-086F-4B18-9920-81EBE09F0D6A}.Debug|x64.Build.0 = Debug|Any CPU
		{BFA131F2-086F-4B18-9920-81EBE09F0D6A}.Debug|x86.ActiveCfg = Debug|Any CPU
		{BFA131F2-086F-4B18-9920-81EBE09F0D6A}.Debug|x86.Build.0 = Debug|Any CPU
		{BFA131F2-086F-4B18-9920-81EBE09F0D6A}.Release|Any CPU.ActiveCfg = Release|Any CPU
		{BFA131F2-086F-4B18-9920-81EBE09F0D6A}.Release|Any CPU.Build.0 = Release|Any CPU
		{BFA131F2-086F-4B18-9920-81EBE09F0D6A}.Release|ARM.ActiveCfg = Release|Any CPU
		{BFA131F2-086F-4B18-9920-81EBE09F0D6A}.Release|ARM.Build.0 = Release|Any CPU
		{BFA131F2-086F-4B18-9920-81EBE09F0D6A}.Release|iPhone.ActiveCfg = Release|Any CPU
		{BFA131F2-086F-4B18-9920-81EBE09F0D6A}.Release|iPhone.Build.0 = Release|Any CPU
		{BFA131F2-086F-4B18-9920-81EBE09F0D6A}.Release|iPhoneSimulator.ActiveCfg = Release|Any CPU
		{BFA131F2-086F-4B18-9920-81EBE09F0D6A}.Release|iPhoneSimulator.Build.0 = Release|Any CPU
		{BFA131F2-086F-4B18-9920-81EBE09F0D6A}.Release|x64.ActiveCfg = Release|Any CPU
		{BFA131F2-086F-4B18-9920-81EBE09F0D6A}.Release|x64.Build.0 = Release|Any CPU
		{BFA131F2-086F-4B18-9920-81EBE09F0D6A}.Release|x86.ActiveCfg = Release|Any CPU
		{BFA131F2-086F-4B18-9920-81EBE09F0D6A}.Release|x86.Build.0 = Release|Any CPU
		{0DAF97CA-02DB-4E4F-9163-B8F14EAE2D90}.Ad-Hoc|Any CPU.ActiveCfg = Release|Any CPU
		{0DAF97CA-02DB-4E4F-9163-B8F14EAE2D90}.Ad-Hoc|Any CPU.Build.0 = Release|Any CPU
		{0DAF97CA-02DB-4E4F-9163-B8F14EAE2D90}.Ad-Hoc|ARM.ActiveCfg = Release|Any CPU
		{0DAF97CA-02DB-4E4F-9163-B8F14EAE2D90}.Ad-Hoc|ARM.Build.0 = Release|Any CPU
		{0DAF97CA-02DB-4E4F-9163-B8F14EAE2D90}.Ad-Hoc|iPhone.ActiveCfg = Debug|Any CPU
		{0DAF97CA-02DB-4E4F-9163-B8F14EAE2D90}.Ad-Hoc|iPhone.Build.0 = Debug|Any CPU
		{0DAF97CA-02DB-4E4F-9163-B8F14EAE2D90}.Ad-Hoc|iPhoneSimulator.ActiveCfg = Release|Any CPU
		{0DAF97CA-02DB-4E4F-9163-B8F14EAE2D90}.Ad-Hoc|iPhoneSimulator.Build.0 = Release|Any CPU
		{0DAF97CA-02DB-4E4F-9163-B8F14EAE2D90}.Ad-Hoc|x64.ActiveCfg = Release|Any CPU
		{0DAF97CA-02DB-4E4F-9163-B8F14EAE2D90}.Ad-Hoc|x64.Build.0 = Release|Any CPU
		{0DAF97CA-02DB-4E4F-9163-B8F14EAE2D90}.Ad-Hoc|x86.ActiveCfg = Release|Any CPU
		{0DAF97CA-02DB-4E4F-9163-B8F14EAE2D90}.Ad-Hoc|x86.Build.0 = Release|Any CPU
		{0DAF97CA-02DB-4E4F-9163-B8F14EAE2D90}.AppStore|Any CPU.ActiveCfg = Release|Any CPU
		{0DAF97CA-02DB-4E4F-9163-B8F14EAE2D90}.AppStore|Any CPU.Build.0 = Release|Any CPU
		{0DAF97CA-02DB-4E4F-9163-B8F14EAE2D90}.AppStore|ARM.ActiveCfg = Release|Any CPU
		{0DAF97CA-02DB-4E4F-9163-B8F14EAE2D90}.AppStore|ARM.Build.0 = Release|Any CPU
		{0DAF97CA-02DB-4E4F-9163-B8F14EAE2D90}.AppStore|iPhone.ActiveCfg = Debug|Any CPU
		{0DAF97CA-02DB-4E4F-9163-B8F14EAE2D90}.AppStore|iPhone.Build.0 = Debug|Any CPU
		{0DAF97CA-02DB-4E4F-9163-B8F14EAE2D90}.AppStore|iPhoneSimulator.ActiveCfg = Release|Any CPU
		{0DAF97CA-02DB-4E4F-9163-B8F14EAE2D90}.AppStore|iPhoneSimulator.Build.0 = Release|Any CPU
		{0DAF97CA-02DB-4E4F-9163-B8F14EAE2D90}.AppStore|x64.ActiveCfg = Release|Any CPU
		{0DAF97CA-02DB-4E4F-9163-B8F14EAE2D90}.AppStore|x64.Build.0 = Release|Any CPU
		{0DAF97CA-02DB-4E4F-9163-B8F14EAE2D90}.AppStore|x86.ActiveCfg = Release|Any CPU
		{0DAF97CA-02DB-4E4F-9163-B8F14EAE2D90}.AppStore|x86.Build.0 = Release|Any CPU
		{0DAF97CA-02DB-4E4F-9163-B8F14EAE2D90}.Debug|Any CPU.ActiveCfg = Debug|Any CPU
		{0DAF97CA-02DB-4E4F-9163-B8F14EAE2D90}.Debug|Any CPU.Build.0 = Debug|Any CPU
		{0DAF97CA-02DB-4E4F-9163-B8F14EAE2D90}.Debug|ARM.ActiveCfg = Debug|Any CPU
		{0DAF97CA-02DB-4E4F-9163-B8F14EAE2D90}.Debug|ARM.Build.0 = Debug|Any CPU
		{0DAF97CA-02DB-4E4F-9163-B8F14EAE2D90}.Debug|iPhone.ActiveCfg = Debug|Any CPU
		{0DAF97CA-02DB-4E4F-9163-B8F14EAE2D90}.Debug|iPhone.Build.0 = Debug|Any CPU
		{0DAF97CA-02DB-4E4F-9163-B8F14EAE2D90}.Debug|iPhoneSimulator.ActiveCfg = Debug|Any CPU
		{0DAF97CA-02DB-4E4F-9163-B8F14EAE2D90}.Debug|iPhoneSimulator.Build.0 = Debug|Any CPU
		{0DAF97CA-02DB-4E4F-9163-B8F14EAE2D90}.Debug|x64.ActiveCfg = Debug|Any CPU
		{0DAF97CA-02DB-4E4F-9163-B8F14EAE2D90}.Debug|x64.Build.0 = Debug|Any CPU
		{0DAF97CA-02DB-4E4F-9163-B8F14EAE2D90}.Debug|x86.ActiveCfg = Debug|Any CPU
		{0DAF97CA-02DB-4E4F-9163-B8F14EAE2D90}.Debug|x86.Build.0 = Debug|Any CPU
		{0DAF97CA-02DB-4E4F-9163-B8F14EAE2D90}.Release|Any CPU.ActiveCfg = Release|Any CPU
		{0DAF97CA-02DB-4E4F-9163-B8F14EAE2D90}.Release|Any CPU.Build.0 = Release|Any CPU
		{0DAF97CA-02DB-4E4F-9163-B8F14EAE2D90}.Release|ARM.ActiveCfg = Release|Any CPU
		{0DAF97CA-02DB-4E4F-9163-B8F14EAE2D90}.Release|ARM.Build.0 = Release|Any CPU
		{0DAF97CA-02DB-4E4F-9163-B8F14EAE2D90}.Release|iPhone.ActiveCfg = Release|Any CPU
		{0DAF97CA-02DB-4E4F-9163-B8F14EAE2D90}.Release|iPhone.Build.0 = Release|Any CPU
		{0DAF97CA-02DB-4E4F-9163-B8F14EAE2D90}.Release|iPhoneSimulator.ActiveCfg = Release|Any CPU
		{0DAF97CA-02DB-4E4F-9163-B8F14EAE2D90}.Release|iPhoneSimulator.Build.0 = Release|Any CPU
		{0DAF97CA-02DB-4E4F-9163-B8F14EAE2D90}.Release|x64.ActiveCfg = Release|Any CPU
		{0DAF97CA-02DB-4E4F-9163-B8F14EAE2D90}.Release|x64.Build.0 = Release|Any CPU
		{0DAF97CA-02DB-4E4F-9163-B8F14EAE2D90}.Release|x86.ActiveCfg = Release|Any CPU
		{0DAF97CA-02DB-4E4F-9163-B8F14EAE2D90}.Release|x86.Build.0 = Release|Any CPU
		{D8248617-D905-4F82-95B4-D4027C20278A}.Ad-Hoc|Any CPU.ActiveCfg = Release|Any CPU
		{D8248617-D905-4F82-95B4-D4027C20278A}.Ad-Hoc|Any CPU.Build.0 = Release|Any CPU
		{D8248617-D905-4F82-95B4-D4027C20278A}.Ad-Hoc|Any CPU.Deploy.0 = Release|Any CPU
		{D8248617-D905-4F82-95B4-D4027C20278A}.Ad-Hoc|ARM.ActiveCfg = Release|Any CPU
		{D8248617-D905-4F82-95B4-D4027C20278A}.Ad-Hoc|ARM.Build.0 = Release|Any CPU
		{D8248617-D905-4F82-95B4-D4027C20278A}.Ad-Hoc|ARM.Deploy.0 = Release|Any CPU
		{D8248617-D905-4F82-95B4-D4027C20278A}.Ad-Hoc|iPhone.ActiveCfg = Debug|Any CPU
		{D8248617-D905-4F82-95B4-D4027C20278A}.Ad-Hoc|iPhone.Build.0 = Debug|Any CPU
		{D8248617-D905-4F82-95B4-D4027C20278A}.Ad-Hoc|iPhoneSimulator.ActiveCfg = Release|Any CPU
		{D8248617-D905-4F82-95B4-D4027C20278A}.Ad-Hoc|iPhoneSimulator.Build.0 = Release|Any CPU
		{D8248617-D905-4F82-95B4-D4027C20278A}.Ad-Hoc|iPhoneSimulator.Deploy.0 = Release|Any CPU
		{D8248617-D905-4F82-95B4-D4027C20278A}.Ad-Hoc|x64.ActiveCfg = Release|Any CPU
		{D8248617-D905-4F82-95B4-D4027C20278A}.Ad-Hoc|x64.Build.0 = Release|Any CPU
		{D8248617-D905-4F82-95B4-D4027C20278A}.Ad-Hoc|x64.Deploy.0 = Release|Any CPU
		{D8248617-D905-4F82-95B4-D4027C20278A}.Ad-Hoc|x86.ActiveCfg = Release|Any CPU
		{D8248617-D905-4F82-95B4-D4027C20278A}.Ad-Hoc|x86.Build.0 = Release|Any CPU
		{D8248617-D905-4F82-95B4-D4027C20278A}.Ad-Hoc|x86.Deploy.0 = Release|Any CPU
		{D8248617-D905-4F82-95B4-D4027C20278A}.AppStore|Any CPU.ActiveCfg = Release|Any CPU
		{D8248617-D905-4F82-95B4-D4027C20278A}.AppStore|Any CPU.Build.0 = Release|Any CPU
		{D8248617-D905-4F82-95B4-D4027C20278A}.AppStore|Any CPU.Deploy.0 = Release|Any CPU
		{D8248617-D905-4F82-95B4-D4027C20278A}.AppStore|ARM.ActiveCfg = Release|Any CPU
		{D8248617-D905-4F82-95B4-D4027C20278A}.AppStore|ARM.Build.0 = Release|Any CPU
		{D8248617-D905-4F82-95B4-D4027C20278A}.AppStore|ARM.Deploy.0 = Release|Any CPU
		{D8248617-D905-4F82-95B4-D4027C20278A}.AppStore|iPhone.ActiveCfg = Debug|Any CPU
		{D8248617-D905-4F82-95B4-D4027C20278A}.AppStore|iPhone.Build.0 = Debug|Any CPU
		{D8248617-D905-4F82-95B4-D4027C20278A}.AppStore|iPhoneSimulator.ActiveCfg = Release|Any CPU
		{D8248617-D905-4F82-95B4-D4027C20278A}.AppStore|iPhoneSimulator.Build.0 = Release|Any CPU
		{D8248617-D905-4F82-95B4-D4027C20278A}.AppStore|iPhoneSimulator.Deploy.0 = Release|Any CPU
		{D8248617-D905-4F82-95B4-D4027C20278A}.AppStore|x64.ActiveCfg = Release|Any CPU
		{D8248617-D905-4F82-95B4-D4027C20278A}.AppStore|x64.Build.0 = Release|Any CPU
		{D8248617-D905-4F82-95B4-D4027C20278A}.AppStore|x64.Deploy.0 = Release|Any CPU
		{D8248617-D905-4F82-95B4-D4027C20278A}.AppStore|x86.ActiveCfg = Release|Any CPU
		{D8248617-D905-4F82-95B4-D4027C20278A}.AppStore|x86.Build.0 = Release|Any CPU
		{D8248617-D905-4F82-95B4-D4027C20278A}.AppStore|x86.Deploy.0 = Release|Any CPU
		{D8248617-D905-4F82-95B4-D4027C20278A}.Debug|Any CPU.ActiveCfg = Debug|Any CPU
		{D8248617-D905-4F82-95B4-D4027C20278A}.Debug|Any CPU.Build.0 = Debug|Any CPU
		{D8248617-D905-4F82-95B4-D4027C20278A}.Debug|ARM.ActiveCfg = Debug|Any CPU
		{D8248617-D905-4F82-95B4-D4027C20278A}.Debug|ARM.Build.0 = Debug|Any CPU
		{D8248617-D905-4F82-95B4-D4027C20278A}.Debug|iPhone.ActiveCfg = Debug|Any CPU
		{D8248617-D905-4F82-95B4-D4027C20278A}.Debug|iPhone.Build.0 = Debug|Any CPU
		{D8248617-D905-4F82-95B4-D4027C20278A}.Debug|iPhoneSimulator.ActiveCfg = Debug|Any CPU
		{D8248617-D905-4F82-95B4-D4027C20278A}.Debug|iPhoneSimulator.Build.0 = Debug|Any CPU
		{D8248617-D905-4F82-95B4-D4027C20278A}.Debug|x64.ActiveCfg = Debug|Any CPU
		{D8248617-D905-4F82-95B4-D4027C20278A}.Debug|x64.Build.0 = Debug|Any CPU
		{D8248617-D905-4F82-95B4-D4027C20278A}.Debug|x86.ActiveCfg = Debug|Any CPU
		{D8248617-D905-4F82-95B4-D4027C20278A}.Debug|x86.Build.0 = Debug|Any CPU
		{D8248617-D905-4F82-95B4-D4027C20278A}.Release|Any CPU.ActiveCfg = Release|Any CPU
		{D8248617-D905-4F82-95B4-D4027C20278A}.Release|Any CPU.Build.0 = Release|Any CPU
		{D8248617-D905-4F82-95B4-D4027C20278A}.Release|ARM.ActiveCfg = Release|Any CPU
		{D8248617-D905-4F82-95B4-D4027C20278A}.Release|ARM.Build.0 = Release|Any CPU
		{D8248617-D905-4F82-95B4-D4027C20278A}.Release|iPhone.ActiveCfg = Release|Any CPU
		{D8248617-D905-4F82-95B4-D4027C20278A}.Release|iPhone.Build.0 = Release|Any CPU
		{D8248617-D905-4F82-95B4-D4027C20278A}.Release|iPhoneSimulator.ActiveCfg = Release|Any CPU
		{D8248617-D905-4F82-95B4-D4027C20278A}.Release|iPhoneSimulator.Build.0 = Release|Any CPU
		{D8248617-D905-4F82-95B4-D4027C20278A}.Release|x64.ActiveCfg = Release|Any CPU
		{D8248617-D905-4F82-95B4-D4027C20278A}.Release|x64.Build.0 = Release|Any CPU
		{D8248617-D905-4F82-95B4-D4027C20278A}.Release|x86.ActiveCfg = Release|Any CPU
		{D8248617-D905-4F82-95B4-D4027C20278A}.Release|x86.Build.0 = Release|Any CPU
		{A0E994BB-0C73-4B4E-9133-D7DDD7866427}.Ad-Hoc|Any CPU.ActiveCfg = Release|Any CPU
		{A0E994BB-0C73-4B4E-9133-D7DDD7866427}.Ad-Hoc|Any CPU.Build.0 = Release|Any CPU
		{A0E994BB-0C73-4B4E-9133-D7DDD7866427}.Ad-Hoc|ARM.ActiveCfg = Release|Any CPU
		{A0E994BB-0C73-4B4E-9133-D7DDD7866427}.Ad-Hoc|ARM.Build.0 = Release|Any CPU
		{A0E994BB-0C73-4B4E-9133-D7DDD7866427}.Ad-Hoc|iPhone.ActiveCfg = Debug|Any CPU
		{A0E994BB-0C73-4B4E-9133-D7DDD7866427}.Ad-Hoc|iPhone.Build.0 = Debug|Any CPU
		{A0E994BB-0C73-4B4E-9133-D7DDD7866427}.Ad-Hoc|iPhoneSimulator.ActiveCfg = Release|Any CPU
		{A0E994BB-0C73-4B4E-9133-D7DDD7866427}.Ad-Hoc|iPhoneSimulator.Build.0 = Release|Any CPU
		{A0E994BB-0C73-4B4E-9133-D7DDD7866427}.Ad-Hoc|x64.ActiveCfg = Release|Any CPU
		{A0E994BB-0C73-4B4E-9133-D7DDD7866427}.Ad-Hoc|x64.Build.0 = Release|Any CPU
		{A0E994BB-0C73-4B4E-9133-D7DDD7866427}.Ad-Hoc|x86.ActiveCfg = Release|Any CPU
		{A0E994BB-0C73-4B4E-9133-D7DDD7866427}.Ad-Hoc|x86.Build.0 = Release|Any CPU
		{A0E994BB-0C73-4B4E-9133-D7DDD7866427}.AppStore|Any CPU.ActiveCfg = Release|Any CPU
		{A0E994BB-0C73-4B4E-9133-D7DDD7866427}.AppStore|Any CPU.Build.0 = Release|Any CPU
		{A0E994BB-0C73-4B4E-9133-D7DDD7866427}.AppStore|ARM.ActiveCfg = Release|Any CPU
		{A0E994BB-0C73-4B4E-9133-D7DDD7866427}.AppStore|ARM.Build.0 = Release|Any CPU
		{A0E994BB-0C73-4B4E-9133-D7DDD7866427}.AppStore|iPhone.ActiveCfg = Debug|Any CPU
		{A0E994BB-0C73-4B4E-9133-D7DDD7866427}.AppStore|iPhone.Build.0 = Debug|Any CPU
		{A0E994BB-0C73-4B4E-9133-D7DDD7866427}.AppStore|iPhoneSimulator.ActiveCfg = Release|Any CPU
		{A0E994BB-0C73-4B4E-9133-D7DDD7866427}.AppStore|iPhoneSimulator.Build.0 = Release|Any CPU
		{A0E994BB-0C73-4B4E-9133-D7DDD7866427}.AppStore|x64.ActiveCfg = Release|Any CPU
		{A0E994BB-0C73-4B4E-9133-D7DDD7866427}.AppStore|x64.Build.0 = Release|Any CPU
		{A0E994BB-0C73-4B4E-9133-D7DDD7866427}.AppStore|x86.ActiveCfg = Release|Any CPU
		{A0E994BB-0C73-4B4E-9133-D7DDD7866427}.AppStore|x86.Build.0 = Release|Any CPU
		{A0E994BB-0C73-4B4E-9133-D7DDD7866427}.Debug|Any CPU.ActiveCfg = Debug|Any CPU
		{A0E994BB-0C73-4B4E-9133-D7DDD7866427}.Debug|Any CPU.Build.0 = Debug|Any CPU
		{A0E994BB-0C73-4B4E-9133-D7DDD7866427}.Debug|ARM.ActiveCfg = Debug|Any CPU
		{A0E994BB-0C73-4B4E-9133-D7DDD7866427}.Debug|ARM.Build.0 = Debug|Any CPU
		{A0E994BB-0C73-4B4E-9133-D7DDD7866427}.Debug|iPhone.ActiveCfg = Debug|Any CPU
		{A0E994BB-0C73-4B4E-9133-D7DDD7866427}.Debug|iPhone.Build.0 = Debug|Any CPU
		{A0E994BB-0C73-4B4E-9133-D7DDD7866427}.Debug|iPhoneSimulator.ActiveCfg = Debug|Any CPU
		{A0E994BB-0C73-4B4E-9133-D7DDD7866427}.Debug|iPhoneSimulator.Build.0 = Debug|Any CPU
		{A0E994BB-0C73-4B4E-9133-D7DDD7866427}.Debug|x64.ActiveCfg = Debug|Any CPU
		{A0E994BB-0C73-4B4E-9133-D7DDD7866427}.Debug|x64.Build.0 = Debug|Any CPU
		{A0E994BB-0C73-4B4E-9133-D7DDD7866427}.Debug|x86.ActiveCfg = Debug|Any CPU
		{A0E994BB-0C73-4B4E-9133-D7DDD7866427}.Debug|x86.Build.0 = Debug|Any CPU
		{A0E994BB-0C73-4B4E-9133-D7DDD7866427}.Release|Any CPU.ActiveCfg = Release|Any CPU
		{A0E994BB-0C73-4B4E-9133-D7DDD7866427}.Release|Any CPU.Build.0 = Release|Any CPU
		{A0E994BB-0C73-4B4E-9133-D7DDD7866427}.Release|ARM.ActiveCfg = Release|Any CPU
		{A0E994BB-0C73-4B4E-9133-D7DDD7866427}.Release|ARM.Build.0 = Release|Any CPU
		{A0E994BB-0C73-4B4E-9133-D7DDD7866427}.Release|iPhone.ActiveCfg = Release|Any CPU
		{A0E994BB-0C73-4B4E-9133-D7DDD7866427}.Release|iPhone.Build.0 = Release|Any CPU
		{A0E994BB-0C73-4B4E-9133-D7DDD7866427}.Release|iPhoneSimulator.ActiveCfg = Release|Any CPU
		{A0E994BB-0C73-4B4E-9133-D7DDD7866427}.Release|iPhoneSimulator.Build.0 = Release|Any CPU
		{A0E994BB-0C73-4B4E-9133-D7DDD7866427}.Release|x64.ActiveCfg = Release|Any CPU
		{A0E994BB-0C73-4B4E-9133-D7DDD7866427}.Release|x64.Build.0 = Release|Any CPU
		{A0E994BB-0C73-4B4E-9133-D7DDD7866427}.Release|x86.ActiveCfg = Release|Any CPU
		{A0E994BB-0C73-4B4E-9133-D7DDD7866427}.Release|x86.Build.0 = Release|Any CPU
		{776B89DF-2915-4701-B8A3-127D3340C77F}.Ad-Hoc|Any CPU.ActiveCfg = Release|iPhoneSimulator
		{776B89DF-2915-4701-B8A3-127D3340C77F}.Ad-Hoc|Any CPU.Build.0 = Release|iPhoneSimulator
		{776B89DF-2915-4701-B8A3-127D3340C77F}.Ad-Hoc|ARM.ActiveCfg = Release|iPhoneSimulator
		{776B89DF-2915-4701-B8A3-127D3340C77F}.Ad-Hoc|ARM.Build.0 = Release|iPhoneSimulator
		{776B89DF-2915-4701-B8A3-127D3340C77F}.Ad-Hoc|iPhone.ActiveCfg = Release|iPhone
		{776B89DF-2915-4701-B8A3-127D3340C77F}.Ad-Hoc|iPhone.Build.0 = Release|iPhone
		{776B89DF-2915-4701-B8A3-127D3340C77F}.Ad-Hoc|iPhoneSimulator.ActiveCfg = Release|iPhoneSimulator
		{776B89DF-2915-4701-B8A3-127D3340C77F}.Ad-Hoc|iPhoneSimulator.Build.0 = Release|iPhoneSimulator
		{776B89DF-2915-4701-B8A3-127D3340C77F}.Ad-Hoc|x64.ActiveCfg = Release|iPhoneSimulator
		{776B89DF-2915-4701-B8A3-127D3340C77F}.Ad-Hoc|x64.Build.0 = Release|iPhoneSimulator
		{776B89DF-2915-4701-B8A3-127D3340C77F}.Ad-Hoc|x86.ActiveCfg = Release|iPhoneSimulator
		{776B89DF-2915-4701-B8A3-127D3340C77F}.Ad-Hoc|x86.Build.0 = Release|iPhoneSimulator
		{776B89DF-2915-4701-B8A3-127D3340C77F}.AppStore|Any CPU.ActiveCfg = Release|iPhoneSimulator
		{776B89DF-2915-4701-B8A3-127D3340C77F}.AppStore|Any CPU.Build.0 = Release|iPhoneSimulator
		{776B89DF-2915-4701-B8A3-127D3340C77F}.AppStore|ARM.ActiveCfg = Release|iPhoneSimulator
		{776B89DF-2915-4701-B8A3-127D3340C77F}.AppStore|ARM.Build.0 = Release|iPhoneSimulator
		{776B89DF-2915-4701-B8A3-127D3340C77F}.AppStore|iPhone.ActiveCfg = Release|iPhone
		{776B89DF-2915-4701-B8A3-127D3340C77F}.AppStore|iPhone.Build.0 = Release|iPhone
		{776B89DF-2915-4701-B8A3-127D3340C77F}.AppStore|iPhoneSimulator.ActiveCfg = Release|iPhoneSimulator
		{776B89DF-2915-4701-B8A3-127D3340C77F}.AppStore|iPhoneSimulator.Build.0 = Release|iPhoneSimulator
		{776B89DF-2915-4701-B8A3-127D3340C77F}.AppStore|x64.ActiveCfg = Release|iPhoneSimulator
		{776B89DF-2915-4701-B8A3-127D3340C77F}.AppStore|x64.Build.0 = Release|iPhoneSimulator
		{776B89DF-2915-4701-B8A3-127D3340C77F}.AppStore|x86.ActiveCfg = Release|iPhoneSimulator
		{776B89DF-2915-4701-B8A3-127D3340C77F}.AppStore|x86.Build.0 = Release|iPhoneSimulator
		{776B89DF-2915-4701-B8A3-127D3340C77F}.Debug|Any CPU.ActiveCfg = Debug|iPhoneSimulator
		{776B89DF-2915-4701-B8A3-127D3340C77F}.Debug|Any CPU.Build.0 = Debug|iPhoneSimulator
		{776B89DF-2915-4701-B8A3-127D3340C77F}.Debug|ARM.ActiveCfg = Debug|iPhoneSimulator
		{776B89DF-2915-4701-B8A3-127D3340C77F}.Debug|ARM.Build.0 = Debug|iPhoneSimulator
		{776B89DF-2915-4701-B8A3-127D3340C77F}.Debug|iPhone.ActiveCfg = Debug|iPhone
		{776B89DF-2915-4701-B8A3-127D3340C77F}.Debug|iPhone.Build.0 = Debug|iPhone
		{776B89DF-2915-4701-B8A3-127D3340C77F}.Debug|iPhoneSimulator.ActiveCfg = Debug|iPhoneSimulator
		{776B89DF-2915-4701-B8A3-127D3340C77F}.Debug|iPhoneSimulator.Build.0 = Debug|iPhoneSimulator
		{776B89DF-2915-4701-B8A3-127D3340C77F}.Debug|x64.ActiveCfg = Debug|iPhoneSimulator
		{776B89DF-2915-4701-B8A3-127D3340C77F}.Debug|x64.Build.0 = Debug|iPhoneSimulator
		{776B89DF-2915-4701-B8A3-127D3340C77F}.Debug|x86.ActiveCfg = Debug|iPhoneSimulator
		{776B89DF-2915-4701-B8A3-127D3340C77F}.Debug|x86.Build.0 = Debug|iPhoneSimulator
		{776B89DF-2915-4701-B8A3-127D3340C77F}.Release|Any CPU.ActiveCfg = Release|iPhone
		{776B89DF-2915-4701-B8A3-127D3340C77F}.Release|Any CPU.Build.0 = Release|iPhone
		{776B89DF-2915-4701-B8A3-127D3340C77F}.Release|ARM.ActiveCfg = Release|iPhone
		{776B89DF-2915-4701-B8A3-127D3340C77F}.Release|ARM.Build.0 = Release|iPhone
		{776B89DF-2915-4701-B8A3-127D3340C77F}.Release|iPhone.ActiveCfg = Release|iPhone
		{776B89DF-2915-4701-B8A3-127D3340C77F}.Release|iPhone.Build.0 = Release|iPhone
		{776B89DF-2915-4701-B8A3-127D3340C77F}.Release|iPhoneSimulator.ActiveCfg = Release|iPhoneSimulator
		{776B89DF-2915-4701-B8A3-127D3340C77F}.Release|iPhoneSimulator.Build.0 = Release|iPhoneSimulator
		{776B89DF-2915-4701-B8A3-127D3340C77F}.Release|x64.ActiveCfg = Release|iPhone
		{776B89DF-2915-4701-B8A3-127D3340C77F}.Release|x64.Build.0 = Release|iPhone
		{776B89DF-2915-4701-B8A3-127D3340C77F}.Release|x86.ActiveCfg = Release|iPhone
		{776B89DF-2915-4701-B8A3-127D3340C77F}.Release|x86.Build.0 = Release|iPhone
		{F60C523B-54E7-4283-95A8-01E405E55024}.Ad-Hoc|Any CPU.ActiveCfg = Release|Any CPU
		{F60C523B-54E7-4283-95A8-01E405E55024}.Ad-Hoc|Any CPU.Build.0 = Release|Any CPU
		{F60C523B-54E7-4283-95A8-01E405E55024}.Ad-Hoc|ARM.ActiveCfg = Release|Any CPU
		{F60C523B-54E7-4283-95A8-01E405E55024}.Ad-Hoc|ARM.Build.0 = Release|Any CPU
		{F60C523B-54E7-4283-95A8-01E405E55024}.Ad-Hoc|iPhone.ActiveCfg = Debug|Any CPU
		{F60C523B-54E7-4283-95A8-01E405E55024}.Ad-Hoc|iPhone.Build.0 = Debug|Any CPU
		{F60C523B-54E7-4283-95A8-01E405E55024}.Ad-Hoc|iPhoneSimulator.ActiveCfg = Release|Any CPU
		{F60C523B-54E7-4283-95A8-01E405E55024}.Ad-Hoc|iPhoneSimulator.Build.0 = Release|Any CPU
		{F60C523B-54E7-4283-95A8-01E405E55024}.Ad-Hoc|x64.ActiveCfg = Release|Any CPU
		{F60C523B-54E7-4283-95A8-01E405E55024}.Ad-Hoc|x64.Build.0 = Release|Any CPU
		{F60C523B-54E7-4283-95A8-01E405E55024}.Ad-Hoc|x86.ActiveCfg = Release|Any CPU
		{F60C523B-54E7-4283-95A8-01E405E55024}.Ad-Hoc|x86.Build.0 = Release|Any CPU
		{F60C523B-54E7-4283-95A8-01E405E55024}.AppStore|Any CPU.ActiveCfg = Release|Any CPU
		{F60C523B-54E7-4283-95A8-01E405E55024}.AppStore|Any CPU.Build.0 = Release|Any CPU
		{F60C523B-54E7-4283-95A8-01E405E55024}.AppStore|ARM.ActiveCfg = Release|Any CPU
		{F60C523B-54E7-4283-95A8-01E405E55024}.AppStore|ARM.Build.0 = Release|Any CPU
		{F60C523B-54E7-4283-95A8-01E405E55024}.AppStore|iPhone.ActiveCfg = Debug|Any CPU
		{F60C523B-54E7-4283-95A8-01E405E55024}.AppStore|iPhone.Build.0 = Debug|Any CPU
		{F60C523B-54E7-4283-95A8-01E405E55024}.AppStore|iPhoneSimulator.ActiveCfg = Release|Any CPU
		{F60C523B-54E7-4283-95A8-01E405E55024}.AppStore|iPhoneSimulator.Build.0 = Release|Any CPU
		{F60C523B-54E7-4283-95A8-01E405E55024}.AppStore|x64.ActiveCfg = Release|Any CPU
		{F60C523B-54E7-4283-95A8-01E405E55024}.AppStore|x64.Build.0 = Release|Any CPU
		{F60C523B-54E7-4283-95A8-01E405E55024}.AppStore|x86.ActiveCfg = Release|Any CPU
		{F60C523B-54E7-4283-95A8-01E405E55024}.AppStore|x86.Build.0 = Release|Any CPU
		{F60C523B-54E7-4283-95A8-01E405E55024}.Debug|Any CPU.ActiveCfg = Debug|Any CPU
		{F60C523B-54E7-4283-95A8-01E405E55024}.Debug|Any CPU.Build.0 = Debug|Any CPU
		{F60C523B-54E7-4283-95A8-01E405E55024}.Debug|ARM.ActiveCfg = Debug|Any CPU
		{F60C523B-54E7-4283-95A8-01E405E55024}.Debug|ARM.Build.0 = Debug|Any CPU
		{F60C523B-54E7-4283-95A8-01E405E55024}.Debug|iPhone.ActiveCfg = Debug|Any CPU
		{F60C523B-54E7-4283-95A8-01E405E55024}.Debug|iPhone.Build.0 = Debug|Any CPU
		{F60C523B-54E7-4283-95A8-01E405E55024}.Debug|iPhoneSimulator.ActiveCfg = Debug|Any CPU
		{F60C523B-54E7-4283-95A8-01E405E55024}.Debug|iPhoneSimulator.Build.0 = Debug|Any CPU
		{F60C523B-54E7-4283-95A8-01E405E55024}.Debug|x64.ActiveCfg = Debug|Any CPU
		{F60C523B-54E7-4283-95A8-01E405E55024}.Debug|x64.Build.0 = Debug|Any CPU
		{F60C523B-54E7-4283-95A8-01E405E55024}.Debug|x86.ActiveCfg = Debug|Any CPU
		{F60C523B-54E7-4283-95A8-01E405E55024}.Debug|x86.Build.0 = Debug|Any CPU
		{F60C523B-54E7-4283-95A8-01E405E55024}.Release|Any CPU.ActiveCfg = Release|Any CPU
		{F60C523B-54E7-4283-95A8-01E405E55024}.Release|Any CPU.Build.0 = Release|Any CPU
		{F60C523B-54E7-4283-95A8-01E405E55024}.Release|ARM.ActiveCfg = Release|Any CPU
		{F60C523B-54E7-4283-95A8-01E405E55024}.Release|ARM.Build.0 = Release|Any CPU
		{F60C523B-54E7-4283-95A8-01E405E55024}.Release|iPhone.ActiveCfg = Release|Any CPU
		{F60C523B-54E7-4283-95A8-01E405E55024}.Release|iPhone.Build.0 = Release|Any CPU
		{F60C523B-54E7-4283-95A8-01E405E55024}.Release|iPhoneSimulator.ActiveCfg = Release|Any CPU
		{F60C523B-54E7-4283-95A8-01E405E55024}.Release|iPhoneSimulator.Build.0 = Release|Any CPU
		{F60C523B-54E7-4283-95A8-01E405E55024}.Release|x64.ActiveCfg = Release|Any CPU
		{F60C523B-54E7-4283-95A8-01E405E55024}.Release|x64.Build.0 = Release|Any CPU
		{F60C523B-54E7-4283-95A8-01E405E55024}.Release|x86.ActiveCfg = Release|Any CPU
		{F60C523B-54E7-4283-95A8-01E405E55024}.Release|x86.Build.0 = Release|Any CPU
		{D119965B-BA8F-40D7-86B4-E9654E1014E2}.Ad-Hoc|Any CPU.ActiveCfg = Ad-Hoc|iPhoneSimulator
		{D119965B-BA8F-40D7-86B4-E9654E1014E2}.Ad-Hoc|ARM.ActiveCfg = Ad-Hoc|iPhoneSimulator
		{D119965B-BA8F-40D7-86B4-E9654E1014E2}.Ad-Hoc|iPhone.ActiveCfg = Ad-Hoc|iPhone
		{D119965B-BA8F-40D7-86B4-E9654E1014E2}.Ad-Hoc|iPhone.Build.0 = Ad-Hoc|iPhone
		{D119965B-BA8F-40D7-86B4-E9654E1014E2}.Ad-Hoc|iPhoneSimulator.ActiveCfg = Ad-Hoc|iPhoneSimulator
		{D119965B-BA8F-40D7-86B4-E9654E1014E2}.Ad-Hoc|iPhoneSimulator.Build.0 = Ad-Hoc|iPhoneSimulator
		{D119965B-BA8F-40D7-86B4-E9654E1014E2}.Ad-Hoc|x64.ActiveCfg = Ad-Hoc|iPhoneSimulator
		{D119965B-BA8F-40D7-86B4-E9654E1014E2}.Ad-Hoc|x86.ActiveCfg = Ad-Hoc|iPhoneSimulator
		{D119965B-BA8F-40D7-86B4-E9654E1014E2}.AppStore|Any CPU.ActiveCfg = AppStore|iPhoneSimulator
		{D119965B-BA8F-40D7-86B4-E9654E1014E2}.AppStore|ARM.ActiveCfg = AppStore|iPhoneSimulator
		{D119965B-BA8F-40D7-86B4-E9654E1014E2}.AppStore|iPhone.ActiveCfg = AppStore|iPhone
		{D119965B-BA8F-40D7-86B4-E9654E1014E2}.AppStore|iPhone.Build.0 = AppStore|iPhone
		{D119965B-BA8F-40D7-86B4-E9654E1014E2}.AppStore|iPhoneSimulator.ActiveCfg = AppStore|iPhoneSimulator
		{D119965B-BA8F-40D7-86B4-E9654E1014E2}.AppStore|iPhoneSimulator.Build.0 = AppStore|iPhoneSimulator
		{D119965B-BA8F-40D7-86B4-E9654E1014E2}.AppStore|x64.ActiveCfg = AppStore|iPhoneSimulator
		{D119965B-BA8F-40D7-86B4-E9654E1014E2}.AppStore|x86.ActiveCfg = AppStore|iPhoneSimulator
		{D119965B-BA8F-40D7-86B4-E9654E1014E2}.Debug|Any CPU.ActiveCfg = Debug|iPhoneSimulator
		{D119965B-BA8F-40D7-86B4-E9654E1014E2}.Debug|Any CPU.Build.0 = Debug|iPhoneSimulator
		{D119965B-BA8F-40D7-86B4-E9654E1014E2}.Debug|ARM.ActiveCfg = Debug|iPhoneSimulator
		{D119965B-BA8F-40D7-86B4-E9654E1014E2}.Debug|ARM.Build.0 = Debug|iPhoneSimulator
		{D119965B-BA8F-40D7-86B4-E9654E1014E2}.Debug|iPhone.ActiveCfg = Debug|iPhone
		{D119965B-BA8F-40D7-86B4-E9654E1014E2}.Debug|iPhone.Build.0 = Debug|iPhone
		{D119965B-BA8F-40D7-86B4-E9654E1014E2}.Debug|iPhoneSimulator.ActiveCfg = Debug|iPhoneSimulator
		{D119965B-BA8F-40D7-86B4-E9654E1014E2}.Debug|iPhoneSimulator.Build.0 = Debug|iPhoneSimulator
		{D119965B-BA8F-40D7-86B4-E9654E1014E2}.Debug|x64.ActiveCfg = Debug|iPhoneSimulator
		{D119965B-BA8F-40D7-86B4-E9654E1014E2}.Debug|x64.Build.0 = Debug|iPhoneSimulator
		{D119965B-BA8F-40D7-86B4-E9654E1014E2}.Debug|x86.ActiveCfg = Debug|iPhoneSimulator
		{D119965B-BA8F-40D7-86B4-E9654E1014E2}.Debug|x86.Build.0 = Debug|iPhoneSimulator
		{D119965B-BA8F-40D7-86B4-E9654E1014E2}.Release|Any CPU.ActiveCfg = Release|iPhone
		{D119965B-BA8F-40D7-86B4-E9654E1014E2}.Release|Any CPU.Build.0 = Release|iPhone
		{D119965B-BA8F-40D7-86B4-E9654E1014E2}.Release|ARM.ActiveCfg = Release|iPhone
		{D119965B-BA8F-40D7-86B4-E9654E1014E2}.Release|ARM.Build.0 = Release|iPhone
		{D119965B-BA8F-40D7-86B4-E9654E1014E2}.Release|iPhone.ActiveCfg = Release|iPhone
		{D119965B-BA8F-40D7-86B4-E9654E1014E2}.Release|iPhone.Build.0 = Release|iPhone
		{D119965B-BA8F-40D7-86B4-E9654E1014E2}.Release|iPhoneSimulator.ActiveCfg = Release|iPhoneSimulator
		{D119965B-BA8F-40D7-86B4-E9654E1014E2}.Release|iPhoneSimulator.Build.0 = Release|iPhoneSimulator
		{D119965B-BA8F-40D7-86B4-E9654E1014E2}.Release|x64.ActiveCfg = Release|iPhone
		{D119965B-BA8F-40D7-86B4-E9654E1014E2}.Release|x64.Build.0 = Release|iPhone
		{D119965B-BA8F-40D7-86B4-E9654E1014E2}.Release|x86.ActiveCfg = Release|iPhone
		{D119965B-BA8F-40D7-86B4-E9654E1014E2}.Release|x86.Build.0 = Release|iPhone
	EndGlobalSection
	GlobalSection(SolutionProperties) = preSolution
		HideSolutionNode = FALSE
	EndGlobalSection
	GlobalSection(NestedProjects) = preSolution
		{24B441F2-CBE9-4405-9FD0-72EBCBEA0EC3} = {2DC0C8D5-DF7F-4D96-886D-D7E83522C9BF}
		{AC17589E-C817-4FA8-B3EC-CCEB25E55E59} = {2DC0C8D5-DF7F-4D96-886D-D7E83522C9BF}
		{6CBD1DF3-1FD3-4F20-80A2-A0C7414C411A} = {2DC0C8D5-DF7F-4D96-886D-D7E83522C9BF}
		{78407906-99C6-42B0-A511-973FC78C58CB} = {2DC0C8D5-DF7F-4D96-886D-D7E83522C9BF}
		{7528DD0A-1781-47F4-ADBF-EEDDB011F6BB} = {2DC0C8D5-DF7F-4D96-886D-D7E83522C9BF}
		{8E54DB74-C094-4016-859A-D1C7F2509A58} = {72EC3146-EA1B-4963-9248-55065728AF7F}
		{DC2FF2AE-4090-4056-BBE4-087BDE6567BD} = {72EC3146-EA1B-4963-9248-55065728AF7F}
		{8370ADB4-229C-4DEC-908F-B1A8FC155523} = {72EC3146-EA1B-4963-9248-55065728AF7F}
		{660D9346-D70B-4C54-8402-E5F6DF48E9AC} = {E5ED436F-3AC5-4A3E-AD32-AAAF9C16A782}
		{BFA131F2-086F-4B18-9920-81EBE09F0D6A} = {FD73555C-A6FF-4BFB-86FF-D4333DF2AA3B}
		{0DAF97CA-02DB-4E4F-9163-B8F14EAE2D90} = {E5ED436F-3AC5-4A3E-AD32-AAAF9C16A782}
		{D8248617-D905-4F82-95B4-D4027C20278A} = {E5ED436F-3AC5-4A3E-AD32-AAAF9C16A782}
		{A0E994BB-0C73-4B4E-9133-D7DDD7866427} = {FD73555C-A6FF-4BFB-86FF-D4333DF2AA3B}
		{776B89DF-2915-4701-B8A3-127D3340C77F} = {E5ED436F-3AC5-4A3E-AD32-AAAF9C16A782}
		{F60C523B-54E7-4283-95A8-01E405E55024} = {FD73555C-A6FF-4BFB-86FF-D4333DF2AA3B}
		{D119965B-BA8F-40D7-86B4-E9654E1014E2} = {E5ED436F-3AC5-4A3E-AD32-AAAF9C16A782}
		{EB5B7B11-23D4-4427-B016-DAE1E79A77FD} = {FD73555C-A6FF-4BFB-86FF-D4333DF2AA3B}
	EndGlobalSection
EndGlobal
