
Microsoft Visual Studio Solution File, Format Version 12.00
# Visual Studio 15
VisualStudioVersion = 15.0.26228.9
MinimumVisualStudioVersion = 10.0.40219.1
Project("{FAE04EC0-301F-11D3-BF4B-00C04F79EFBC}") = "zxing.portable", "Source\ZXing.Net\Source\lib\zxing.portable.csproj", "{24B441F2-CBE9-4405-9FD0-72EBCBEA0EC3}"
EndProject
Project("{FAE04EC0-301F-11D3-BF4B-00C04F79EFBC}") = "ZXing.Net.Mobile.Portable", "Source\ZXing.Net.Mobile.Portable\ZXing.Net.Mobile.Portable.csproj", "{78407906-99C6-42B0-A511-973FC78C58CB}"
EndProject
Project("{FAE04EC0-301F-11D3-BF4B-00C04F79EFBC}") = "ZXing.Net.Mobile.Android", "Source\ZXing.Net.Mobile.Android\ZXing.Net.Mobile.Android.csproj", "{AC17589E-C817-4FA8-B3EC-CCEB25E55E59}"
EndProject
Project("{FAE04EC0-301F-11D3-BF4B-00C04F79EFBC}") = "ZXing.Net.Mobile.iOS", "Source\ZXing.Net.Mobile.iOS\ZXing.Net.Mobile.iOS.csproj", "{6CBD1DF3-1FD3-4F20-80A2-A0C7414C411A}"
EndProject
Project("{FAE04EC0-301F-11D3-BF4B-00C04F79EFBC}") = "ZXing.Net.Mobile.WindowsUniversal", "Source\ZXing.Net.Mobile.WindowsUniversal\ZXing.Net.Mobile.WindowsUniversal.csproj", "{1B000BCA-4895-4ACF-A0C6-3ADF3A9BEDF2}"
EndProject
Project("{FAE04EC0-301F-11D3-BF4B-00C04F79EFBC}") = "ZXing.Net.Mobile.WindowsRT", "Source\ZXing.Net.Mobile.WindowsRT\ZXing.Net.Mobile.WindowsRT.csproj", "{10EB06B2-7231-40DF-8930-7781C82B65DB}"
EndProject
Project("{2150E333-8FDC-42A3-9474-1A3956D46DE8}") = "Libraries", "Libraries", "{EC2F2D7F-EA57-45A9-BD3E-7D8DA5A78FB1}"
EndProject
Project("{FAE04EC0-301F-11D3-BF4B-00C04F79EFBC}") = "ZXing.Net.Mobile.Core", "Source\ZXing.Net.Mobile.Core\ZXing.Net.Mobile.Core.csproj", "{7528DD0A-1781-47F4-ADBF-EEDDB011F6BB}"
EndProject
Global
	GlobalSection(SolutionConfigurationPlatforms) = preSolution
		Ad-Hoc|Any CPU = Ad-Hoc|Any CPU
		Ad-Hoc|ARM = Ad-Hoc|ARM
		Ad-Hoc|iPhone = Ad-Hoc|iPhone
		Ad-Hoc|iPhoneSimulator = Ad-Hoc|iPhoneSimulator
		Ad-Hoc|x64 = Ad-Hoc|x64
		Ad-Hoc|x86 = Ad-Hoc|x86
		AppStore|Any CPU = AppStore|Any CPU
		AppStore|ARM = AppStore|ARM
		AppStore|iPhone = AppStore|iPhone
		AppStore|iPhoneSimulator = AppStore|iPhoneSimulator
		AppStore|x64 = AppStore|x64
		AppStore|x86 = AppStore|x86
		Debug|Any CPU = Debug|Any CPU
		Debug|ARM = Debug|ARM
		Debug|iPhone = Debug|iPhone
		Debug|iPhoneSimulator = Debug|iPhoneSimulator
		Debug|x64 = Debug|x64
		Debug|x86 = Debug|x86
		Release|Any CPU = Release|Any CPU
		Release|ARM = Release|ARM
		Release|iPhone = Release|iPhone
		Release|iPhoneSimulator = Release|iPhoneSimulator
		Release|x64 = Release|x64
		Release|x86 = Release|x86
		ReleaseMac|Any CPU = ReleaseMac|Any CPU
		ReleaseMac|ARM = ReleaseMac|ARM
		ReleaseMac|iPhone = ReleaseMac|iPhone
		ReleaseMac|iPhoneSimulator = ReleaseMac|iPhoneSimulator
		ReleaseMac|x64 = ReleaseMac|x64
		ReleaseMac|x86 = ReleaseMac|x86
		ReleaseWin|Any CPU = ReleaseWin|Any CPU
		ReleaseWin|ARM = ReleaseWin|ARM
		ReleaseWin|iPhone = ReleaseWin|iPhone
		ReleaseWin|iPhoneSimulator = ReleaseWin|iPhoneSimulator
		ReleaseWin|x64 = ReleaseWin|x64
		ReleaseWin|x86 = ReleaseWin|x86
	EndGlobalSection
	GlobalSection(ProjectConfigurationPlatforms) = postSolution
		{24B441F2-CBE9-4405-9FD0-72EBCBEA0EC3}.Ad-Hoc|Any CPU.ActiveCfg = Release|Any CPU
		{24B441F2-CBE9-4405-9FD0-72EBCBEA0EC3}.Ad-Hoc|Any CPU.Build.0 = Release|Any CPU
		{24B441F2-CBE9-4405-9FD0-72EBCBEA0EC3}.Ad-Hoc|ARM.ActiveCfg = Release|Any CPU
		{24B441F2-CBE9-4405-9FD0-72EBCBEA0EC3}.Ad-Hoc|ARM.Build.0 = Release|Any CPU
		{24B441F2-CBE9-4405-9FD0-72EBCBEA0EC3}.Ad-Hoc|iPhone.ActiveCfg = Release|Any CPU
		{24B441F2-CBE9-4405-9FD0-72EBCBEA0EC3}.Ad-Hoc|iPhone.Build.0 = Release|Any CPU
		{24B441F2-CBE9-4405-9FD0-72EBCBEA0EC3}.Ad-Hoc|iPhoneSimulator.ActiveCfg = Release|Any CPU
		{24B441F2-CBE9-4405-9FD0-72EBCBEA0EC3}.Ad-Hoc|iPhoneSimulator.Build.0 = Release|Any CPU
		{24B441F2-CBE9-4405-9FD0-72EBCBEA0EC3}.Ad-Hoc|x64.ActiveCfg = Release|Any CPU
		{24B441F2-CBE9-4405-9FD0-72EBCBEA0EC3}.Ad-Hoc|x64.Build.0 = Release|Any CPU
		{24B441F2-CBE9-4405-9FD0-72EBCBEA0EC3}.Ad-Hoc|x86.ActiveCfg = Release|Any CPU
		{24B441F2-CBE9-4405-9FD0-72EBCBEA0EC3}.Ad-Hoc|x86.Build.0 = Release|Any CPU
		{24B441F2-CBE9-4405-9FD0-72EBCBEA0EC3}.AppStore|Any CPU.ActiveCfg = Release|Any CPU
		{24B441F2-CBE9-4405-9FD0-72EBCBEA0EC3}.AppStore|Any CPU.Build.0 = Release|Any CPU
		{24B441F2-CBE9-4405-9FD0-72EBCBEA0EC3}.AppStore|ARM.ActiveCfg = Release|Any CPU
		{24B441F2-CBE9-4405-9FD0-72EBCBEA0EC3}.AppStore|ARM.Build.0 = Release|Any CPU
		{24B441F2-CBE9-4405-9FD0-72EBCBEA0EC3}.AppStore|iPhone.ActiveCfg = Release|Any CPU
		{24B441F2-CBE9-4405-9FD0-72EBCBEA0EC3}.AppStore|iPhone.Build.0 = Release|Any CPU
		{24B441F2-CBE9-4405-9FD0-72EBCBEA0EC3}.AppStore|iPhoneSimulator.ActiveCfg = Release|Any CPU
		{24B441F2-CBE9-4405-9FD0-72EBCBEA0EC3}.AppStore|iPhoneSimulator.Build.0 = Release|Any CPU
		{24B441F2-CBE9-4405-9FD0-72EBCBEA0EC3}.AppStore|x64.ActiveCfg = Release|Any CPU
		{24B441F2-CBE9-4405-9FD0-72EBCBEA0EC3}.AppStore|x64.Build.0 = Release|Any CPU
		{24B441F2-CBE9-4405-9FD0-72EBCBEA0EC3}.AppStore|x86.ActiveCfg = Release|Any CPU
		{24B441F2-CBE9-4405-9FD0-72EBCBEA0EC3}.AppStore|x86.Build.0 = Release|Any CPU
		{24B441F2-CBE9-4405-9FD0-72EBCBEA0EC3}.Debug|Any CPU.ActiveCfg = Debug|Any CPU
		{24B441F2-CBE9-4405-9FD0-72EBCBEA0EC3}.Debug|Any CPU.Build.0 = Debug|Any CPU
		{24B441F2-CBE9-4405-9FD0-72EBCBEA0EC3}.Debug|ARM.ActiveCfg = Debug|Any CPU
		{24B441F2-CBE9-4405-9FD0-72EBCBEA0EC3}.Debug|ARM.Build.0 = Debug|Any CPU
		{24B441F2-CBE9-4405-9FD0-72EBCBEA0EC3}.Debug|iPhone.ActiveCfg = Debug|Any CPU
		{24B441F2-CBE9-4405-9FD0-72EBCBEA0EC3}.Debug|iPhone.Build.0 = Debug|Any CPU
		{24B441F2-CBE9-4405-9FD0-72EBCBEA0EC3}.Debug|iPhoneSimulator.ActiveCfg = Debug|Any CPU
		{24B441F2-CBE9-4405-9FD0-72EBCBEA0EC3}.Debug|iPhoneSimulator.Build.0 = Debug|Any CPU
		{24B441F2-CBE9-4405-9FD0-72EBCBEA0EC3}.Debug|x64.ActiveCfg = Debug|Any CPU
		{24B441F2-CBE9-4405-9FD0-72EBCBEA0EC3}.Debug|x64.Build.0 = Debug|Any CPU
		{24B441F2-CBE9-4405-9FD0-72EBCBEA0EC3}.Debug|x86.ActiveCfg = Debug|Any CPU
		{24B441F2-CBE9-4405-9FD0-72EBCBEA0EC3}.Debug|x86.Build.0 = Debug|Any CPU
		{24B441F2-CBE9-4405-9FD0-72EBCBEA0EC3}.Release|Any CPU.ActiveCfg = Release|Any CPU
		{24B441F2-CBE9-4405-9FD0-72EBCBEA0EC3}.Release|Any CPU.Build.0 = Release|Any CPU
		{24B441F2-CBE9-4405-9FD0-72EBCBEA0EC3}.Release|ARM.ActiveCfg = Release|Any CPU
		{24B441F2-CBE9-4405-9FD0-72EBCBEA0EC3}.Release|ARM.Build.0 = Release|Any CPU
		{24B441F2-CBE9-4405-9FD0-72EBCBEA0EC3}.Release|iPhone.ActiveCfg = Release|Any CPU
		{24B441F2-CBE9-4405-9FD0-72EBCBEA0EC3}.Release|iPhone.Build.0 = Release|Any CPU
		{24B441F2-CBE9-4405-9FD0-72EBCBEA0EC3}.Release|iPhoneSimulator.ActiveCfg = Release|Any CPU
		{24B441F2-CBE9-4405-9FD0-72EBCBEA0EC3}.Release|iPhoneSimulator.Build.0 = Release|Any CPU
		{24B441F2-CBE9-4405-9FD0-72EBCBEA0EC3}.Release|x64.ActiveCfg = Release|Any CPU
		{24B441F2-CBE9-4405-9FD0-72EBCBEA0EC3}.Release|x64.Build.0 = Release|Any CPU
		{24B441F2-CBE9-4405-9FD0-72EBCBEA0EC3}.Release|x86.ActiveCfg = Release|Any CPU
		{24B441F2-CBE9-4405-9FD0-72EBCBEA0EC3}.Release|x86.Build.0 = Release|Any CPU
		{24B441F2-CBE9-4405-9FD0-72EBCBEA0EC3}.ReleaseMac|Any CPU.ActiveCfg = Release|Any CPU
		{24B441F2-CBE9-4405-9FD0-72EBCBEA0EC3}.ReleaseMac|Any CPU.Build.0 = Release|Any CPU
		{24B441F2-CBE9-4405-9FD0-72EBCBEA0EC3}.ReleaseMac|ARM.ActiveCfg = Release|Any CPU
		{24B441F2-CBE9-4405-9FD0-72EBCBEA0EC3}.ReleaseMac|iPhone.ActiveCfg = Release|Any CPU
		{24B441F2-CBE9-4405-9FD0-72EBCBEA0EC3}.ReleaseMac|iPhoneSimulator.ActiveCfg = Release|Any CPU
		{24B441F2-CBE9-4405-9FD0-72EBCBEA0EC3}.ReleaseMac|x64.ActiveCfg = Release|Any CPU
		{24B441F2-CBE9-4405-9FD0-72EBCBEA0EC3}.ReleaseMac|x86.ActiveCfg = Release|Any CPU
		{24B441F2-CBE9-4405-9FD0-72EBCBEA0EC3}.ReleaseWin|Any CPU.ActiveCfg = Release|Any CPU
		{24B441F2-CBE9-4405-9FD0-72EBCBEA0EC3}.ReleaseWin|Any CPU.Build.0 = Release|Any CPU
		{24B441F2-CBE9-4405-9FD0-72EBCBEA0EC3}.ReleaseWin|ARM.ActiveCfg = Release|Any CPU
		{24B441F2-CBE9-4405-9FD0-72EBCBEA0EC3}.ReleaseWin|iPhone.ActiveCfg = Release|Any CPU
		{24B441F2-CBE9-4405-9FD0-72EBCBEA0EC3}.ReleaseWin|iPhoneSimulator.ActiveCfg = Release|Any CPU
		{24B441F2-CBE9-4405-9FD0-72EBCBEA0EC3}.ReleaseWin|x64.ActiveCfg = Release|Any CPU
		{24B441F2-CBE9-4405-9FD0-72EBCBEA0EC3}.ReleaseWin|x86.ActiveCfg = Release|Any CPU
		{78407906-99C6-42B0-A511-973FC78C58CB}.Ad-Hoc|Any CPU.ActiveCfg = Release|Any CPU
		{78407906-99C6-42B0-A511-973FC78C58CB}.Ad-Hoc|Any CPU.Build.0 = Release|Any CPU
		{78407906-99C6-42B0-A511-973FC78C58CB}.Ad-Hoc|ARM.ActiveCfg = Release|Any CPU
		{78407906-99C6-42B0-A511-973FC78C58CB}.Ad-Hoc|ARM.Build.0 = Release|Any CPU
		{78407906-99C6-42B0-A511-973FC78C58CB}.Ad-Hoc|iPhone.ActiveCfg = Release|Any CPU
		{78407906-99C6-42B0-A511-973FC78C58CB}.Ad-Hoc|iPhone.Build.0 = Release|Any CPU
		{78407906-99C6-42B0-A511-973FC78C58CB}.Ad-Hoc|iPhoneSimulator.ActiveCfg = Release|Any CPU
		{78407906-99C6-42B0-A511-973FC78C58CB}.Ad-Hoc|iPhoneSimulator.Build.0 = Release|Any CPU
		{78407906-99C6-42B0-A511-973FC78C58CB}.Ad-Hoc|x64.ActiveCfg = Release|Any CPU
		{78407906-99C6-42B0-A511-973FC78C58CB}.Ad-Hoc|x64.Build.0 = Release|Any CPU
		{78407906-99C6-42B0-A511-973FC78C58CB}.Ad-Hoc|x86.ActiveCfg = Release|Any CPU
		{78407906-99C6-42B0-A511-973FC78C58CB}.Ad-Hoc|x86.Build.0 = Release|Any CPU
		{78407906-99C6-42B0-A511-973FC78C58CB}.AppStore|Any CPU.ActiveCfg = Release|Any CPU
		{78407906-99C6-42B0-A511-973FC78C58CB}.AppStore|Any CPU.Build.0 = Release|Any CPU
		{78407906-99C6-42B0-A511-973FC78C58CB}.AppStore|ARM.ActiveCfg = Release|Any CPU
		{78407906-99C6-42B0-A511-973FC78C58CB}.AppStore|ARM.Build.0 = Release|Any CPU
		{78407906-99C6-42B0-A511-973FC78C58CB}.AppStore|iPhone.ActiveCfg = Release|Any CPU
		{78407906-99C6-42B0-A511-973FC78C58CB}.AppStore|iPhone.Build.0 = Release|Any CPU
		{78407906-99C6-42B0-A511-973FC78C58CB}.AppStore|iPhoneSimulator.ActiveCfg = Release|Any CPU
		{78407906-99C6-42B0-A511-973FC78C58CB}.AppStore|iPhoneSimulator.Build.0 = Release|Any CPU
		{78407906-99C6-42B0-A511-973FC78C58CB}.AppStore|x64.ActiveCfg = Release|Any CPU
		{78407906-99C6-42B0-A511-973FC78C58CB}.AppStore|x64.Build.0 = Release|Any CPU
		{78407906-99C6-42B0-A511-973FC78C58CB}.AppStore|x86.ActiveCfg = Release|Any CPU
		{78407906-99C6-42B0-A511-973FC78C58CB}.AppStore|x86.Build.0 = Release|Any CPU
		{78407906-99C6-42B0-A511-973FC78C58CB}.Debug|Any CPU.ActiveCfg = Debug|Any CPU
		{78407906-99C6-42B0-A511-973FC78C58CB}.Debug|Any CPU.Build.0 = Debug|Any CPU
		{78407906-99C6-42B0-A511-973FC78C58CB}.Debug|ARM.ActiveCfg = Debug|Any CPU
		{78407906-99C6-42B0-A511-973FC78C58CB}.Debug|ARM.Build.0 = Debug|Any CPU
		{78407906-99C6-42B0-A511-973FC78C58CB}.Debug|iPhone.ActiveCfg = Debug|Any CPU
		{78407906-99C6-42B0-A511-973FC78C58CB}.Debug|iPhone.Build.0 = Debug|Any CPU
		{78407906-99C6-42B0-A511-973FC78C58CB}.Debug|iPhoneSimulator.ActiveCfg = Debug|Any CPU
		{78407906-99C6-42B0-A511-973FC78C58CB}.Debug|iPhoneSimulator.Build.0 = Debug|Any CPU
		{78407906-99C6-42B0-A511-973FC78C58CB}.Debug|x64.ActiveCfg = Debug|Any CPU
		{78407906-99C6-42B0-A511-973FC78C58CB}.Debug|x64.Build.0 = Debug|Any CPU
		{78407906-99C6-42B0-A511-973FC78C58CB}.Debug|x86.ActiveCfg = Debug|Any CPU
		{78407906-99C6-42B0-A511-973FC78C58CB}.Debug|x86.Build.0 = Debug|Any CPU
		{78407906-99C6-42B0-A511-973FC78C58CB}.Release|Any CPU.ActiveCfg = Release|Any CPU
		{78407906-99C6-42B0-A511-973FC78C58CB}.Release|Any CPU.Build.0 = Release|Any CPU
		{78407906-99C6-42B0-A511-973FC78C58CB}.Release|ARM.ActiveCfg = Release|Any CPU
		{78407906-99C6-42B0-A511-973FC78C58CB}.Release|ARM.Build.0 = Release|Any CPU
		{78407906-99C6-42B0-A511-973FC78C58CB}.Release|iPhone.ActiveCfg = Release|Any CPU
		{78407906-99C6-42B0-A511-973FC78C58CB}.Release|iPhone.Build.0 = Release|Any CPU
		{78407906-99C6-42B0-A511-973FC78C58CB}.Release|iPhoneSimulator.ActiveCfg = Release|Any CPU
		{78407906-99C6-42B0-A511-973FC78C58CB}.Release|iPhoneSimulator.Build.0 = Release|Any CPU
		{78407906-99C6-42B0-A511-973FC78C58CB}.Release|x64.ActiveCfg = Release|Any CPU
		{78407906-99C6-42B0-A511-973FC78C58CB}.Release|x64.Build.0 = Release|Any CPU
		{78407906-99C6-42B0-A511-973FC78C58CB}.Release|x86.ActiveCfg = Release|Any CPU
		{78407906-99C6-42B0-A511-973FC78C58CB}.Release|x86.Build.0 = Release|Any CPU
		{78407906-99C6-42B0-A511-973FC78C58CB}.ReleaseMac|Any CPU.ActiveCfg = Release|Any CPU
		{78407906-99C6-42B0-A511-973FC78C58CB}.ReleaseMac|Any CPU.Build.0 = Release|Any CPU
		{78407906-99C6-42B0-A511-973FC78C58CB}.ReleaseMac|ARM.ActiveCfg = Release|Any CPU
		{78407906-99C6-42B0-A511-973FC78C58CB}.ReleaseMac|iPhone.ActiveCfg = Release|Any CPU
		{78407906-99C6-42B0-A511-973FC78C58CB}.ReleaseMac|iPhoneSimulator.ActiveCfg = Release|Any CPU
		{78407906-99C6-42B0-A511-973FC78C58CB}.ReleaseMac|x64.ActiveCfg = Release|Any CPU
		{78407906-99C6-42B0-A511-973FC78C58CB}.ReleaseMac|x86.ActiveCfg = Release|Any CPU
		{78407906-99C6-42B0-A511-973FC78C58CB}.ReleaseWin|Any CPU.ActiveCfg = Release|Any CPU
		{78407906-99C6-42B0-A511-973FC78C58CB}.ReleaseWin|Any CPU.Build.0 = Release|Any CPU
		{78407906-99C6-42B0-A511-973FC78C58CB}.ReleaseWin|ARM.ActiveCfg = Release|Any CPU
		{78407906-99C6-42B0-A511-973FC78C58CB}.ReleaseWin|iPhone.ActiveCfg = Release|Any CPU
		{78407906-99C6-42B0-A511-973FC78C58CB}.ReleaseWin|iPhoneSimulator.ActiveCfg = Release|Any CPU
		{78407906-99C6-42B0-A511-973FC78C58CB}.ReleaseWin|x64.ActiveCfg = Release|Any CPU
		{78407906-99C6-42B0-A511-973FC78C58CB}.ReleaseWin|x86.ActiveCfg = Release|Any CPU
		{AC17589E-C817-4FA8-B3EC-CCEB25E55E59}.Ad-Hoc|Any CPU.ActiveCfg = Release|Any CPU
		{AC17589E-C817-4FA8-B3EC-CCEB25E55E59}.Ad-Hoc|Any CPU.Build.0 = Release|Any CPU
		{AC17589E-C817-4FA8-B3EC-CCEB25E55E59}.Ad-Hoc|ARM.ActiveCfg = Release|Any CPU
		{AC17589E-C817-4FA8-B3EC-CCEB25E55E59}.Ad-Hoc|ARM.Build.0 = Release|Any CPU
		{AC17589E-C817-4FA8-B3EC-CCEB25E55E59}.Ad-Hoc|iPhone.ActiveCfg = Release|Any CPU
		{AC17589E-C817-4FA8-B3EC-CCEB25E55E59}.Ad-Hoc|iPhone.Build.0 = Release|Any CPU
		{AC17589E-C817-4FA8-B3EC-CCEB25E55E59}.Ad-Hoc|iPhoneSimulator.ActiveCfg = Release|Any CPU
		{AC17589E-C817-4FA8-B3EC-CCEB25E55E59}.Ad-Hoc|iPhoneSimulator.Build.0 = Release|Any CPU
		{AC17589E-C817-4FA8-B3EC-CCEB25E55E59}.Ad-Hoc|x64.ActiveCfg = Release|Any CPU
		{AC17589E-C817-4FA8-B3EC-CCEB25E55E59}.Ad-Hoc|x64.Build.0 = Release|Any CPU
		{AC17589E-C817-4FA8-B3EC-CCEB25E55E59}.Ad-Hoc|x86.ActiveCfg = Release|Any CPU
		{AC17589E-C817-4FA8-B3EC-CCEB25E55E59}.Ad-Hoc|x86.Build.0 = Release|Any CPU
		{AC17589E-C817-4FA8-B3EC-CCEB25E55E59}.AppStore|Any CPU.ActiveCfg = Release|Any CPU
		{AC17589E-C817-4FA8-B3EC-CCEB25E55E59}.AppStore|Any CPU.Build.0 = Release|Any CPU
		{AC17589E-C817-4FA8-B3EC-CCEB25E55E59}.AppStore|ARM.ActiveCfg = Release|Any CPU
		{AC17589E-C817-4FA8-B3EC-CCEB25E55E59}.AppStore|ARM.Build.0 = Release|Any CPU
		{AC17589E-C817-4FA8-B3EC-CCEB25E55E59}.AppStore|iPhone.ActiveCfg = Release|Any CPU
		{AC17589E-C817-4FA8-B3EC-CCEB25E55E59}.AppStore|iPhone.Build.0 = Release|Any CPU
		{AC17589E-C817-4FA8-B3EC-CCEB25E55E59}.AppStore|iPhoneSimulator.ActiveCfg = Release|Any CPU
		{AC17589E-C817-4FA8-B3EC-CCEB25E55E59}.AppStore|iPhoneSimulator.Build.0 = Release|Any CPU
		{AC17589E-C817-4FA8-B3EC-CCEB25E55E59}.AppStore|x64.ActiveCfg = Release|Any CPU
		{AC17589E-C817-4FA8-B3EC-CCEB25E55E59}.AppStore|x64.Build.0 = Release|Any CPU
		{AC17589E-C817-4FA8-B3EC-CCEB25E55E59}.AppStore|x86.ActiveCfg = Release|Any CPU
		{AC17589E-C817-4FA8-B3EC-CCEB25E55E59}.AppStore|x86.Build.0 = Release|Any CPU
		{AC17589E-C817-4FA8-B3EC-CCEB25E55E59}.Debug|Any CPU.ActiveCfg = Debug|Any CPU
		{AC17589E-C817-4FA8-B3EC-CCEB25E55E59}.Debug|Any CPU.Build.0 = Debug|Any CPU
		{AC17589E-C817-4FA8-B3EC-CCEB25E55E59}.Debug|ARM.ActiveCfg = Debug|Any CPU
		{AC17589E-C817-4FA8-B3EC-CCEB25E55E59}.Debug|ARM.Build.0 = Debug|Any CPU
		{AC17589E-C817-4FA8-B3EC-CCEB25E55E59}.Debug|iPhone.ActiveCfg = Debug|Any CPU
		{AC17589E-C817-4FA8-B3EC-CCEB25E55E59}.Debug|iPhone.Build.0 = Debug|Any CPU
		{AC17589E-C817-4FA8-B3EC-CCEB25E55E59}.Debug|iPhoneSimulator.ActiveCfg = Debug|Any CPU
		{AC17589E-C817-4FA8-B3EC-CCEB25E55E59}.Debug|iPhoneSimulator.Build.0 = Debug|Any CPU
		{AC17589E-C817-4FA8-B3EC-CCEB25E55E59}.Debug|x64.ActiveCfg = Debug|Any CPU
		{AC17589E-C817-4FA8-B3EC-CCEB25E55E59}.Debug|x64.Build.0 = Debug|Any CPU
		{AC17589E-C817-4FA8-B3EC-CCEB25E55E59}.Debug|x86.ActiveCfg = Debug|Any CPU
		{AC17589E-C817-4FA8-B3EC-CCEB25E55E59}.Debug|x86.Build.0 = Debug|Any CPU
		{AC17589E-C817-4FA8-B3EC-CCEB25E55E59}.Release|Any CPU.ActiveCfg = Release|Any CPU
		{AC17589E-C817-4FA8-B3EC-CCEB25E55E59}.Release|Any CPU.Build.0 = Release|Any CPU
		{AC17589E-C817-4FA8-B3EC-CCEB25E55E59}.Release|ARM.ActiveCfg = Release|Any CPU
		{AC17589E-C817-4FA8-B3EC-CCEB25E55E59}.Release|ARM.Build.0 = Release|Any CPU
		{AC17589E-C817-4FA8-B3EC-CCEB25E55E59}.Release|iPhone.ActiveCfg = Release|Any CPU
		{AC17589E-C817-4FA8-B3EC-CCEB25E55E59}.Release|iPhone.Build.0 = Release|Any CPU
		{AC17589E-C817-4FA8-B3EC-CCEB25E55E59}.Release|iPhoneSimulator.ActiveCfg = Release|Any CPU
		{AC17589E-C817-4FA8-B3EC-CCEB25E55E59}.Release|iPhoneSimulator.Build.0 = Release|Any CPU
		{AC17589E-C817-4FA8-B3EC-CCEB25E55E59}.Release|x64.ActiveCfg = Release|Any CPU
		{AC17589E-C817-4FA8-B3EC-CCEB25E55E59}.Release|x64.Build.0 = Release|Any CPU
		{AC17589E-C817-4FA8-B3EC-CCEB25E55E59}.Release|x86.ActiveCfg = Release|Any CPU
		{AC17589E-C817-4FA8-B3EC-CCEB25E55E59}.Release|x86.Build.0 = Release|Any CPU
		{AC17589E-C817-4FA8-B3EC-CCEB25E55E59}.ReleaseMac|Any CPU.ActiveCfg = Release|Any CPU
		{AC17589E-C817-4FA8-B3EC-CCEB25E55E59}.ReleaseMac|Any CPU.Build.0 = Release|Any CPU
		{AC17589E-C817-4FA8-B3EC-CCEB25E55E59}.ReleaseMac|ARM.ActiveCfg = Release|Any CPU
		{AC17589E-C817-4FA8-B3EC-CCEB25E55E59}.ReleaseMac|iPhone.ActiveCfg = Release|Any CPU
		{AC17589E-C817-4FA8-B3EC-CCEB25E55E59}.ReleaseMac|iPhoneSimulator.ActiveCfg = Release|Any CPU
		{AC17589E-C817-4FA8-B3EC-CCEB25E55E59}.ReleaseMac|x64.ActiveCfg = Release|Any CPU
		{AC17589E-C817-4FA8-B3EC-CCEB25E55E59}.ReleaseMac|x86.ActiveCfg = Release|Any CPU
		{AC17589E-C817-4FA8-B3EC-CCEB25E55E59}.ReleaseWin|Any CPU.ActiveCfg = Release|Any CPU
		{AC17589E-C817-4FA8-B3EC-CCEB25E55E59}.ReleaseWin|Any CPU.Build.0 = Release|Any CPU
		{AC17589E-C817-4FA8-B3EC-CCEB25E55E59}.ReleaseWin|ARM.ActiveCfg = Release|Any CPU
		{AC17589E-C817-4FA8-B3EC-CCEB25E55E59}.ReleaseWin|iPhone.ActiveCfg = Release|Any CPU
		{AC17589E-C817-4FA8-B3EC-CCEB25E55E59}.ReleaseWin|iPhoneSimulator.ActiveCfg = Release|Any CPU
		{AC17589E-C817-4FA8-B3EC-CCEB25E55E59}.ReleaseWin|x64.ActiveCfg = Release|Any CPU
		{AC17589E-C817-4FA8-B3EC-CCEB25E55E59}.ReleaseWin|x86.ActiveCfg = Release|Any CPU
		{6CBD1DF3-1FD3-4F20-80A2-A0C7414C411A}.Ad-Hoc|Any CPU.ActiveCfg = Release|iPhone
		{6CBD1DF3-1FD3-4F20-80A2-A0C7414C411A}.Ad-Hoc|Any CPU.Build.0 = Release|iPhone
		{6CBD1DF3-1FD3-4F20-80A2-A0C7414C411A}.Ad-Hoc|ARM.ActiveCfg = Release|iPhone
		{6CBD1DF3-1FD3-4F20-80A2-A0C7414C411A}.Ad-Hoc|ARM.Build.0 = Release|iPhone
		{6CBD1DF3-1FD3-4F20-80A2-A0C7414C411A}.Ad-Hoc|iPhone.ActiveCfg = Release|iPhone
		{6CBD1DF3-1FD3-4F20-80A2-A0C7414C411A}.Ad-Hoc|iPhone.Build.0 = Release|iPhone
		{6CBD1DF3-1FD3-4F20-80A2-A0C7414C411A}.Ad-Hoc|iPhoneSimulator.ActiveCfg = Release|iPhoneSimulator
		{6CBD1DF3-1FD3-4F20-80A2-A0C7414C411A}.Ad-Hoc|iPhoneSimulator.Build.0 = Release|iPhoneSimulator
		{6CBD1DF3-1FD3-4F20-80A2-A0C7414C411A}.Ad-Hoc|x64.ActiveCfg = Release|iPhone
		{6CBD1DF3-1FD3-4F20-80A2-A0C7414C411A}.Ad-Hoc|x64.Build.0 = Release|iPhone
		{6CBD1DF3-1FD3-4F20-80A2-A0C7414C411A}.Ad-Hoc|x86.ActiveCfg = Release|iPhone
		{6CBD1DF3-1FD3-4F20-80A2-A0C7414C411A}.Ad-Hoc|x86.Build.0 = Release|iPhone
		{6CBD1DF3-1FD3-4F20-80A2-A0C7414C411A}.AppStore|Any CPU.ActiveCfg = Release|iPhone
		{6CBD1DF3-1FD3-4F20-80A2-A0C7414C411A}.AppStore|Any CPU.Build.0 = Release|iPhone
		{6CBD1DF3-1FD3-4F20-80A2-A0C7414C411A}.AppStore|ARM.ActiveCfg = Release|iPhone
		{6CBD1DF3-1FD3-4F20-80A2-A0C7414C411A}.AppStore|ARM.Build.0 = Release|iPhone
		{6CBD1DF3-1FD3-4F20-80A2-A0C7414C411A}.AppStore|iPhone.ActiveCfg = Release|iPhone
		{6CBD1DF3-1FD3-4F20-80A2-A0C7414C411A}.AppStore|iPhone.Build.0 = Release|iPhone
		{6CBD1DF3-1FD3-4F20-80A2-A0C7414C411A}.AppStore|iPhoneSimulator.ActiveCfg = Release|iPhoneSimulator
		{6CBD1DF3-1FD3-4F20-80A2-A0C7414C411A}.AppStore|iPhoneSimulator.Build.0 = Release|iPhoneSimulator
		{6CBD1DF3-1FD3-4F20-80A2-A0C7414C411A}.AppStore|x64.ActiveCfg = Release|iPhone
		{6CBD1DF3-1FD3-4F20-80A2-A0C7414C411A}.AppStore|x64.Build.0 = Release|iPhone
		{6CBD1DF3-1FD3-4F20-80A2-A0C7414C411A}.AppStore|x86.ActiveCfg = Release|iPhone
		{6CBD1DF3-1FD3-4F20-80A2-A0C7414C411A}.AppStore|x86.Build.0 = Release|iPhone
		{6CBD1DF3-1FD3-4F20-80A2-A0C7414C411A}.Debug|Any CPU.ActiveCfg = Debug|iPhone
		{6CBD1DF3-1FD3-4F20-80A2-A0C7414C411A}.Debug|ARM.ActiveCfg = Debug|iPhone
		{6CBD1DF3-1FD3-4F20-80A2-A0C7414C411A}.Debug|iPhone.ActiveCfg = Debug|iPhone
		{6CBD1DF3-1FD3-4F20-80A2-A0C7414C411A}.Debug|iPhone.Build.0 = Debug|iPhone
		{6CBD1DF3-1FD3-4F20-80A2-A0C7414C411A}.Debug|iPhoneSimulator.ActiveCfg = Debug|iPhoneSimulator
		{6CBD1DF3-1FD3-4F20-80A2-A0C7414C411A}.Debug|iPhoneSimulator.Build.0 = Debug|iPhoneSimulator
		{6CBD1DF3-1FD3-4F20-80A2-A0C7414C411A}.Debug|x64.ActiveCfg = Debug|iPhone
		{6CBD1DF3-1FD3-4F20-80A2-A0C7414C411A}.Debug|x86.ActiveCfg = Debug|iPhone
		{6CBD1DF3-1FD3-4F20-80A2-A0C7414C411A}.Release|Any CPU.ActiveCfg = Release|iPhone
		{6CBD1DF3-1FD3-4F20-80A2-A0C7414C411A}.Release|ARM.ActiveCfg = Release|iPhone
		{6CBD1DF3-1FD3-4F20-80A2-A0C7414C411A}.Release|iPhone.ActiveCfg = Release|iPhone
		{6CBD1DF3-1FD3-4F20-80A2-A0C7414C411A}.Release|iPhone.Build.0 = Release|iPhone
		{6CBD1DF3-1FD3-4F20-80A2-A0C7414C411A}.Release|iPhoneSimulator.ActiveCfg = Release|iPhoneSimulator
		{6CBD1DF3-1FD3-4F20-80A2-A0C7414C411A}.Release|iPhoneSimulator.Build.0 = Release|iPhoneSimulator
		{6CBD1DF3-1FD3-4F20-80A2-A0C7414C411A}.Release|x64.ActiveCfg = Release|iPhone
		{6CBD1DF3-1FD3-4F20-80A2-A0C7414C411A}.Release|x86.ActiveCfg = Release|iPhone
		{6CBD1DF3-1FD3-4F20-80A2-A0C7414C411A}.ReleaseMac|Any CPU.ActiveCfg = Release|iPhone
		{6CBD1DF3-1FD3-4F20-80A2-A0C7414C411A}.ReleaseMac|Any CPU.Build.0 = Release|iPhone
		{6CBD1DF3-1FD3-4F20-80A2-A0C7414C411A}.ReleaseMac|ARM.ActiveCfg = Debug|iPhoneSimulator
		{6CBD1DF3-1FD3-4F20-80A2-A0C7414C411A}.ReleaseMac|iPhone.ActiveCfg = Release|iPhone
		{6CBD1DF3-1FD3-4F20-80A2-A0C7414C411A}.ReleaseMac|iPhoneSimulator.ActiveCfg = Release|iPhoneSimulator
		{6CBD1DF3-1FD3-4F20-80A2-A0C7414C411A}.ReleaseMac|x64.ActiveCfg = Debug|iPhoneSimulator
		{6CBD1DF3-1FD3-4F20-80A2-A0C7414C411A}.ReleaseMac|x86.ActiveCfg = Debug|iPhoneSimulator
		{6CBD1DF3-1FD3-4F20-80A2-A0C7414C411A}.ReleaseWin|Any CPU.ActiveCfg = Release|iPhone
		{6CBD1DF3-1FD3-4F20-80A2-A0C7414C411A}.ReleaseWin|Any CPU.Build.0 = Release|iPhone
		{6CBD1DF3-1FD3-4F20-80A2-A0C7414C411A}.ReleaseWin|ARM.ActiveCfg = Debug|iPhoneSimulator
		{6CBD1DF3-1FD3-4F20-80A2-A0C7414C411A}.ReleaseWin|iPhone.ActiveCfg = Release|iPhone
		{6CBD1DF3-1FD3-4F20-80A2-A0C7414C411A}.ReleaseWin|iPhoneSimulator.ActiveCfg = Release|iPhoneSimulator
		{6CBD1DF3-1FD3-4F20-80A2-A0C7414C411A}.ReleaseWin|x64.ActiveCfg = Debug|iPhoneSimulator
		{6CBD1DF3-1FD3-4F20-80A2-A0C7414C411A}.ReleaseWin|x86.ActiveCfg = Debug|iPhoneSimulator
		{1B000BCA-4895-4ACF-A0C6-3ADF3A9BEDF2}.Ad-Hoc|Any CPU.ActiveCfg = Release|Any CPU
		{1B000BCA-4895-4ACF-A0C6-3ADF3A9BEDF2}.Ad-Hoc|Any CPU.Build.0 = Release|Any CPU
		{1B000BCA-4895-4ACF-A0C6-3ADF3A9BEDF2}.Ad-Hoc|ARM.ActiveCfg = Release|ARM
		{1B000BCA-4895-4ACF-A0C6-3ADF3A9BEDF2}.Ad-Hoc|ARM.Build.0 = Release|ARM
		{1B000BCA-4895-4ACF-A0C6-3ADF3A9BEDF2}.Ad-Hoc|iPhone.ActiveCfg = Release|Any CPU
		{1B000BCA-4895-4ACF-A0C6-3ADF3A9BEDF2}.Ad-Hoc|iPhone.Build.0 = Release|Any CPU
		{1B000BCA-4895-4ACF-A0C6-3ADF3A9BEDF2}.Ad-Hoc|iPhoneSimulator.ActiveCfg = Release|Any CPU
		{1B000BCA-4895-4ACF-A0C6-3ADF3A9BEDF2}.Ad-Hoc|iPhoneSimulator.Build.0 = Release|Any CPU
		{1B000BCA-4895-4ACF-A0C6-3ADF3A9BEDF2}.Ad-Hoc|x64.ActiveCfg = Release|x64
		{1B000BCA-4895-4ACF-A0C6-3ADF3A9BEDF2}.Ad-Hoc|x64.Build.0 = Release|x64
		{1B000BCA-4895-4ACF-A0C6-3ADF3A9BEDF2}.Ad-Hoc|x86.ActiveCfg = Release|x86
		{1B000BCA-4895-4ACF-A0C6-3ADF3A9BEDF2}.Ad-Hoc|x86.Build.0 = Release|x86
		{1B000BCA-4895-4ACF-A0C6-3ADF3A9BEDF2}.AppStore|Any CPU.ActiveCfg = Release|Any CPU
		{1B000BCA-4895-4ACF-A0C6-3ADF3A9BEDF2}.AppStore|Any CPU.Build.0 = Release|Any CPU
		{1B000BCA-4895-4ACF-A0C6-3ADF3A9BEDF2}.AppStore|ARM.ActiveCfg = Release|ARM
		{1B000BCA-4895-4ACF-A0C6-3ADF3A9BEDF2}.AppStore|ARM.Build.0 = Release|ARM
		{1B000BCA-4895-4ACF-A0C6-3ADF3A9BEDF2}.AppStore|iPhone.ActiveCfg = Release|Any CPU
		{1B000BCA-4895-4ACF-A0C6-3ADF3A9BEDF2}.AppStore|iPhone.Build.0 = Release|Any CPU
		{1B000BCA-4895-4ACF-A0C6-3ADF3A9BEDF2}.AppStore|iPhoneSimulator.ActiveCfg = Release|Any CPU
		{1B000BCA-4895-4ACF-A0C6-3ADF3A9BEDF2}.AppStore|iPhoneSimulator.Build.0 = Release|Any CPU
		{1B000BCA-4895-4ACF-A0C6-3ADF3A9BEDF2}.AppStore|x64.ActiveCfg = Release|x64
		{1B000BCA-4895-4ACF-A0C6-3ADF3A9BEDF2}.AppStore|x64.Build.0 = Release|x64
		{1B000BCA-4895-4ACF-A0C6-3ADF3A9BEDF2}.AppStore|x86.ActiveCfg = Release|x86
		{1B000BCA-4895-4ACF-A0C6-3ADF3A9BEDF2}.AppStore|x86.Build.0 = Release|x86
		{1B000BCA-4895-4ACF-A0C6-3ADF3A9BEDF2}.Debug|Any CPU.ActiveCfg = Debug|Any CPU
		{1B000BCA-4895-4ACF-A0C6-3ADF3A9BEDF2}.Debug|Any CPU.Build.0 = Debug|Any CPU
		{1B000BCA-4895-4ACF-A0C6-3ADF3A9BEDF2}.Debug|ARM.ActiveCfg = Debug|ARM
		{1B000BCA-4895-4ACF-A0C6-3ADF3A9BEDF2}.Debug|ARM.Build.0 = Debug|ARM
		{1B000BCA-4895-4ACF-A0C6-3ADF3A9BEDF2}.Debug|iPhone.ActiveCfg = Debug|Any CPU
		{1B000BCA-4895-4ACF-A0C6-3ADF3A9BEDF2}.Debug|iPhone.Build.0 = Debug|Any CPU
		{1B000BCA-4895-4ACF-A0C6-3ADF3A9BEDF2}.Debug|iPhoneSimulator.ActiveCfg = Debug|Any CPU
		{1B000BCA-4895-4ACF-A0C6-3ADF3A9BEDF2}.Debug|iPhoneSimulator.Build.0 = Debug|Any CPU
		{1B000BCA-4895-4ACF-A0C6-3ADF3A9BEDF2}.Debug|x64.ActiveCfg = Debug|x64
		{1B000BCA-4895-4ACF-A0C6-3ADF3A9BEDF2}.Debug|x64.Build.0 = Debug|x64
		{1B000BCA-4895-4ACF-A0C6-3ADF3A9BEDF2}.Debug|x86.ActiveCfg = Debug|x86
		{1B000BCA-4895-4ACF-A0C6-3ADF3A9BEDF2}.Debug|x86.Build.0 = Debug|x86
		{1B000BCA-4895-4ACF-A0C6-3ADF3A9BEDF2}.Release|Any CPU.ActiveCfg = Release|Any CPU
		{1B000BCA-4895-4ACF-A0C6-3ADF3A9BEDF2}.Release|Any CPU.Build.0 = Release|Any CPU
		{1B000BCA-4895-4ACF-A0C6-3ADF3A9BEDF2}.Release|ARM.ActiveCfg = Release|ARM
		{1B000BCA-4895-4ACF-A0C6-3ADF3A9BEDF2}.Release|ARM.Build.0 = Release|ARM
		{1B000BCA-4895-4ACF-A0C6-3ADF3A9BEDF2}.Release|iPhone.ActiveCfg = Release|Any CPU
		{1B000BCA-4895-4ACF-A0C6-3ADF3A9BEDF2}.Release|iPhone.Build.0 = Release|Any CPU
		{1B000BCA-4895-4ACF-A0C6-3ADF3A9BEDF2}.Release|iPhoneSimulator.ActiveCfg = Release|Any CPU
		{1B000BCA-4895-4ACF-A0C6-3ADF3A9BEDF2}.Release|iPhoneSimulator.Build.0 = Release|Any CPU
		{1B000BCA-4895-4ACF-A0C6-3ADF3A9BEDF2}.Release|x64.ActiveCfg = Release|x64
		{1B000BCA-4895-4ACF-A0C6-3ADF3A9BEDF2}.Release|x64.Build.0 = Release|x64
		{1B000BCA-4895-4ACF-A0C6-3ADF3A9BEDF2}.Release|x86.ActiveCfg = Release|x86
		{1B000BCA-4895-4ACF-A0C6-3ADF3A9BEDF2}.Release|x86.Build.0 = Release|x86
		{1B000BCA-4895-4ACF-A0C6-3ADF3A9BEDF2}.ReleaseMac|Any CPU.ActiveCfg = Release|Any CPU
		{1B000BCA-4895-4ACF-A0C6-3ADF3A9BEDF2}.ReleaseMac|ARM.ActiveCfg = Release|ARM
		{1B000BCA-4895-4ACF-A0C6-3ADF3A9BEDF2}.ReleaseMac|ARM.Build.0 = Release|ARM
		{1B000BCA-4895-4ACF-A0C6-3ADF3A9BEDF2}.ReleaseMac|iPhone.ActiveCfg = Release|Any CPU
		{1B000BCA-4895-4ACF-A0C6-3ADF3A9BEDF2}.ReleaseMac|iPhone.Build.0 = Release|Any CPU
		{1B000BCA-4895-4ACF-A0C6-3ADF3A9BEDF2}.ReleaseMac|iPhoneSimulator.ActiveCfg = Release|Any CPU
		{1B000BCA-4895-4ACF-A0C6-3ADF3A9BEDF2}.ReleaseMac|iPhoneSimulator.Build.0 = Release|Any CPU
		{1B000BCA-4895-4ACF-A0C6-3ADF3A9BEDF2}.ReleaseMac|x64.ActiveCfg = Release|x64
		{1B000BCA-4895-4ACF-A0C6-3ADF3A9BEDF2}.ReleaseMac|x64.Build.0 = Release|x64
		{1B000BCA-4895-4ACF-A0C6-3ADF3A9BEDF2}.ReleaseMac|x86.ActiveCfg = Release|x86
		{1B000BCA-4895-4ACF-A0C6-3ADF3A9BEDF2}.ReleaseMac|x86.Build.0 = Release|x86
		{1B000BCA-4895-4ACF-A0C6-3ADF3A9BEDF2}.ReleaseWin|Any CPU.ActiveCfg = Release|Any CPU
		{1B000BCA-4895-4ACF-A0C6-3ADF3A9BEDF2}.ReleaseWin|Any CPU.Build.0 = Release|Any CPU
		{1B000BCA-4895-4ACF-A0C6-3ADF3A9BEDF2}.ReleaseWin|ARM.ActiveCfg = Release|ARM
		{1B000BCA-4895-4ACF-A0C6-3ADF3A9BEDF2}.ReleaseWin|ARM.Build.0 = Release|ARM
		{1B000BCA-4895-4ACF-A0C6-3ADF3A9BEDF2}.ReleaseWin|iPhone.ActiveCfg = Release|Any CPU
		{1B000BCA-4895-4ACF-A0C6-3ADF3A9BEDF2}.ReleaseWin|iPhone.Build.0 = Release|Any CPU
		{1B000BCA-4895-4ACF-A0C6-3ADF3A9BEDF2}.ReleaseWin|iPhoneSimulator.ActiveCfg = Release|Any CPU
		{1B000BCA-4895-4ACF-A0C6-3ADF3A9BEDF2}.ReleaseWin|iPhoneSimulator.Build.0 = Release|Any CPU
		{1B000BCA-4895-4ACF-A0C6-3ADF3A9BEDF2}.ReleaseWin|x64.ActiveCfg = Release|x64
		{1B000BCA-4895-4ACF-A0C6-3ADF3A9BEDF2}.ReleaseWin|x64.Build.0 = Release|x64
		{1B000BCA-4895-4ACF-A0C6-3ADF3A9BEDF2}.ReleaseWin|x86.ActiveCfg = Release|x86
		{1B000BCA-4895-4ACF-A0C6-3ADF3A9BEDF2}.ReleaseWin|x86.Build.0 = Release|x86
		{10EB06B2-7231-40DF-8930-7781C82B65DB}.Ad-Hoc|Any CPU.ActiveCfg = Release|Any CPU
		{10EB06B2-7231-40DF-8930-7781C82B65DB}.Ad-Hoc|Any CPU.Build.0 = Release|Any CPU
		{10EB06B2-7231-40DF-8930-7781C82B65DB}.Ad-Hoc|ARM.ActiveCfg = Release|Any CPU
		{10EB06B2-7231-40DF-8930-7781C82B65DB}.Ad-Hoc|ARM.Build.0 = Release|Any CPU
		{10EB06B2-7231-40DF-8930-7781C82B65DB}.Ad-Hoc|iPhone.ActiveCfg = Release|Any CPU
		{10EB06B2-7231-40DF-8930-7781C82B65DB}.Ad-Hoc|iPhone.Build.0 = Release|Any CPU
		{10EB06B2-7231-40DF-8930-7781C82B65DB}.Ad-Hoc|iPhoneSimulator.ActiveCfg = Release|Any CPU
		{10EB06B2-7231-40DF-8930-7781C82B65DB}.Ad-Hoc|iPhoneSimulator.Build.0 = Release|Any CPU
		{10EB06B2-7231-40DF-8930-7781C82B65DB}.Ad-Hoc|x64.ActiveCfg = Release|Any CPU
		{10EB06B2-7231-40DF-8930-7781C82B65DB}.Ad-Hoc|x64.Build.0 = Release|Any CPU
		{10EB06B2-7231-40DF-8930-7781C82B65DB}.Ad-Hoc|x86.ActiveCfg = Release|Any CPU
		{10EB06B2-7231-40DF-8930-7781C82B65DB}.Ad-Hoc|x86.Build.0 = Release|Any CPU
		{10EB06B2-7231-40DF-8930-7781C82B65DB}.AppStore|Any CPU.ActiveCfg = Release|Any CPU
		{10EB06B2-7231-40DF-8930-7781C82B65DB}.AppStore|Any CPU.Build.0 = Release|Any CPU
		{10EB06B2-7231-40DF-8930-7781C82B65DB}.AppStore|ARM.ActiveCfg = Release|Any CPU
		{10EB06B2-7231-40DF-8930-7781C82B65DB}.AppStore|ARM.Build.0 = Release|Any CPU
		{10EB06B2-7231-40DF-8930-7781C82B65DB}.AppStore|iPhone.ActiveCfg = Release|Any CPU
		{10EB06B2-7231-40DF-8930-7781C82B65DB}.AppStore|iPhone.Build.0 = Release|Any CPU
		{10EB06B2-7231-40DF-8930-7781C82B65DB}.AppStore|iPhoneSimulator.ActiveCfg = Release|Any CPU
		{10EB06B2-7231-40DF-8930-7781C82B65DB}.AppStore|iPhoneSimulator.Build.0 = Release|Any CPU
		{10EB06B2-7231-40DF-8930-7781C82B65DB}.AppStore|x64.ActiveCfg = Release|Any CPU
		{10EB06B2-7231-40DF-8930-7781C82B65DB}.AppStore|x64.Build.0 = Release|Any CPU
		{10EB06B2-7231-40DF-8930-7781C82B65DB}.AppStore|x86.ActiveCfg = Release|Any CPU
		{10EB06B2-7231-40DF-8930-7781C82B65DB}.AppStore|x86.Build.0 = Release|Any CPU
		{10EB06B2-7231-40DF-8930-7781C82B65DB}.Debug|Any CPU.ActiveCfg = Debug|Any CPU
		{10EB06B2-7231-40DF-8930-7781C82B65DB}.Debug|Any CPU.Build.0 = Debug|Any CPU
		{10EB06B2-7231-40DF-8930-7781C82B65DB}.Debug|ARM.ActiveCfg = Debug|Any CPU
		{10EB06B2-7231-40DF-8930-7781C82B65DB}.Debug|ARM.Build.0 = Debug|Any CPU
		{10EB06B2-7231-40DF-8930-7781C82B65DB}.Debug|iPhone.ActiveCfg = Debug|Any CPU
		{10EB06B2-7231-40DF-8930-7781C82B65DB}.Debug|iPhone.Build.0 = Debug|Any CPU
		{10EB06B2-7231-40DF-8930-7781C82B65DB}.Debug|iPhoneSimulator.ActiveCfg = Debug|Any CPU
		{10EB06B2-7231-40DF-8930-7781C82B65DB}.Debug|iPhoneSimulator.Build.0 = Debug|Any CPU
		{10EB06B2-7231-40DF-8930-7781C82B65DB}.Debug|x64.ActiveCfg = Debug|Any CPU
		{10EB06B2-7231-40DF-8930-7781C82B65DB}.Debug|x64.Build.0 = Debug|Any CPU
		{10EB06B2-7231-40DF-8930-7781C82B65DB}.Debug|x86.ActiveCfg = Debug|Any CPU
		{10EB06B2-7231-40DF-8930-7781C82B65DB}.Debug|x86.Build.0 = Debug|Any CPU
		{10EB06B2-7231-40DF-8930-7781C82B65DB}.Release|Any CPU.ActiveCfg = Release|Any CPU
		{10EB06B2-7231-40DF-8930-7781C82B65DB}.Release|Any CPU.Build.0 = Release|Any CPU
		{10EB06B2-7231-40DF-8930-7781C82B65DB}.Release|ARM.ActiveCfg = Release|Any CPU
		{10EB06B2-7231-40DF-8930-7781C82B65DB}.Release|ARM.Build.0 = Release|Any CPU
		{10EB06B2-7231-40DF-8930-7781C82B65DB}.Release|iPhone.ActiveCfg = Release|Any CPU
		{10EB06B2-7231-40DF-8930-7781C82B65DB}.Release|iPhone.Build.0 = Release|Any CPU
		{10EB06B2-7231-40DF-8930-7781C82B65DB}.Release|iPhoneSimulator.ActiveCfg = Release|Any CPU
		{10EB06B2-7231-40DF-8930-7781C82B65DB}.Release|iPhoneSimulator.Build.0 = Release|Any CPU
		{10EB06B2-7231-40DF-8930-7781C82B65DB}.Release|x64.ActiveCfg = Release|Any CPU
		{10EB06B2-7231-40DF-8930-7781C82B65DB}.Release|x64.Build.0 = Release|Any CPU
		{10EB06B2-7231-40DF-8930-7781C82B65DB}.Release|x86.ActiveCfg = Release|Any CPU
		{10EB06B2-7231-40DF-8930-7781C82B65DB}.Release|x86.Build.0 = Release|Any CPU
		{10EB06B2-7231-40DF-8930-7781C82B65DB}.ReleaseMac|Any CPU.ActiveCfg = Release|Any CPU
		{10EB06B2-7231-40DF-8930-7781C82B65DB}.ReleaseMac|Any CPU.Build.0 = Release|Any CPU
		{10EB06B2-7231-40DF-8930-7781C82B65DB}.ReleaseMac|ARM.ActiveCfg = Release|Any CPU
		{10EB06B2-7231-40DF-8930-7781C82B65DB}.ReleaseMac|iPhone.ActiveCfg = Release|Any CPU
		{10EB06B2-7231-40DF-8930-7781C82B65DB}.ReleaseMac|iPhoneSimulator.ActiveCfg = Release|Any CPU
		{10EB06B2-7231-40DF-8930-7781C82B65DB}.ReleaseMac|x64.ActiveCfg = Release|Any CPU
		{10EB06B2-7231-40DF-8930-7781C82B65DB}.ReleaseMac|x86.ActiveCfg = Release|Any CPU
		{10EB06B2-7231-40DF-8930-7781C82B65DB}.ReleaseWin|Any CPU.ActiveCfg = Release|Any CPU
		{10EB06B2-7231-40DF-8930-7781C82B65DB}.ReleaseWin|Any CPU.Build.0 = Release|Any CPU
		{10EB06B2-7231-40DF-8930-7781C82B65DB}.ReleaseWin|ARM.ActiveCfg = Release|Any CPU
		{10EB06B2-7231-40DF-8930-7781C82B65DB}.ReleaseWin|iPhone.ActiveCfg = Release|Any CPU
		{10EB06B2-7231-40DF-8930-7781C82B65DB}.ReleaseWin|iPhoneSimulator.ActiveCfg = Release|Any CPU
		{10EB06B2-7231-40DF-8930-7781C82B65DB}.ReleaseWin|x64.ActiveCfg = Release|Any CPU
		{10EB06B2-7231-40DF-8930-7781C82B65DB}.ReleaseWin|x86.ActiveCfg = Release|Any CPU
		{7528DD0A-1781-47F4-ADBF-EEDDB011F6BB}.Ad-Hoc|Any CPU.ActiveCfg = Release|Any CPU
		{7528DD0A-1781-47F4-ADBF-EEDDB011F6BB}.Ad-Hoc|Any CPU.Build.0 = Release|Any CPU
		{7528DD0A-1781-47F4-ADBF-EEDDB011F6BB}.Ad-Hoc|ARM.ActiveCfg = Release|Any CPU
		{7528DD0A-1781-47F4-ADBF-EEDDB011F6BB}.Ad-Hoc|ARM.Build.0 = Release|Any CPU
		{7528DD0A-1781-47F4-ADBF-EEDDB011F6BB}.Ad-Hoc|iPhone.ActiveCfg = Release|Any CPU
		{7528DD0A-1781-47F4-ADBF-EEDDB011F6BB}.Ad-Hoc|iPhone.Build.0 = Release|Any CPU
		{7528DD0A-1781-47F4-ADBF-EEDDB011F6BB}.Ad-Hoc|iPhoneSimulator.ActiveCfg = Release|Any CPU
		{7528DD0A-1781-47F4-ADBF-EEDDB011F6BB}.Ad-Hoc|iPhoneSimulator.Build.0 = Release|Any CPU
		{7528DD0A-1781-47F4-ADBF-EEDDB011F6BB}.Ad-Hoc|x64.ActiveCfg = Release|Any CPU
		{7528DD0A-1781-47F4-ADBF-EEDDB011F6BB}.Ad-Hoc|x64.Build.0 = Release|Any CPU
		{7528DD0A-1781-47F4-ADBF-EEDDB011F6BB}.Ad-Hoc|x86.ActiveCfg = Release|Any CPU
		{7528DD0A-1781-47F4-ADBF-EEDDB011F6BB}.Ad-Hoc|x86.Build.0 = Release|Any CPU
		{7528DD0A-1781-47F4-ADBF-EEDDB011F6BB}.AppStore|Any CPU.ActiveCfg = Release|Any CPU
		{7528DD0A-1781-47F4-ADBF-EEDDB011F6BB}.AppStore|Any CPU.Build.0 = Release|Any CPU
		{7528DD0A-1781-47F4-ADBF-EEDDB011F6BB}.AppStore|ARM.ActiveCfg = Release|Any CPU
		{7528DD0A-1781-47F4-ADBF-EEDDB011F6BB}.AppStore|ARM.Build.0 = Release|Any CPU
		{7528DD0A-1781-47F4-ADBF-EEDDB011F6BB}.AppStore|iPhone.ActiveCfg = Release|Any CPU
		{7528DD0A-1781-47F4-ADBF-EEDDB011F6BB}.AppStore|iPhone.Build.0 = Release|Any CPU
		{7528DD0A-1781-47F4-ADBF-EEDDB011F6BB}.AppStore|iPhoneSimulator.ActiveCfg = Release|Any CPU
		{7528DD0A-1781-47F4-ADBF-EEDDB011F6BB}.AppStore|iPhoneSimulator.Build.0 = Release|Any CPU
		{7528DD0A-1781-47F4-ADBF-EEDDB011F6BB}.AppStore|x64.ActiveCfg = Release|Any CPU
		{7528DD0A-1781-47F4-ADBF-EEDDB011F6BB}.AppStore|x64.Build.0 = Release|Any CPU
		{7528DD0A-1781-47F4-ADBF-EEDDB011F6BB}.AppStore|x86.ActiveCfg = Release|Any CPU
		{7528DD0A-1781-47F4-ADBF-EEDDB011F6BB}.AppStore|x86.Build.0 = Release|Any CPU
		{7528DD0A-1781-47F4-ADBF-EEDDB011F6BB}.Debug|Any CPU.ActiveCfg = Debug|Any CPU
		{7528DD0A-1781-47F4-ADBF-EEDDB011F6BB}.Debug|Any CPU.Build.0 = Debug|Any CPU
		{7528DD0A-1781-47F4-ADBF-EEDDB011F6BB}.Debug|ARM.ActiveCfg = Debug|Any CPU
		{7528DD0A-1781-47F4-ADBF-EEDDB011F6BB}.Debug|ARM.Build.0 = Debug|Any CPU
		{7528DD0A-1781-47F4-ADBF-EEDDB011F6BB}.Debug|iPhone.ActiveCfg = Debug|Any CPU
		{7528DD0A-1781-47F4-ADBF-EEDDB011F6BB}.Debug|iPhone.Build.0 = Debug|Any CPU
		{7528DD0A-1781-47F4-ADBF-EEDDB011F6BB}.Debug|iPhoneSimulator.ActiveCfg = Debug|Any CPU
		{7528DD0A-1781-47F4-ADBF-EEDDB011F6BB}.Debug|iPhoneSimulator.Build.0 = Debug|Any CPU
		{7528DD0A-1781-47F4-ADBF-EEDDB011F6BB}.Debug|x64.ActiveCfg = Debug|Any CPU
		{7528DD0A-1781-47F4-ADBF-EEDDB011F6BB}.Debug|x64.Build.0 = Debug|Any CPU
		{7528DD0A-1781-47F4-ADBF-EEDDB011F6BB}.Debug|x86.ActiveCfg = Debug|Any CPU
		{7528DD0A-1781-47F4-ADBF-EEDDB011F6BB}.Debug|x86.Build.0 = Debug|Any CPU
		{7528DD0A-1781-47F4-ADBF-EEDDB011F6BB}.Release|Any CPU.ActiveCfg = Release|Any CPU
		{7528DD0A-1781-47F4-ADBF-EEDDB011F6BB}.Release|Any CPU.Build.0 = Release|Any CPU
		{7528DD0A-1781-47F4-ADBF-EEDDB011F6BB}.Release|ARM.ActiveCfg = Release|Any CPU
		{7528DD0A-1781-47F4-ADBF-EEDDB011F6BB}.Release|ARM.Build.0 = Release|Any CPU
		{7528DD0A-1781-47F4-ADBF-EEDDB011F6BB}.Release|iPhone.ActiveCfg = Release|Any CPU
		{7528DD0A-1781-47F4-ADBF-EEDDB011F6BB}.Release|iPhone.Build.0 = Release|Any CPU
		{7528DD0A-1781-47F4-ADBF-EEDDB011F6BB}.Release|iPhoneSimulator.ActiveCfg = Release|Any CPU
		{7528DD0A-1781-47F4-ADBF-EEDDB011F6BB}.Release|iPhoneSimulator.Build.0 = Release|Any CPU
		{7528DD0A-1781-47F4-ADBF-EEDDB011F6BB}.Release|x64.ActiveCfg = Release|Any CPU
		{7528DD0A-1781-47F4-ADBF-EEDDB011F6BB}.Release|x64.Build.0 = Release|Any CPU
		{7528DD0A-1781-47F4-ADBF-EEDDB011F6BB}.Release|x86.ActiveCfg = Release|Any CPU
		{7528DD0A-1781-47F4-ADBF-EEDDB011F6BB}.Release|x86.Build.0 = Release|Any CPU
		{7528DD0A-1781-47F4-ADBF-EEDDB011F6BB}.ReleaseMac|Any CPU.ActiveCfg = Release|Any CPU
		{7528DD0A-1781-47F4-ADBF-EEDDB011F6BB}.ReleaseMac|Any CPU.Build.0 = Release|Any CPU
		{7528DD0A-1781-47F4-ADBF-EEDDB011F6BB}.ReleaseMac|ARM.ActiveCfg = Release|Any CPU
		{7528DD0A-1781-47F4-ADBF-EEDDB011F6BB}.ReleaseMac|iPhone.ActiveCfg = Release|Any CPU
		{7528DD0A-1781-47F4-ADBF-EEDDB011F6BB}.ReleaseMac|iPhoneSimulator.ActiveCfg = Release|Any CPU
		{7528DD0A-1781-47F4-ADBF-EEDDB011F6BB}.ReleaseMac|x64.ActiveCfg = Release|Any CPU
		{7528DD0A-1781-47F4-ADBF-EEDDB011F6BB}.ReleaseMac|x86.ActiveCfg = Release|Any CPU
		{7528DD0A-1781-47F4-ADBF-EEDDB011F6BB}.ReleaseWin|Any CPU.ActiveCfg = Release|Any CPU
		{7528DD0A-1781-47F4-ADBF-EEDDB011F6BB}.ReleaseWin|Any CPU.Build.0 = Release|Any CPU
		{7528DD0A-1781-47F4-ADBF-EEDDB011F6BB}.ReleaseWin|ARM.ActiveCfg = Release|Any CPU
		{7528DD0A-1781-47F4-ADBF-EEDDB011F6BB}.ReleaseWin|iPhone.ActiveCfg = Release|Any CPU
		{7528DD0A-1781-47F4-ADBF-EEDDB011F6BB}.ReleaseWin|iPhoneSimulator.ActiveCfg = Release|Any CPU
		{7528DD0A-1781-47F4-ADBF-EEDDB011F6BB}.ReleaseWin|x64.ActiveCfg = Release|Any CPU
		{7528DD0A-1781-47F4-ADBF-EEDDB011F6BB}.ReleaseWin|x86.ActiveCfg = Release|Any CPU
	EndGlobalSection
	GlobalSection(SolutionProperties) = preSolution
		HideSolutionNode = FALSE
	EndGlobalSection
	GlobalSection(NestedProjects) = preSolution
		{24B441F2-CBE9-4405-9FD0-72EBCBEA0EC3} = {EC2F2D7F-EA57-45A9-BD3E-7D8DA5A78FB1}
		{78407906-99C6-42B0-A511-973FC78C58CB} = {EC2F2D7F-EA57-45A9-BD3E-7D8DA5A78FB1}
		{AC17589E-C817-4FA8-B3EC-CCEB25E55E59} = {EC2F2D7F-EA57-45A9-BD3E-7D8DA5A78FB1}
		{6CBD1DF3-1FD3-4F20-80A2-A0C7414C411A} = {EC2F2D7F-EA57-45A9-BD3E-7D8DA5A78FB1}
		{1B000BCA-4895-4ACF-A0C6-3ADF3A9BEDF2} = {EC2F2D7F-EA57-45A9-BD3E-7D8DA5A78FB1}
		{10EB06B2-7231-40DF-8930-7781C82B65DB} = {EC2F2D7F-EA57-45A9-BD3E-7D8DA5A78FB1}
		{7528DD0A-1781-47F4-ADBF-EEDDB011F6BB} = {EC2F2D7F-EA57-45A9-BD3E-7D8DA5A78FB1}
	EndGlobalSection
EndGlobal
