
Microsoft Visual Studio Solution File, Format Version 12.00
# Visual Studio 14
VisualStudioVersion = 14.0.25420.1
MinimumVisualStudioVersion = 10.0.40219.1
Project("{2150E333-8FDC-42A3-9474-1A3956D46DE8}") = "Libraries", "Libraries", "{2DC0C8D5-DF7F-4D96-886D-D7E83522C9BF}"
EndProject
Project("{FAE04EC0-301F-11D3-BF4B-00C04F79EFBC}") = "zxing.portable", "Source\ZXing.Net\Source\lib\zxing.portable.csproj", "{24B441F2-CBE9-4405-9FD0-72EBCBEA0EC3}"
EndProject
Project("{FAE04EC0-301F-11D3-BF4B-00C04F79EFBC}") = "ZXing.Net.Mobile.WindowsRT", "Source\ZXing.Net.Mobile.WindowsRT\ZXing.Net.Mobile.WindowsRT.csproj", "{10EB06B2-7231-40DF-8930-7781C82B65DB}"
EndProject
Project("{FAE04EC0-301F-11D3-BF4B-00C04F79EFBC}") = "ZXing.Net.Mobile.Portable", "Source\ZXing.Net.Mobile.Portable\ZXing.Net.Mobile.Portable.csproj", "{78407906-99C6-42B0-A511-973FC78C58CB}"
EndProject
Project("{FAE04EC0-301F-11D3-BF4B-00C04F79EFBC}") = "ZXing.Net.Mobile.Core", "Source\ZXing.Net.Mobile.Core\ZXing.Net.Mobile.Core.csproj", "{7528DD0A-1781-47F4-ADBF-EEDDB011F6BB}"
EndProject
Project("{2150E333-8FDC-42A3-9474-1A3956D46DE8}") = "Forms Libraries", "Forms Libraries", "{72EC3146-EA1B-4963-9248-55065728AF7F}"
EndProject
Project("{FAE04EC0-301F-11D3-BF4B-00C04F79EFBC}") = "ZXing.Net.Mobile.WindowsPhone", "Source\ZXing.Net.Mobile.WindowsPhone\ZXing.Net.Mobile.WindowsPhone.csproj", "{C9EFC2F6-AC4C-446C-8FBF-91824B00431D}"
EndProject
Project("{FAE04EC0-301F-11D3-BF4B-00C04F79EFBC}") = "ZXing.Net.Mobile.Forms", "Source\ZXing.Net.Mobile.Forms\ZXing.Net.Mobile.Forms.csproj", "{8E54DB74-C094-4016-859A-D1C7F2509A58}"
EndProject
Project("{FAE04EC0-301F-11D3-BF4B-00C04F79EFBC}") = "ZXing.Net.Mobile.Forms.WindowsPhone", "Source\ZXing.Net.Mobile.Forms.WindowsPhone\ZXing.Net.Mobile.Forms.WindowsPhone.csproj", "{9A761ACB-26DA-4185-8008-D4CDE7D2F0BF}"
EndProject
Global
	GlobalSection(SolutionConfigurationPlatforms) = preSolution
		Debug|Any CPU = Debug|Any CPU
		Debug|ARM = Debug|ARM
		Debug|iPhone = Debug|iPhone
		Debug|iPhoneSimulator = Debug|iPhoneSimulator
		Debug|x64 = Debug|x64
		Debug|x86 = Debug|x86
		Release|Any CPU = Release|Any CPU
		Release|ARM = Release|ARM
		Release|iPhone = Release|iPhone
		Release|iPhoneSimulator = Release|iPhoneSimulator
		Release|x64 = Release|x64
		Release|x86 = Release|x86
		ReleaseMac|Any CPU = ReleaseMac|Any CPU
		ReleaseMac|ARM = ReleaseMac|ARM
		ReleaseMac|iPhone = ReleaseMac|iPhone
		ReleaseMac|iPhoneSimulator = ReleaseMac|iPhoneSimulator
		ReleaseMac|x64 = ReleaseMac|x64
		ReleaseMac|x86 = ReleaseMac|x86
		ReleaseWin|Any CPU = ReleaseWin|Any CPU
		ReleaseWin|ARM = ReleaseWin|ARM
		ReleaseWin|iPhone = ReleaseWin|iPhone
		ReleaseWin|iPhoneSimulator = ReleaseWin|iPhoneSimulator
		ReleaseWin|x64 = ReleaseWin|x64
		ReleaseWin|x86 = ReleaseWin|x86
	EndGlobalSection
	GlobalSection(ProjectConfigurationPlatforms) = postSolution
		{24B441F2-CBE9-4405-9FD0-72EBCBEA0EC3}.Debug|Any CPU.ActiveCfg = Debug|Any CPU
		{24B441F2-CBE9-4405-9FD0-72EBCBEA0EC3}.Debug|Any CPU.Build.0 = Debug|Any CPU
		{24B441F2-CBE9-4405-9FD0-72EBCBEA0EC3}.Debug|ARM.ActiveCfg = Debug|Any CPU
		{24B441F2-CBE9-4405-9FD0-72EBCBEA0EC3}.Debug|ARM.Build.0 = Debug|Any CPU
		{24B441F2-CBE9-4405-9FD0-72EBCBEA0EC3}.Debug|iPhone.ActiveCfg = Debug|Any CPU
		{24B441F2-CBE9-4405-9FD0-72EBCBEA0EC3}.Debug|iPhone.Build.0 = Debug|Any CPU
		{24B441F2-CBE9-4405-9FD0-72EBCBEA0EC3}.Debug|iPhoneSimulator.ActiveCfg = Debug|Any CPU
		{24B441F2-CBE9-4405-9FD0-72EBCBEA0EC3}.Debug|iPhoneSimulator.Build.0 = Debug|Any CPU
		{24B441F2-CBE9-4405-9FD0-72EBCBEA0EC3}.Debug|x64.ActiveCfg = Debug|Any CPU
		{24B441F2-CBE9-4405-9FD0-72EBCBEA0EC3}.Debug|x64.Build.0 = Debug|Any CPU
		{24B441F2-CBE9-4405-9FD0-72EBCBEA0EC3}.Debug|x86.ActiveCfg = Debug|Any CPU
		{24B441F2-CBE9-4405-9FD0-72EBCBEA0EC3}.Debug|x86.Build.0 = Debug|Any CPU
		{24B441F2-CBE9-4405-9FD0-72EBCBEA0EC3}.Release|Any CPU.ActiveCfg = Release|Any CPU
		{24B441F2-CBE9-4405-9FD0-72EBCBEA0EC3}.Release|Any CPU.Build.0 = Release|Any CPU
		{24B441F2-CBE9-4405-9FD0-72EBCBEA0EC3}.Release|ARM.ActiveCfg = Release|Any CPU
		{24B441F2-CBE9-4405-9FD0-72EBCBEA0EC3}.Release|ARM.Build.0 = Release|Any CPU
		{24B441F2-CBE9-4405-9FD0-72EBCBEA0EC3}.Release|iPhone.ActiveCfg = Release|Any CPU
		{24B441F2-CBE9-4405-9FD0-72EBCBEA0EC3}.Release|iPhone.Build.0 = Release|Any CPU
		{24B441F2-CBE9-4405-9FD0-72EBCBEA0EC3}.Release|iPhoneSimulator.ActiveCfg = Release|Any CPU
		{24B441F2-CBE9-4405-9FD0-72EBCBEA0EC3}.Release|iPhoneSimulator.Build.0 = Release|Any CPU
		{24B441F2-CBE9-4405-9FD0-72EBCBEA0EC3}.Release|x64.ActiveCfg = Release|Any CPU
		{24B441F2-CBE9-4405-9FD0-72EBCBEA0EC3}.Release|x64.Build.0 = Release|Any CPU
		{24B441F2-CBE9-4405-9FD0-72EBCBEA0EC3}.Release|x86.ActiveCfg = Release|Any CPU
		{24B441F2-CBE9-4405-9FD0-72EBCBEA0EC3}.Release|x86.Build.0 = Release|Any CPU
		{24B441F2-CBE9-4405-9FD0-72EBCBEA0EC3}.ReleaseMac|Any CPU.ActiveCfg = Release|Any CPU
		{24B441F2-CBE9-4405-9FD0-72EBCBEA0EC3}.ReleaseMac|Any CPU.Build.0 = Release|Any CPU
		{24B441F2-CBE9-4405-9FD0-72EBCBEA0EC3}.ReleaseMac|ARM.ActiveCfg = Release|Any CPU
		{24B441F2-CBE9-4405-9FD0-72EBCBEA0EC3}.ReleaseMac|ARM.Build.0 = Release|Any CPU
		{24B441F2-CBE9-4405-9FD0-72EBCBEA0EC3}.ReleaseMac|iPhone.ActiveCfg = Release|Any CPU
		{24B441F2-CBE9-4405-9FD0-72EBCBEA0EC3}.ReleaseMac|iPhone.Build.0 = Release|Any CPU
		{24B441F2-CBE9-4405-9FD0-72EBCBEA0EC3}.ReleaseMac|iPhoneSimulator.ActiveCfg = Release|Any CPU
		{24B441F2-CBE9-4405-9FD0-72EBCBEA0EC3}.ReleaseMac|iPhoneSimulator.Build.0 = Release|Any CPU
		{24B441F2-CBE9-4405-9FD0-72EBCBEA0EC3}.ReleaseMac|x64.ActiveCfg = Release|Any CPU
		{24B441F2-CBE9-4405-9FD0-72EBCBEA0EC3}.ReleaseMac|x64.Build.0 = Release|Any CPU
		{24B441F2-CBE9-4405-9FD0-72EBCBEA0EC3}.ReleaseMac|x86.ActiveCfg = Release|Any CPU
		{24B441F2-CBE9-4405-9FD0-72EBCBEA0EC3}.ReleaseMac|x86.Build.0 = Release|Any CPU
		{24B441F2-CBE9-4405-9FD0-72EBCBEA0EC3}.ReleaseWin|Any CPU.ActiveCfg = Release|Any CPU
		{24B441F2-CBE9-4405-9FD0-72EBCBEA0EC3}.ReleaseWin|Any CPU.Build.0 = Release|Any CPU
		{24B441F2-CBE9-4405-9FD0-72EBCBEA0EC3}.ReleaseWin|ARM.ActiveCfg = Release|Any CPU
		{24B441F2-CBE9-4405-9FD0-72EBCBEA0EC3}.ReleaseWin|ARM.Build.0 = Release|Any CPU
		{24B441F2-CBE9-4405-9FD0-72EBCBEA0EC3}.ReleaseWin|iPhone.ActiveCfg = Release|Any CPU
		{24B441F2-CBE9-4405-9FD0-72EBCBEA0EC3}.ReleaseWin|iPhone.Build.0 = Release|Any CPU
		{24B441F2-CBE9-4405-9FD0-72EBCBEA0EC3}.ReleaseWin|iPhoneSimulator.ActiveCfg = Release|Any CPU
		{24B441F2-CBE9-4405-9FD0-72EBCBEA0EC3}.ReleaseWin|iPhoneSimulator.Build.0 = Release|Any CPU
		{24B441F2-CBE9-4405-9FD0-72EBCBEA0EC3}.ReleaseWin|x64.ActiveCfg = Release|Any CPU
		{24B441F2-CBE9-4405-9FD0-72EBCBEA0EC3}.ReleaseWin|x64.Build.0 = Release|Any CPU
		{24B441F2-CBE9-4405-9FD0-72EBCBEA0EC3}.ReleaseWin|x86.ActiveCfg = Release|Any CPU
		{24B441F2-CBE9-4405-9FD0-72EBCBEA0EC3}.ReleaseWin|x86.Build.0 = Release|Any CPU
		{10EB06B2-7231-40DF-8930-7781C82B65DB}.Debug|Any CPU.ActiveCfg = Debug|Any CPU
		{10EB06B2-7231-40DF-8930-7781C82B65DB}.Debug|Any CPU.Build.0 = Debug|Any CPU
		{10EB06B2-7231-40DF-8930-7781C82B65DB}.Debug|ARM.ActiveCfg = Debug|Any CPU
		{10EB06B2-7231-40DF-8930-7781C82B65DB}.Debug|ARM.Build.0 = Debug|Any CPU
		{10EB06B2-7231-40DF-8930-7781C82B65DB}.Debug|iPhone.ActiveCfg = Debug|Any CPU
		{10EB06B2-7231-40DF-8930-7781C82B65DB}.Debug|iPhone.Build.0 = Debug|Any CPU
		{10EB06B2-7231-40DF-8930-7781C82B65DB}.Debug|iPhoneSimulator.ActiveCfg = Debug|Any CPU
		{10EB06B2-7231-40DF-8930-7781C82B65DB}.Debug|iPhoneSimulator.Build.0 = Debug|Any CPU
		{10EB06B2-7231-40DF-8930-7781C82B65DB}.Debug|x64.ActiveCfg = Debug|Any CPU
		{10EB06B2-7231-40DF-8930-7781C82B65DB}.Debug|x64.Build.0 = Debug|Any CPU
		{10EB06B2-7231-40DF-8930-7781C82B65DB}.Debug|x86.ActiveCfg = Debug|Any CPU
		{10EB06B2-7231-40DF-8930-7781C82B65DB}.Debug|x86.Build.0 = Debug|Any CPU
		{10EB06B2-7231-40DF-8930-7781C82B65DB}.Release|Any CPU.ActiveCfg = Release|Any CPU
		{10EB06B2-7231-40DF-8930-7781C82B65DB}.Release|Any CPU.Build.0 = Release|Any CPU
		{10EB06B2-7231-40DF-8930-7781C82B65DB}.Release|ARM.ActiveCfg = Release|Any CPU
		{10EB06B2-7231-40DF-8930-7781C82B65DB}.Release|ARM.Build.0 = Release|Any CPU
		{10EB06B2-7231-40DF-8930-7781C82B65DB}.Release|iPhone.ActiveCfg = Release|Any CPU
		{10EB06B2-7231-40DF-8930-7781C82B65DB}.Release|iPhone.Build.0 = Release|Any CPU
		{10EB06B2-7231-40DF-8930-7781C82B65DB}.Release|iPhoneSimulator.ActiveCfg = Release|Any CPU
		{10EB06B2-7231-40DF-8930-7781C82B65DB}.Release|iPhoneSimulator.Build.0 = Release|Any CPU
		{10EB06B2-7231-40DF-8930-7781C82B65DB}.Release|x64.ActiveCfg = Release|Any CPU
		{10EB06B2-7231-40DF-8930-7781C82B65DB}.Release|x64.Build.0 = Release|Any CPU
		{10EB06B2-7231-40DF-8930-7781C82B65DB}.Release|x86.ActiveCfg = Release|Any CPU
		{10EB06B2-7231-40DF-8930-7781C82B65DB}.Release|x86.Build.0 = Release|Any CPU
		{10EB06B2-7231-40DF-8930-7781C82B65DB}.ReleaseMac|Any CPU.ActiveCfg = Release|Any CPU
		{10EB06B2-7231-40DF-8930-7781C82B65DB}.ReleaseMac|Any CPU.Build.0 = Release|Any CPU
		{10EB06B2-7231-40DF-8930-7781C82B65DB}.ReleaseMac|ARM.ActiveCfg = Release|Any CPU
		{10EB06B2-7231-40DF-8930-7781C82B65DB}.ReleaseMac|ARM.Build.0 = Release|Any CPU
		{10EB06B2-7231-40DF-8930-7781C82B65DB}.ReleaseMac|iPhone.ActiveCfg = Release|Any CPU
		{10EB06B2-7231-40DF-8930-7781C82B65DB}.ReleaseMac|iPhone.Build.0 = Release|Any CPU
		{10EB06B2-7231-40DF-8930-7781C82B65DB}.ReleaseMac|iPhoneSimulator.ActiveCfg = Release|Any CPU
		{10EB06B2-7231-40DF-8930-7781C82B65DB}.ReleaseMac|iPhoneSimulator.Build.0 = Release|Any CPU
		{10EB06B2-7231-40DF-8930-7781C82B65DB}.ReleaseMac|x64.ActiveCfg = Release|Any CPU
		{10EB06B2-7231-40DF-8930-7781C82B65DB}.ReleaseMac|x64.Build.0 = Release|Any CPU
		{10EB06B2-7231-40DF-8930-7781C82B65DB}.ReleaseMac|x86.ActiveCfg = Release|Any CPU
		{10EB06B2-7231-40DF-8930-7781C82B65DB}.ReleaseMac|x86.Build.0 = Release|Any CPU
		{10EB06B2-7231-40DF-8930-7781C82B65DB}.ReleaseWin|Any CPU.ActiveCfg = Release|Any CPU
		{10EB06B2-7231-40DF-8930-7781C82B65DB}.ReleaseWin|Any CPU.Build.0 = Release|Any CPU
		{10EB06B2-7231-40DF-8930-7781C82B65DB}.ReleaseWin|ARM.ActiveCfg = Release|Any CPU
		{10EB06B2-7231-40DF-8930-7781C82B65DB}.ReleaseWin|ARM.Build.0 = Release|Any CPU
		{10EB06B2-7231-40DF-8930-7781C82B65DB}.ReleaseWin|iPhone.ActiveCfg = Release|Any CPU
		{10EB06B2-7231-40DF-8930-7781C82B65DB}.ReleaseWin|iPhone.Build.0 = Release|Any CPU
		{10EB06B2-7231-40DF-8930-7781C82B65DB}.ReleaseWin|iPhoneSimulator.ActiveCfg = Release|Any CPU
		{10EB06B2-7231-40DF-8930-7781C82B65DB}.ReleaseWin|iPhoneSimulator.Build.0 = Release|Any CPU
		{10EB06B2-7231-40DF-8930-7781C82B65DB}.ReleaseWin|x64.ActiveCfg = Release|Any CPU
		{10EB06B2-7231-40DF-8930-7781C82B65DB}.ReleaseWin|x64.Build.0 = Release|Any CPU
		{10EB06B2-7231-40DF-8930-7781C82B65DB}.ReleaseWin|x86.ActiveCfg = Release|Any CPU
		{10EB06B2-7231-40DF-8930-7781C82B65DB}.ReleaseWin|x86.Build.0 = Release|Any CPU
		{78407906-99C6-42B0-A511-973FC78C58CB}.Debug|Any CPU.ActiveCfg = Debug|Any CPU
		{78407906-99C6-42B0-A511-973FC78C58CB}.Debug|Any CPU.Build.0 = Debug|Any CPU
		{78407906-99C6-42B0-A511-973FC78C58CB}.Debug|ARM.ActiveCfg = Debug|Any CPU
		{78407906-99C6-42B0-A511-973FC78C58CB}.Debug|ARM.Build.0 = Debug|Any CPU
		{78407906-99C6-42B0-A511-973FC78C58CB}.Debug|iPhone.ActiveCfg = Debug|Any CPU
		{78407906-99C6-42B0-A511-973FC78C58CB}.Debug|iPhone.Build.0 = Debug|Any CPU
		{78407906-99C6-42B0-A511-973FC78C58CB}.Debug|iPhoneSimulator.ActiveCfg = Debug|Any CPU
		{78407906-99C6-42B0-A511-973FC78C58CB}.Debug|iPhoneSimulator.Build.0 = Debug|Any CPU
		{78407906-99C6-42B0-A511-973FC78C58CB}.Debug|x64.ActiveCfg = Debug|Any CPU
		{78407906-99C6-42B0-A511-973FC78C58CB}.Debug|x64.Build.0 = Debug|Any CPU
		{78407906-99C6-42B0-A511-973FC78C58CB}.Debug|x86.ActiveCfg = Debug|Any CPU
		{78407906-99C6-42B0-A511-973FC78C58CB}.Debug|x86.Build.0 = Debug|Any CPU
		{78407906-99C6-42B0-A511-973FC78C58CB}.Release|Any CPU.ActiveCfg = Release|Any CPU
		{78407906-99C6-42B0-A511-973FC78C58CB}.Release|Any CPU.Build.0 = Release|Any CPU
		{78407906-99C6-42B0-A511-973FC78C58CB}.Release|ARM.ActiveCfg = Release|Any CPU
		{78407906-99C6-42B0-A511-973FC78C58CB}.Release|ARM.Build.0 = Release|Any CPU
		{78407906-99C6-42B0-A511-973FC78C58CB}.Release|iPhone.ActiveCfg = Release|Any CPU
		{78407906-99C6-42B0-A511-973FC78C58CB}.Release|iPhone.Build.0 = Release|Any CPU
		{78407906-99C6-42B0-A511-973FC78C58CB}.Release|iPhoneSimulator.ActiveCfg = Release|Any CPU
		{78407906-99C6-42B0-A511-973FC78C58CB}.Release|iPhoneSimulator.Build.0 = Release|Any CPU
		{78407906-99C6-42B0-A511-973FC78C58CB}.Release|x64.ActiveCfg = Release|Any CPU
		{78407906-99C6-42B0-A511-973FC78C58CB}.Release|x64.Build.0 = Release|Any CPU
		{78407906-99C6-42B0-A511-973FC78C58CB}.Release|x86.ActiveCfg = Release|Any CPU
		{78407906-99C6-42B0-A511-973FC78C58CB}.Release|x86.Build.0 = Release|Any CPU
		{78407906-99C6-42B0-A511-973FC78C58CB}.ReleaseMac|Any CPU.ActiveCfg = Release|Any CPU
		{78407906-99C6-42B0-A511-973FC78C58CB}.ReleaseMac|Any CPU.Build.0 = Release|Any CPU
		{78407906-99C6-42B0-A511-973FC78C58CB}.ReleaseMac|ARM.ActiveCfg = Release|Any CPU
		{78407906-99C6-42B0-A511-973FC78C58CB}.ReleaseMac|ARM.Build.0 = Release|Any CPU
		{78407906-99C6-42B0-A511-973FC78C58CB}.ReleaseMac|iPhone.ActiveCfg = Release|Any CPU
		{78407906-99C6-42B0-A511-973FC78C58CB}.ReleaseMac|iPhone.Build.0 = Release|Any CPU
		{78407906-99C6-42B0-A511-973FC78C58CB}.ReleaseMac|iPhoneSimulator.ActiveCfg = Release|Any CPU
		{78407906-99C6-42B0-A511-973FC78C58CB}.ReleaseMac|iPhoneSimulator.Build.0 = Release|Any CPU
		{78407906-99C6-42B0-A511-973FC78C58CB}.ReleaseMac|x64.ActiveCfg = Release|Any CPU
		{78407906-99C6-42B0-A511-973FC78C58CB}.ReleaseMac|x64.Build.0 = Release|Any CPU
		{78407906-99C6-42B0-A511-973FC78C58CB}.ReleaseMac|x86.ActiveCfg = Release|Any CPU
		{78407906-99C6-42B0-A511-973FC78C58CB}.ReleaseMac|x86.Build.0 = Release|Any CPU
		{78407906-99C6-42B0-A511-973FC78C58CB}.ReleaseWin|Any CPU.ActiveCfg = Release|Any CPU
		{78407906-99C6-42B0-A511-973FC78C58CB}.ReleaseWin|Any CPU.Build.0 = Release|Any CPU
		{78407906-99C6-42B0-A511-973FC78C58CB}.ReleaseWin|ARM.ActiveCfg = Release|Any CPU
		{78407906-99C6-42B0-A511-973FC78C58CB}.ReleaseWin|ARM.Build.0 = Release|Any CPU
		{78407906-99C6-42B0-A511-973FC78C58CB}.ReleaseWin|iPhone.ActiveCfg = Release|Any CPU
		{78407906-99C6-42B0-A511-973FC78C58CB}.ReleaseWin|iPhone.Build.0 = Release|Any CPU
		{78407906-99C6-42B0-A511-973FC78C58CB}.ReleaseWin|iPhoneSimulator.ActiveCfg = Release|Any CPU
		{78407906-99C6-42B0-A511-973FC78C58CB}.ReleaseWin|iPhoneSimulator.Build.0 = Release|Any CPU
		{78407906-99C6-42B0-A511-973FC78C58CB}.ReleaseWin|x64.ActiveCfg = Release|Any CPU
		{78407906-99C6-42B0-A511-973FC78C58CB}.ReleaseWin|x64.Build.0 = Release|Any CPU
		{78407906-99C6-42B0-A511-973FC78C58CB}.ReleaseWin|x86.ActiveCfg = Release|Any CPU
		{78407906-99C6-42B0-A511-973FC78C58CB}.ReleaseWin|x86.Build.0 = Release|Any CPU
		{7528DD0A-1781-47F4-ADBF-EEDDB011F6BB}.Debug|Any CPU.ActiveCfg = Debug|Any CPU
		{7528DD0A-1781-47F4-ADBF-EEDDB011F6BB}.Debug|Any CPU.Build.0 = Debug|Any CPU
		{7528DD0A-1781-47F4-ADBF-EEDDB011F6BB}.Debug|ARM.ActiveCfg = Debug|Any CPU
		{7528DD0A-1781-47F4-ADBF-EEDDB011F6BB}.Debug|ARM.Build.0 = Debug|Any CPU
		{7528DD0A-1781-47F4-ADBF-EEDDB011F6BB}.Debug|iPhone.ActiveCfg = Debug|Any CPU
		{7528DD0A-1781-47F4-ADBF-EEDDB011F6BB}.Debug|iPhone.Build.0 = Debug|Any CPU
		{7528DD0A-1781-47F4-ADBF-EEDDB011F6BB}.Debug|iPhoneSimulator.ActiveCfg = Debug|Any CPU
		{7528DD0A-1781-47F4-ADBF-EEDDB011F6BB}.Debug|iPhoneSimulator.Build.0 = Debug|Any CPU
		{7528DD0A-1781-47F4-ADBF-EEDDB011F6BB}.Debug|x64.ActiveCfg = Debug|Any CPU
		{7528DD0A-1781-47F4-ADBF-EEDDB011F6BB}.Debug|x64.Build.0 = Debug|Any CPU
		{7528DD0A-1781-47F4-ADBF-EEDDB011F6BB}.Debug|x86.ActiveCfg = Debug|Any CPU
		{7528DD0A-1781-47F4-ADBF-EEDDB011F6BB}.Debug|x86.Build.0 = Debug|Any CPU
		{7528DD0A-1781-47F4-ADBF-EEDDB011F6BB}.Release|Any CPU.ActiveCfg = Release|Any CPU
		{7528DD0A-1781-47F4-ADBF-EEDDB011F6BB}.Release|Any CPU.Build.0 = Release|Any CPU
		{7528DD0A-1781-47F4-ADBF-EEDDB011F6BB}.Release|ARM.ActiveCfg = Release|Any CPU
		{7528DD0A-1781-47F4-ADBF-EEDDB011F6BB}.Release|ARM.Build.0 = Release|Any CPU
		{7528DD0A-1781-47F4-ADBF-EEDDB011F6BB}.Release|iPhone.ActiveCfg = Release|Any CPU
		{7528DD0A-1781-47F4-ADBF-EEDDB011F6BB}.Release|iPhone.Build.0 = Release|Any CPU
		{7528DD0A-1781-47F4-ADBF-EEDDB011F6BB}.Release|iPhoneSimulator.ActiveCfg = Release|Any CPU
		{7528DD0A-1781-47F4-ADBF-EEDDB011F6BB}.Release|iPhoneSimulator.Build.0 = Release|Any CPU
		{7528DD0A-1781-47F4-ADBF-EEDDB011F6BB}.Release|x64.ActiveCfg = Release|Any CPU
		{7528DD0A-1781-47F4-ADBF-EEDDB011F6BB}.Release|x64.Build.0 = Release|Any CPU
		{7528DD0A-1781-47F4-ADBF-EEDDB011F6BB}.Release|x86.ActiveCfg = Release|Any CPU
		{7528DD0A-1781-47F4-ADBF-EEDDB011F6BB}.Release|x86.Build.0 = Release|Any CPU
		{7528DD0A-1781-47F4-ADBF-EEDDB011F6BB}.ReleaseMac|Any CPU.ActiveCfg = Release|Any CPU
		{7528DD0A-1781-47F4-ADBF-EEDDB011F6BB}.ReleaseMac|Any CPU.Build.0 = Release|Any CPU
		{7528DD0A-1781-47F4-ADBF-EEDDB011F6BB}.ReleaseMac|ARM.ActiveCfg = Release|Any CPU
		{7528DD0A-1781-47F4-ADBF-EEDDB011F6BB}.ReleaseMac|ARM.Build.0 = Release|Any CPU
		{7528DD0A-1781-47F4-ADBF-EEDDB011F6BB}.ReleaseMac|iPhone.ActiveCfg = Release|Any CPU
		{7528DD0A-1781-47F4-ADBF-EEDDB011F6BB}.ReleaseMac|iPhone.Build.0 = Release|Any CPU
		{7528DD0A-1781-47F4-ADBF-EEDDB011F6BB}.ReleaseMac|iPhoneSimulator.ActiveCfg = Release|Any CPU
		{7528DD0A-1781-47F4-ADBF-EEDDB011F6BB}.ReleaseMac|iPhoneSimulator.Build.0 = Release|Any CPU
		{7528DD0A-1781-47F4-ADBF-EEDDB011F6BB}.ReleaseMac|x64.ActiveCfg = Release|Any CPU
		{7528DD0A-1781-47F4-ADBF-EEDDB011F6BB}.ReleaseMac|x64.Build.0 = Release|Any CPU
		{7528DD0A-1781-47F4-ADBF-EEDDB011F6BB}.ReleaseMac|x86.ActiveCfg = Release|Any CPU
		{7528DD0A-1781-47F4-ADBF-EEDDB011F6BB}.ReleaseMac|x86.Build.0 = Release|Any CPU
		{7528DD0A-1781-47F4-ADBF-EEDDB011F6BB}.ReleaseWin|Any CPU.ActiveCfg = Release|Any CPU
		{7528DD0A-1781-47F4-ADBF-EEDDB011F6BB}.ReleaseWin|Any CPU.Build.0 = Release|Any CPU
		{7528DD0A-1781-47F4-ADBF-EEDDB011F6BB}.ReleaseWin|ARM.ActiveCfg = Release|Any CPU
		{7528DD0A-1781-47F4-ADBF-EEDDB011F6BB}.ReleaseWin|ARM.Build.0 = Release|Any CPU
		{7528DD0A-1781-47F4-ADBF-EEDDB011F6BB}.ReleaseWin|iPhone.ActiveCfg = Release|Any CPU
		{7528DD0A-1781-47F4-ADBF-EEDDB011F6BB}.ReleaseWin|iPhone.Build.0 = Release|Any CPU
		{7528DD0A-1781-47F4-ADBF-EEDDB011F6BB}.ReleaseWin|iPhoneSimulator.ActiveCfg = Release|Any CPU
		{7528DD0A-1781-47F4-ADBF-EEDDB011F6BB}.ReleaseWin|iPhoneSimulator.Build.0 = Release|Any CPU
		{7528DD0A-1781-47F4-ADBF-EEDDB011F6BB}.ReleaseWin|x64.ActiveCfg = Release|Any CPU
		{7528DD0A-1781-47F4-ADBF-EEDDB011F6BB}.ReleaseWin|x64.Build.0 = Release|Any CPU
		{7528DD0A-1781-47F4-ADBF-EEDDB011F6BB}.ReleaseWin|x86.ActiveCfg = Release|Any CPU
		{7528DD0A-1781-47F4-ADBF-EEDDB011F6BB}.ReleaseWin|x86.Build.0 = Release|Any CPU
		{C9EFC2F6-AC4C-446C-8FBF-91824B00431D}.Debug|Any CPU.ActiveCfg = Debug|Any CPU
		{C9EFC2F6-AC4C-446C-8FBF-91824B00431D}.Debug|Any CPU.Build.0 = Debug|Any CPU
		{C9EFC2F6-AC4C-446C-8FBF-91824B00431D}.Debug|ARM.ActiveCfg = Debug|ARM
		{C9EFC2F6-AC4C-446C-8FBF-91824B00431D}.Debug|ARM.Build.0 = Debug|ARM
		{C9EFC2F6-AC4C-446C-8FBF-91824B00431D}.Debug|iPhone.ActiveCfg = Debug|Any CPU
		{C9EFC2F6-AC4C-446C-8FBF-91824B00431D}.Debug|iPhone.Build.0 = Debug|Any CPU
		{C9EFC2F6-AC4C-446C-8FBF-91824B00431D}.Debug|iPhoneSimulator.ActiveCfg = Debug|Any CPU
		{C9EFC2F6-AC4C-446C-8FBF-91824B00431D}.Debug|iPhoneSimulator.Build.0 = Debug|Any CPU
		{C9EFC2F6-AC4C-446C-8FBF-91824B00431D}.Debug|x64.ActiveCfg = Debug|Any CPU
		{C9EFC2F6-AC4C-446C-8FBF-91824B00431D}.Debug|x64.Build.0 = Debug|Any CPU
		{C9EFC2F6-AC4C-446C-8FBF-91824B00431D}.Debug|x86.ActiveCfg = Debug|x86
		{C9EFC2F6-AC4C-446C-8FBF-91824B00431D}.Debug|x86.Build.0 = Debug|x86
		{C9EFC2F6-AC4C-446C-8FBF-91824B00431D}.Release|Any CPU.ActiveCfg = Release|Any CPU
		{C9EFC2F6-AC4C-446C-8FBF-91824B00431D}.Release|Any CPU.Build.0 = Release|Any CPU
		{C9EFC2F6-AC4C-446C-8FBF-91824B00431D}.Release|ARM.ActiveCfg = Release|ARM
		{C9EFC2F6-AC4C-446C-8FBF-91824B00431D}.Release|ARM.Build.0 = Release|ARM
		{C9EFC2F6-AC4C-446C-8FBF-91824B00431D}.Release|iPhone.ActiveCfg = Release|Any CPU
		{C9EFC2F6-AC4C-446C-8FBF-91824B00431D}.Release|iPhone.Build.0 = Release|Any CPU
		{C9EFC2F6-AC4C-446C-8FBF-91824B00431D}.Release|iPhoneSimulator.ActiveCfg = Release|Any CPU
		{C9EFC2F6-AC4C-446C-8FBF-91824B00431D}.Release|iPhoneSimulator.Build.0 = Release|Any CPU
		{C9EFC2F6-AC4C-446C-8FBF-91824B00431D}.Release|x64.ActiveCfg = Release|Any CPU
		{C9EFC2F6-AC4C-446C-8FBF-91824B00431D}.Release|x64.Build.0 = Release|Any CPU
		{C9EFC2F6-AC4C-446C-8FBF-91824B00431D}.Release|x86.ActiveCfg = Release|x86
		{C9EFC2F6-AC4C-446C-8FBF-91824B00431D}.Release|x86.Build.0 = Release|x86
		{C9EFC2F6-AC4C-446C-8FBF-91824B00431D}.ReleaseMac|Any CPU.ActiveCfg = Release|Any CPU
		{C9EFC2F6-AC4C-446C-8FBF-91824B00431D}.ReleaseMac|Any CPU.Build.0 = Release|Any CPU
		{C9EFC2F6-AC4C-446C-8FBF-91824B00431D}.ReleaseMac|ARM.ActiveCfg = Release|ARM
		{C9EFC2F6-AC4C-446C-8FBF-91824B00431D}.ReleaseMac|ARM.Build.0 = Release|ARM
		{C9EFC2F6-AC4C-446C-8FBF-91824B00431D}.ReleaseMac|iPhone.ActiveCfg = Release|Any CPU
		{C9EFC2F6-AC4C-446C-8FBF-91824B00431D}.ReleaseMac|iPhone.Build.0 = Release|Any CPU
		{C9EFC2F6-AC4C-446C-8FBF-91824B00431D}.ReleaseMac|iPhoneSimulator.ActiveCfg = Release|Any CPU
		{C9EFC2F6-AC4C-446C-8FBF-91824B00431D}.ReleaseMac|iPhoneSimulator.Build.0 = Release|Any CPU
		{C9EFC2F6-AC4C-446C-8FBF-91824B00431D}.ReleaseMac|x64.ActiveCfg = Release|Any CPU
		{C9EFC2F6-AC4C-446C-8FBF-91824B00431D}.ReleaseMac|x64.Build.0 = Release|Any CPU
		{C9EFC2F6-AC4C-446C-8FBF-91824B00431D}.ReleaseMac|x86.ActiveCfg = Release|x86
		{C9EFC2F6-AC4C-446C-8FBF-91824B00431D}.ReleaseMac|x86.Build.0 = Release|x86
		{C9EFC2F6-AC4C-446C-8FBF-91824B00431D}.ReleaseWin|Any CPU.ActiveCfg = Release|Any CPU
		{C9EFC2F6-AC4C-446C-8FBF-91824B00431D}.ReleaseWin|Any CPU.Build.0 = Release|Any CPU
		{C9EFC2F6-AC4C-446C-8FBF-91824B00431D}.ReleaseWin|ARM.ActiveCfg = Release|ARM
		{C9EFC2F6-AC4C-446C-8FBF-91824B00431D}.ReleaseWin|ARM.Build.0 = Release|ARM
		{C9EFC2F6-AC4C-446C-8FBF-91824B00431D}.ReleaseWin|iPhone.ActiveCfg = Release|Any CPU
		{C9EFC2F6-AC4C-446C-8FBF-91824B00431D}.ReleaseWin|iPhone.Build.0 = Release|Any CPU
		{C9EFC2F6-AC4C-446C-8FBF-91824B00431D}.ReleaseWin|iPhoneSimulator.ActiveCfg = Release|Any CPU
		{C9EFC2F6-AC4C-446C-8FBF-91824B00431D}.ReleaseWin|iPhoneSimulator.Build.0 = Release|Any CPU
		{C9EFC2F6-AC4C-446C-8FBF-91824B00431D}.ReleaseWin|x64.ActiveCfg = Release|Any CPU
		{C9EFC2F6-AC4C-446C-8FBF-91824B00431D}.ReleaseWin|x64.Build.0 = Release|Any CPU
		{C9EFC2F6-AC4C-446C-8FBF-91824B00431D}.ReleaseWin|x86.ActiveCfg = Release|x86
		{C9EFC2F6-AC4C-446C-8FBF-91824B00431D}.ReleaseWin|x86.Build.0 = Release|x86
		{8E54DB74-C094-4016-859A-D1C7F2509A58}.Debug|Any CPU.ActiveCfg = Debug|Any CPU
		{8E54DB74-C094-4016-859A-D1C7F2509A58}.Debug|Any CPU.Build.0 = Debug|Any CPU
		{8E54DB74-C094-4016-859A-D1C7F2509A58}.Debug|ARM.ActiveCfg = Debug|Any CPU
		{8E54DB74-C094-4016-859A-D1C7F2509A58}.Debug|ARM.Build.0 = Debug|Any CPU
		{8E54DB74-C094-4016-859A-D1C7F2509A58}.Debug|iPhone.ActiveCfg = Debug|Any CPU
		{8E54DB74-C094-4016-859A-D1C7F2509A58}.Debug|iPhone.Build.0 = Debug|Any CPU
		{8E54DB74-C094-4016-859A-D1C7F2509A58}.Debug|iPhoneSimulator.ActiveCfg = Debug|Any CPU
		{8E54DB74-C094-4016-859A-D1C7F2509A58}.Debug|iPhoneSimulator.Build.0 = Debug|Any CPU
		{8E54DB74-C094-4016-859A-D1C7F2509A58}.Debug|x64.ActiveCfg = Debug|Any CPU
		{8E54DB74-C094-4016-859A-D1C7F2509A58}.Debug|x64.Build.0 = Debug|Any CPU
		{8E54DB74-C094-4016-859A-D1C7F2509A58}.Debug|x86.ActiveCfg = Debug|Any CPU
		{8E54DB74-C094-4016-859A-D1C7F2509A58}.Debug|x86.Build.0 = Debug|Any CPU
		{8E54DB74-C094-4016-859A-D1C7F2509A58}.Release|Any CPU.ActiveCfg = Release|Any CPU
		{8E54DB74-C094-4016-859A-D1C7F2509A58}.Release|Any CPU.Build.0 = Release|Any CPU
		{8E54DB74-C094-4016-859A-D1C7F2509A58}.Release|ARM.ActiveCfg = Release|Any CPU
		{8E54DB74-C094-4016-859A-D1C7F2509A58}.Release|ARM.Build.0 = Release|Any CPU
		{8E54DB74-C094-4016-859A-D1C7F2509A58}.Release|iPhone.ActiveCfg = Release|Any CPU
		{8E54DB74-C094-4016-859A-D1C7F2509A58}.Release|iPhone.Build.0 = Release|Any CPU
		{8E54DB74-C094-4016-859A-D1C7F2509A58}.Release|iPhoneSimulator.ActiveCfg = Release|Any CPU
		{8E54DB74-C094-4016-859A-D1C7F2509A58}.Release|iPhoneSimulator.Build.0 = Release|Any CPU
		{8E54DB74-C094-4016-859A-D1C7F2509A58}.Release|x64.ActiveCfg = Release|Any CPU
		{8E54DB74-C094-4016-859A-D1C7F2509A58}.Release|x64.Build.0 = Release|Any CPU
		{8E54DB74-C094-4016-859A-D1C7F2509A58}.Release|x86.ActiveCfg = Release|Any CPU
		{8E54DB74-C094-4016-859A-D1C7F2509A58}.Release|x86.Build.0 = Release|Any CPU
		{8E54DB74-C094-4016-859A-D1C7F2509A58}.ReleaseMac|Any CPU.ActiveCfg = Release|Any CPU
		{8E54DB74-C094-4016-859A-D1C7F2509A58}.ReleaseMac|Any CPU.Build.0 = Release|Any CPU
		{8E54DB74-C094-4016-859A-D1C7F2509A58}.ReleaseMac|ARM.ActiveCfg = Release|Any CPU
		{8E54DB74-C094-4016-859A-D1C7F2509A58}.ReleaseMac|ARM.Build.0 = Release|Any CPU
		{8E54DB74-C094-4016-859A-D1C7F2509A58}.ReleaseMac|iPhone.ActiveCfg = Release|Any CPU
		{8E54DB74-C094-4016-859A-D1C7F2509A58}.ReleaseMac|iPhone.Build.0 = Release|Any CPU
		{8E54DB74-C094-4016-859A-D1C7F2509A58}.ReleaseMac|iPhoneSimulator.ActiveCfg = Release|Any CPU
		{8E54DB74-C094-4016-859A-D1C7F2509A58}.ReleaseMac|iPhoneSimulator.Build.0 = Release|Any CPU
		{8E54DB74-C094-4016-859A-D1C7F2509A58}.ReleaseMac|x64.ActiveCfg = Release|Any CPU
		{8E54DB74-C094-4016-859A-D1C7F2509A58}.ReleaseMac|x64.Build.0 = Release|Any CPU
		{8E54DB74-C094-4016-859A-D1C7F2509A58}.ReleaseMac|x86.ActiveCfg = Release|Any CPU
		{8E54DB74-C094-4016-859A-D1C7F2509A58}.ReleaseMac|x86.Build.0 = Release|Any CPU
		{8E54DB74-C094-4016-859A-D1C7F2509A58}.ReleaseWin|Any CPU.ActiveCfg = Release|Any CPU
		{8E54DB74-C094-4016-859A-D1C7F2509A58}.ReleaseWin|Any CPU.Build.0 = Release|Any CPU
		{8E54DB74-C094-4016-859A-D1C7F2509A58}.ReleaseWin|ARM.ActiveCfg = Release|Any CPU
		{8E54DB74-C094-4016-859A-D1C7F2509A58}.ReleaseWin|ARM.Build.0 = Release|Any CPU
		{8E54DB74-C094-4016-859A-D1C7F2509A58}.ReleaseWin|iPhone.ActiveCfg = Release|Any CPU
		{8E54DB74-C094-4016-859A-D1C7F2509A58}.ReleaseWin|iPhone.Build.0 = Release|Any CPU
		{8E54DB74-C094-4016-859A-D1C7F2509A58}.ReleaseWin|iPhoneSimulator.ActiveCfg = Release|Any CPU
		{8E54DB74-C094-4016-859A-D1C7F2509A58}.ReleaseWin|iPhoneSimulator.Build.0 = Release|Any CPU
		{8E54DB74-C094-4016-859A-D1C7F2509A58}.ReleaseWin|x64.ActiveCfg = Release|Any CPU
		{8E54DB74-C094-4016-859A-D1C7F2509A58}.ReleaseWin|x64.Build.0 = Release|Any CPU
		{8E54DB74-C094-4016-859A-D1C7F2509A58}.ReleaseWin|x86.ActiveCfg = Release|Any CPU
		{8E54DB74-C094-4016-859A-D1C7F2509A58}.ReleaseWin|x86.Build.0 = Release|Any CPU
		{9A761ACB-26DA-4185-8008-D4CDE7D2F0BF}.Debug|Any CPU.ActiveCfg = Debug|Any CPU
		{9A761ACB-26DA-4185-8008-D4CDE7D2F0BF}.Debug|Any CPU.Build.0 = Debug|Any CPU
		{9A761ACB-26DA-4185-8008-D4CDE7D2F0BF}.Debug|ARM.ActiveCfg = Debug|ARM
		{9A761ACB-26DA-4185-8008-D4CDE7D2F0BF}.Debug|ARM.Build.0 = Debug|ARM
		{9A761ACB-26DA-4185-8008-D4CDE7D2F0BF}.Debug|iPhone.ActiveCfg = Debug|Any CPU
		{9A761ACB-26DA-4185-8008-D4CDE7D2F0BF}.Debug|iPhone.Build.0 = Debug|Any CPU
		{9A761ACB-26DA-4185-8008-D4CDE7D2F0BF}.Debug|iPhoneSimulator.ActiveCfg = Debug|Any CPU
		{9A761ACB-26DA-4185-8008-D4CDE7D2F0BF}.Debug|iPhoneSimulator.Build.0 = Debug|Any CPU
		{9A761ACB-26DA-4185-8008-D4CDE7D2F0BF}.Debug|x64.ActiveCfg = Debug|Any CPU
		{9A761ACB-26DA-4185-8008-D4CDE7D2F0BF}.Debug|x64.Build.0 = Debug|Any CPU
		{9A761ACB-26DA-4185-8008-D4CDE7D2F0BF}.Debug|x86.ActiveCfg = Debug|x86
		{9A761ACB-26DA-4185-8008-D4CDE7D2F0BF}.Debug|x86.Build.0 = Debug|x86
		{9A761ACB-26DA-4185-8008-D4CDE7D2F0BF}.Release|Any CPU.ActiveCfg = Release|Any CPU
		{9A761ACB-26DA-4185-8008-D4CDE7D2F0BF}.Release|Any CPU.Build.0 = Release|Any CPU
		{9A761ACB-26DA-4185-8008-D4CDE7D2F0BF}.Release|ARM.ActiveCfg = Release|ARM
		{9A761ACB-26DA-4185-8008-D4CDE7D2F0BF}.Release|ARM.Build.0 = Release|ARM
		{9A761ACB-26DA-4185-8008-D4CDE7D2F0BF}.Release|iPhone.ActiveCfg = Release|Any CPU
		{9A761ACB-26DA-4185-8008-D4CDE7D2F0BF}.Release|iPhone.Build.0 = Release|Any CPU
		{9A761ACB-26DA-4185-8008-D4CDE7D2F0BF}.Release|iPhoneSimulator.ActiveCfg = Release|Any CPU
		{9A761ACB-26DA-4185-8008-D4CDE7D2F0BF}.Release|iPhoneSimulator.Build.0 = Release|Any CPU
		{9A761ACB-26DA-4185-8008-D4CDE7D2F0BF}.Release|x64.ActiveCfg = Release|Any CPU
		{9A761ACB-26DA-4185-8008-D4CDE7D2F0BF}.Release|x64.Build.0 = Release|Any CPU
		{9A761ACB-26DA-4185-8008-D4CDE7D2F0BF}.Release|x86.ActiveCfg = Release|x86
		{9A761ACB-26DA-4185-8008-D4CDE7D2F0BF}.Release|x86.Build.0 = Release|x86
		{9A761ACB-26DA-4185-8008-D4CDE7D2F0BF}.ReleaseMac|Any CPU.ActiveCfg = Release|Any CPU
		{9A761ACB-26DA-4185-8008-D4CDE7D2F0BF}.ReleaseMac|Any CPU.Build.0 = Release|Any CPU
		{9A761ACB-26DA-4185-8008-D4CDE7D2F0BF}.ReleaseMac|ARM.ActiveCfg = Release|ARM
		{9A761ACB-26DA-4185-8008-D4CDE7D2F0BF}.ReleaseMac|ARM.Build.0 = Release|ARM
		{9A761ACB-26DA-4185-8008-D4CDE7D2F0BF}.ReleaseMac|iPhone.ActiveCfg = Release|Any CPU
		{9A761ACB-26DA-4185-8008-D4CDE7D2F0BF}.ReleaseMac|iPhone.Build.0 = Release|Any CPU
		{9A761ACB-26DA-4185-8008-D4CDE7D2F0BF}.ReleaseMac|iPhoneSimulator.ActiveCfg = Release|Any CPU
		{9A761ACB-26DA-4185-8008-D4CDE7D2F0BF}.ReleaseMac|iPhoneSimulator.Build.0 = Release|Any CPU
		{9A761ACB-26DA-4185-8008-D4CDE7D2F0BF}.ReleaseMac|x64.ActiveCfg = Release|Any CPU
		{9A761ACB-26DA-4185-8008-D4CDE7D2F0BF}.ReleaseMac|x64.Build.0 = Release|Any CPU
		{9A761ACB-26DA-4185-8008-D4CDE7D2F0BF}.ReleaseMac|x86.ActiveCfg = Release|x86
		{9A761ACB-26DA-4185-8008-D4CDE7D2F0BF}.ReleaseMac|x86.Build.0 = Release|x86
		{9A761ACB-26DA-4185-8008-D4CDE7D2F0BF}.ReleaseWin|Any CPU.ActiveCfg = Release|Any CPU
		{9A761ACB-26DA-4185-8008-D4CDE7D2F0BF}.ReleaseWin|Any CPU.Build.0 = Release|Any CPU
		{9A761ACB-26DA-4185-8008-D4CDE7D2F0BF}.ReleaseWin|ARM.ActiveCfg = Release|ARM
		{9A761ACB-26DA-4185-8008-D4CDE7D2F0BF}.ReleaseWin|ARM.Build.0 = Release|ARM
		{9A761ACB-26DA-4185-8008-D4CDE7D2F0BF}.ReleaseWin|iPhone.ActiveCfg = Release|Any CPU
		{9A761ACB-26DA-4185-8008-D4CDE7D2F0BF}.ReleaseWin|iPhone.Build.0 = Release|Any CPU
		{9A761ACB-26DA-4185-8008-D4CDE7D2F0BF}.ReleaseWin|iPhoneSimulator.ActiveCfg = Release|Any CPU
		{9A761ACB-26DA-4185-8008-D4CDE7D2F0BF}.ReleaseWin|iPhoneSimulator.Build.0 = Release|Any CPU
		{9A761ACB-26DA-4185-8008-D4CDE7D2F0BF}.ReleaseWin|x64.ActiveCfg = Release|Any CPU
		{9A761ACB-26DA-4185-8008-D4CDE7D2F0BF}.ReleaseWin|x64.Build.0 = Release|Any CPU
		{9A761ACB-26DA-4185-8008-D4CDE7D2F0BF}.ReleaseWin|x86.ActiveCfg = Release|x86
		{9A761ACB-26DA-4185-8008-D4CDE7D2F0BF}.ReleaseWin|x86.Build.0 = Release|x86
	EndGlobalSection
	GlobalSection(SolutionProperties) = preSolution
		HideSolutionNode = FALSE
	EndGlobalSection
	GlobalSection(NestedProjects) = preSolution
		{24B441F2-CBE9-4405-9FD0-72EBCBEA0EC3} = {2DC0C8D5-DF7F-4D96-886D-D7E83522C9BF}
		{10EB06B2-7231-40DF-8930-7781C82B65DB} = {2DC0C8D5-DF7F-4D96-886D-D7E83522C9BF}
		{78407906-99C6-42B0-A511-973FC78C58CB} = {2DC0C8D5-DF7F-4D96-886D-D7E83522C9BF}
		{7528DD0A-1781-47F4-ADBF-EEDDB011F6BB} = {2DC0C8D5-DF7F-4D96-886D-D7E83522C9BF}
		{C9EFC2F6-AC4C-446C-8FBF-91824B00431D} = {2DC0C8D5-DF7F-4D96-886D-D7E83522C9BF}
		{8E54DB74-C094-4016-859A-D1C7F2509A58} = {72EC3146-EA1B-4963-9248-55065728AF7F}
		{9A761ACB-26DA-4185-8008-D4CDE7D2F0BF} = {72EC3146-EA1B-4963-9248-55065728AF7F}
	EndGlobalSection
EndGlobal
