
Microsoft Visual Studio Solution File, Format Version 11.00
# Visual Studio 2010
Project("{FAE04EC0-301F-11D3-BF4B-00C04F79EFBC}") = "MonoTouch.Sample", "MonoTouch.Sample\MonoTouch.Sample.csproj", "{2A305540-C079-4588-B1E3-064174257DCA}"
EndProject
Global
	GlobalSection(SolutionConfigurationPlatforms) = preSolution
		Debug|Any CPU = Debug|Any CPU
		Release|Any CPU = Release|Any CPU
		Debug|iPhoneSimulator = Debug|iPhoneSimulator
		Release|iPhoneSimulator = Release|iPhoneSimulator
		Debug|iPhone = Debug|iPhone
		Release|iPhone = Release|iPhone
		Ad-Hoc|iPhone = Ad-Hoc|iPhone
		AppStore|iPhone = AppStore|iPhone
	EndGlobalSection
	GlobalSection(ProjectConfigurationPlatforms) = postSolution
		{2A305540-C079-4588-B1E3-064174257DCA}.Ad-Hoc|iPhone.ActiveCfg = Ad-Hoc|iPhone
		{2A305540-C079-4588-B1E3-064174257DCA}.Ad-Hoc|iPhone.Build.0 = Ad-Hoc|iPhone
		{2A305540-C079-4588-B1E3-064174257DCA}.AppStore|iPhone.ActiveCfg = AppStore|iPhone
		{2A305540-C079-4588-B1E3-064174257DCA}.AppStore|iPhone.Build.0 = AppStore|iPhone
		{2A305540-C079-4588-B1E3-064174257DCA}.Debug|Any CPU.ActiveCfg = Debug|iPhoneSimulator
		{2A305540-C079-4588-B1E3-064174257DCA}.Debug|Any CPU.Build.0 = Debug|iPhoneSimulator
		{2A305540-C079-4588-B1E3-064174257DCA}.Debug|iPhone.ActiveCfg = Debug|iPhone
		{2A305540-C079-4588-B1E3-064174257DCA}.Debug|iPhone.Build.0 = Debug|iPhone
		{2A305540-C079-4588-B1E3-064174257DCA}.Debug|iPhoneSimulator.ActiveCfg = Debug|iPhoneSimulator
		{2A305540-C079-4588-B1E3-064174257DCA}.Debug|iPhoneSimulator.Build.0 = Debug|iPhoneSimulator
		{2A305540-C079-4588-B1E3-064174257DCA}.Release|Any CPU.ActiveCfg = Release|iPhoneSimulator
		{2A305540-C079-4588-B1E3-064174257DCA}.Release|Any CPU.Build.0 = Release|iPhoneSimulator
		{2A305540-C079-4588-B1E3-064174257DCA}.Release|iPhone.ActiveCfg = Release|iPhone
		{2A305540-C079-4588-B1E3-064174257DCA}.Release|iPhone.Build.0 = Release|iPhone
		{2A305540-C079-4588-B1E3-064174257DCA}.Release|iPhoneSimulator.ActiveCfg = Release|iPhoneSimulator
		{2A305540-C079-4588-B1E3-064174257DCA}.Release|iPhoneSimulator.Build.0 = Release|iPhoneSimulator
	EndGlobalSection
	GlobalSection(MonoDevelopProperties) = preSolution
		StartupItem = MonoTouch.Sample\MonoTouch.Sample.csproj
	EndGlobalSection
EndGlobal
