
Microsoft Visual Studio Solution File, Format Version 12.00
# Visual Studio 2012
Project("{FAE04EC0-301F-11D3-BF4B-00C04F79EFBC}") = "BarcodeDisplayServer", "BarcodeDisplayServer.csproj", "{7CBC957B-68E0-45D9-A857-B49E3B0C04B5}"
EndProject
Global
	GlobalSection(SolutionConfigurationPlatforms) = preSolution
		Debug|Any CPU = Debug|Any CPU
		Release|Any CPU = Release|Any CPU
	EndGlobalSection
	GlobalSection(ProjectConfigurationPlatforms) = postSolution
		{7CBC957B-68E0-45D9-A857-B49E3B0C04B5}.Debug|Any CPU.ActiveCfg = Debug|Any CPU
		{7CBC957B-68E0-45D9-A857-B49E3B0C04B5}.Debug|Any CPU.Build.0 = Debug|Any CPU
		{7CBC957B-68E0-45D9-A857-B49E3B0C04B5}.Release|Any CPU.ActiveCfg = Release|Any CPU
		{7CBC957B-68E0-45D9-A857-B49E3B0C04B5}.Release|Any CPU.Build.0 = Release|Any CPU
	EndGlobalSection
EndGlobal
