
Microsoft Visual Studio Solution File, Format Version 12.00
# Visual Studio 15
VisualStudioVersion = 15.0.26228.9
MinimumVisualStudioVersion = 10.0.40219.1
Project("{FAE04EC0-301F-11D3-BF4B-00C04F79EFBC}") = "zxing.portable", "..\..\Source\ZXing.Net\Source\lib\zxing.portable.csproj", "{24B441F2-CBE9-4405-9FD0-72EBCBEA0EC3}"
EndProject
Project("{FAE04EC0-301F-11D3-BF4B-00C04F79EFBC}") = "ZXing.Net.Mobile.Core", "..\..\Source\ZXing.Net.Mobile.Core\ZXing.Net.Mobile.Core.csproj", "{7528DD0A-1781-47F4-ADBF-EEDDB011F6BB}"
EndProject
Project("{FAE04EC0-301F-11D3-BF4B-00C04F79EFBC}") = "ZXing.Net.Mobile.WindowsUniversal", "..\..\Source\ZXing.Net.Mobile.WindowsUniversal\ZXing.Net.Mobile.WindowsUniversal.csproj", "{1B000BCA-4895-4ACF-A0C6-3ADF3A9BEDF2}"
EndProject
Project("{FAE04EC0-301F-11D3-BF4B-00C04F79EFBC}") = "Sample.WindowsUniversal", "Sample.WindowsUniversal\Sample.WindowsUniversal.csproj", "{67ADB9A5-9F5E-4D4A-9B31-9BEFB91EE5F1}"
EndProject
Global
	GlobalSection(SolutionConfigurationPlatforms) = preSolution
		Debug|Any CPU = Debug|Any CPU
		Debug|ARM = Debug|ARM
		Debug|x64 = Debug|x64
		Debug|x86 = Debug|x86
		Release|Any CPU = Release|Any CPU
		Release|ARM = Release|ARM
		Release|x64 = Release|x64
		Release|x86 = Release|x86
	EndGlobalSection
	GlobalSection(ProjectConfigurationPlatforms) = postSolution
		{24B441F2-CBE9-4405-9FD0-72EBCBEA0EC3}.Debug|Any CPU.ActiveCfg = Debug|Any CPU
		{24B441F2-CBE9-4405-9FD0-72EBCBEA0EC3}.Debug|Any CPU.Build.0 = Debug|Any CPU
		{24B441F2-CBE9-4405-9FD0-72EBCBEA0EC3}.Debug|ARM.ActiveCfg = Debug|Any CPU
		{24B441F2-CBE9-4405-9FD0-72EBCBEA0EC3}.Debug|ARM.Build.0 = Debug|Any CPU
		{24B441F2-CBE9-4405-9FD0-72EBCBEA0EC3}.Debug|x64.ActiveCfg = Debug|Any CPU
		{24B441F2-CBE9-4405-9FD0-72EBCBEA0EC3}.Debug|x64.Build.0 = Debug|Any CPU
		{24B441F2-CBE9-4405-9FD0-72EBCBEA0EC3}.Debug|x86.ActiveCfg = Debug|Any CPU
		{24B441F2-CBE9-4405-9FD0-72EBCBEA0EC3}.Debug|x86.Build.0 = Debug|Any CPU
		{24B441F2-CBE9-4405-9FD0-72EBCBEA0EC3}.Release|Any CPU.ActiveCfg = Release|Any CPU
		{24B441F2-CBE9-4405-9FD0-72EBCBEA0EC3}.Release|Any CPU.Build.0 = Release|Any CPU
		{24B441F2-CBE9-4405-9FD0-72EBCBEA0EC3}.Release|ARM.ActiveCfg = Release|Any CPU
		{24B441F2-CBE9-4405-9FD0-72EBCBEA0EC3}.Release|ARM.Build.0 = Release|Any CPU
		{24B441F2-CBE9-4405-9FD0-72EBCBEA0EC3}.Release|x64.ActiveCfg = Release|Any CPU
		{24B441F2-CBE9-4405-9FD0-72EBCBEA0EC3}.Release|x64.Build.0 = Release|Any CPU
		{24B441F2-CBE9-4405-9FD0-72EBCBEA0EC3}.Release|x86.ActiveCfg = Release|Any CPU
		{24B441F2-CBE9-4405-9FD0-72EBCBEA0EC3}.Release|x86.Build.0 = Release|Any CPU
		{7528DD0A-1781-47F4-ADBF-EEDDB011F6BB}.Debug|Any CPU.ActiveCfg = Debug|Any CPU
		{7528DD0A-1781-47F4-ADBF-EEDDB011F6BB}.Debug|Any CPU.Build.0 = Debug|Any CPU
		{7528DD0A-1781-47F4-ADBF-EEDDB011F6BB}.Debug|ARM.ActiveCfg = Debug|Any CPU
		{7528DD0A-1781-47F4-ADBF-EEDDB011F6BB}.Debug|ARM.Build.0 = Debug|Any CPU
		{7528DD0A-1781-47F4-ADBF-EEDDB011F6BB}.Debug|x64.ActiveCfg = Debug|Any CPU
		{7528DD0A-1781-47F4-ADBF-EEDDB011F6BB}.Debug|x64.Build.0 = Debug|Any CPU
		{7528DD0A-1781-47F4-ADBF-EEDDB011F6BB}.Debug|x86.ActiveCfg = Debug|Any CPU
		{7528DD0A-1781-47F4-ADBF-EEDDB011F6BB}.Debug|x86.Build.0 = Debug|Any CPU
		{7528DD0A-1781-47F4-ADBF-EEDDB011F6BB}.Release|Any CPU.ActiveCfg = Release|Any CPU
		{7528DD0A-1781-47F4-ADBF-EEDDB011F6BB}.Release|Any CPU.Build.0 = Release|Any CPU
		{7528DD0A-1781-47F4-ADBF-EEDDB011F6BB}.Release|ARM.ActiveCfg = Release|Any CPU
		{7528DD0A-1781-47F4-ADBF-EEDDB011F6BB}.Release|ARM.Build.0 = Release|Any CPU
		{7528DD0A-1781-47F4-ADBF-EEDDB011F6BB}.Release|x64.ActiveCfg = Release|Any CPU
		{7528DD0A-1781-47F4-ADBF-EEDDB011F6BB}.Release|x64.Build.0 = Release|Any CPU
		{7528DD0A-1781-47F4-ADBF-EEDDB011F6BB}.Release|x86.ActiveCfg = Release|Any CPU
		{7528DD0A-1781-47F4-ADBF-EEDDB011F6BB}.Release|x86.Build.0 = Release|Any CPU
		{1B000BCA-4895-4ACF-A0C6-3ADF3A9BEDF2}.Debug|Any CPU.ActiveCfg = Debug|Any CPU
		{1B000BCA-4895-4ACF-A0C6-3ADF3A9BEDF2}.Debug|Any CPU.Build.0 = Debug|Any CPU
		{1B000BCA-4895-4ACF-A0C6-3ADF3A9BEDF2}.Debug|ARM.ActiveCfg = Debug|ARM
		{1B000BCA-4895-4ACF-A0C6-3ADF3A9BEDF2}.Debug|ARM.Build.0 = Debug|ARM
		{1B000BCA-4895-4ACF-A0C6-3ADF3A9BEDF2}.Debug|x64.ActiveCfg = Debug|x64
		{1B000BCA-4895-4ACF-A0C6-3ADF3A9BEDF2}.Debug|x64.Build.0 = Debug|x64
		{1B000BCA-4895-4ACF-A0C6-3ADF3A9BEDF2}.Debug|x86.ActiveCfg = Debug|x86
		{1B000BCA-4895-4ACF-A0C6-3ADF3A9BEDF2}.Debug|x86.Build.0 = Debug|x86
		{1B000BCA-4895-4ACF-A0C6-3ADF3A9BEDF2}.Release|Any CPU.ActiveCfg = Release|Any CPU
		{1B000BCA-4895-4ACF-A0C6-3ADF3A9BEDF2}.Release|Any CPU.Build.0 = Release|Any CPU
		{1B000BCA-4895-4ACF-A0C6-3ADF3A9BEDF2}.Release|ARM.ActiveCfg = Release|ARM
		{1B000BCA-4895-4ACF-A0C6-3ADF3A9BEDF2}.Release|ARM.Build.0 = Release|ARM
		{1B000BCA-4895-4ACF-A0C6-3ADF3A9BEDF2}.Release|x64.ActiveCfg = Release|x64
		{1B000BCA-4895-4ACF-A0C6-3ADF3A9BEDF2}.Release|x64.Build.0 = Release|x64
		{1B000BCA-4895-4ACF-A0C6-3ADF3A9BEDF2}.Release|x86.ActiveCfg = Release|x86
		{1B000BCA-4895-4ACF-A0C6-3ADF3A9BEDF2}.Release|x86.Build.0 = Release|x86
		{67ADB9A5-9F5E-4D4A-9B31-9BEFB91EE5F1}.Debug|Any CPU.ActiveCfg = Debug|x86
		{67ADB9A5-9F5E-4D4A-9B31-9BEFB91EE5F1}.Debug|Any CPU.Build.0 = Debug|x86
		{67ADB9A5-9F5E-4D4A-9B31-9BEFB91EE5F1}.Debug|Any CPU.Deploy.0 = Debug|x86
		{67ADB9A5-9F5E-4D4A-9B31-9BEFB91EE5F1}.Debug|ARM.ActiveCfg = Debug|ARM
		{67ADB9A5-9F5E-4D4A-9B31-9BEFB91EE5F1}.Debug|ARM.Build.0 = Debug|ARM
		{67ADB9A5-9F5E-4D4A-9B31-9BEFB91EE5F1}.Debug|ARM.Deploy.0 = Debug|ARM
		{67ADB9A5-9F5E-4D4A-9B31-9BEFB91EE5F1}.Debug|x64.ActiveCfg = Debug|x64
		{67ADB9A5-9F5E-4D4A-9B31-9BEFB91EE5F1}.Debug|x64.Build.0 = Debug|x64
		{67ADB9A5-9F5E-4D4A-9B31-9BEFB91EE5F1}.Debug|x64.Deploy.0 = Debug|x64
		{67ADB9A5-9F5E-4D4A-9B31-9BEFB91EE5F1}.Debug|x86.ActiveCfg = Debug|x86
		{67ADB9A5-9F5E-4D4A-9B31-9BEFB91EE5F1}.Debug|x86.Build.0 = Debug|x86
		{67ADB9A5-9F5E-4D4A-9B31-9BEFB91EE5F1}.Debug|x86.Deploy.0 = Debug|x86
		{67ADB9A5-9F5E-4D4A-9B31-9BEFB91EE5F1}.Release|Any CPU.ActiveCfg = Release|x86
		{67ADB9A5-9F5E-4D4A-9B31-9BEFB91EE5F1}.Release|ARM.ActiveCfg = Release|ARM
		{67ADB9A5-9F5E-4D4A-9B31-9BEFB91EE5F1}.Release|ARM.Build.0 = Release|ARM
		{67ADB9A5-9F5E-4D4A-9B31-9BEFB91EE5F1}.Release|ARM.Deploy.0 = Release|ARM
		{67ADB9A5-9F5E-4D4A-9B31-9BEFB91EE5F1}.Release|x64.ActiveCfg = Release|x64
		{67ADB9A5-9F5E-4D4A-9B31-9BEFB91EE5F1}.Release|x64.Build.0 = Release|x64
		{67ADB9A5-9F5E-4D4A-9B31-9BEFB91EE5F1}.Release|x64.Deploy.0 = Release|x64
		{67ADB9A5-9F5E-4D4A-9B31-9BEFB91EE5F1}.Release|x86.ActiveCfg = Release|x86
		{67ADB9A5-9F5E-4D4A-9B31-9BEFB91EE5F1}.Release|x86.Build.0 = Release|x86
		{67ADB9A5-9F5E-4D4A-9B31-9BEFB91EE5F1}.Release|x86.Deploy.0 = Release|x86
	EndGlobalSection
	GlobalSection(SolutionProperties) = preSolution
		HideSolutionNode = FALSE
	EndGlobalSection
EndGlobal
