
Microsoft Visual Studio Solution File, Format Version 12.00
# Visual Studio 14
VisualStudioVersion = 14.0.25420.1
MinimumVisualStudioVersion = 10.0.40219.1
Project("{2150E333-8FDC-42A3-9474-1A3956D46DE8}") = "Samples", "Samples", "{AB98471E-2FC8-405D-BB69-D80AE6AE40B9}"
EndProject
Project("{FAE04EC0-301F-11D3-BF4B-00C04F79EFBC}") = "FormsSample", "Core\FormsSample.csproj", "{0DAF97CA-02DB-4E4F-9163-B8F14EAE2D90}"
EndProject
Project("{FAE04EC0-301F-11D3-BF4B-00C04F79EFBC}") = "ZXing.Net.Mobile.Core", "..\..\Source\ZXing.Net.Mobile.Core\ZXing.Net.Mobile.Core.csproj", "{7528DD0A-1781-47F4-ADBF-EEDDB011F6BB}"
EndProject
Project("{FAE04EC0-301F-11D3-BF4B-00C04F79EFBC}") = "ZXing.Net.Mobile.Forms", "..\..\Source\ZXing.Net.Mobile.Forms\ZXing.Net.Mobile.Forms.csproj", "{8E54DB74-C094-4016-859A-D1C7F2509A58}"
EndProject
Project("{FAE04EC0-301F-11D3-BF4B-00C04F79EFBC}") = "zxing.portable", "..\..\Source\ZXing.Net\Source\lib\zxing.portable.csproj", "{24B441F2-CBE9-4405-9FD0-72EBCBEA0EC3}"
EndProject
Project("{FAE04EC0-301F-11D3-BF4B-00C04F79EFBC}") = "ZXing.Net.Mobile.WindowsPhone", "..\..\Source\ZXing.Net.Mobile.WindowsPhone\ZXing.Net.Mobile.WindowsPhone.csproj", "{C9EFC2F6-AC4C-446C-8FBF-91824B00431D}"
EndProject
Project("{FAE04EC0-301F-11D3-BF4B-00C04F79EFBC}") = "ZXing.Net.Mobile.Forms.WindowsPhone", "..\..\Source\ZXing.Net.Mobile.Forms.WindowsPhone\ZXing.Net.Mobile.Forms.WindowsPhone.csproj", "{9A761ACB-26DA-4185-8008-D4CDE7D2F0BF}"
EndProject
Project("{FAE04EC0-301F-11D3-BF4B-00C04F79EFBC}") = "Sample.WindowsPhone", "..\WindowsPhone\Sample.WindowsPhone\Sample.WindowsPhone.csproj", "{BC6808C6-5CEF-4D29-A23B-D2155334243D}"
EndProject
Global
	GlobalSection(SolutionConfigurationPlatforms) = preSolution
		Debug|Any CPU = Debug|Any CPU
		Debug|ARM = Debug|ARM
		Debug|iPhone = Debug|iPhone
		Debug|iPhoneSimulator = Debug|iPhoneSimulator
		Debug|x64 = Debug|x64
		Debug|x86 = Debug|x86
		Release|Any CPU = Release|Any CPU
		Release|ARM = Release|ARM
		Release|iPhone = Release|iPhone
		Release|iPhoneSimulator = Release|iPhoneSimulator
		Release|x64 = Release|x64
		Release|x86 = Release|x86
	EndGlobalSection
	GlobalSection(ProjectConfigurationPlatforms) = postSolution
		{0DAF97CA-02DB-4E4F-9163-B8F14EAE2D90}.Debug|Any CPU.ActiveCfg = Debug|Any CPU
		{0DAF97CA-02DB-4E4F-9163-B8F14EAE2D90}.Debug|Any CPU.Build.0 = Debug|Any CPU
		{0DAF97CA-02DB-4E4F-9163-B8F14EAE2D90}.Debug|ARM.ActiveCfg = Debug|Any CPU
		{0DAF97CA-02DB-4E4F-9163-B8F14EAE2D90}.Debug|ARM.Build.0 = Debug|Any CPU
		{0DAF97CA-02DB-4E4F-9163-B8F14EAE2D90}.Debug|iPhone.ActiveCfg = Debug|Any CPU
		{0DAF97CA-02DB-4E4F-9163-B8F14EAE2D90}.Debug|iPhone.Build.0 = Debug|Any CPU
		{0DAF97CA-02DB-4E4F-9163-B8F14EAE2D90}.Debug|iPhoneSimulator.ActiveCfg = Debug|Any CPU
		{0DAF97CA-02DB-4E4F-9163-B8F14EAE2D90}.Debug|iPhoneSimulator.Build.0 = Debug|Any CPU
		{0DAF97CA-02DB-4E4F-9163-B8F14EAE2D90}.Debug|x64.ActiveCfg = Debug|Any CPU
		{0DAF97CA-02DB-4E4F-9163-B8F14EAE2D90}.Debug|x64.Build.0 = Debug|Any CPU
		{0DAF97CA-02DB-4E4F-9163-B8F14EAE2D90}.Debug|x86.ActiveCfg = Debug|Any CPU
		{0DAF97CA-02DB-4E4F-9163-B8F14EAE2D90}.Debug|x86.Build.0 = Debug|Any CPU
		{0DAF97CA-02DB-4E4F-9163-B8F14EAE2D90}.Release|Any CPU.ActiveCfg = Release|Any CPU
		{0DAF97CA-02DB-4E4F-9163-B8F14EAE2D90}.Release|Any CPU.Build.0 = Release|Any CPU
		{0DAF97CA-02DB-4E4F-9163-B8F14EAE2D90}.Release|ARM.ActiveCfg = Release|Any CPU
		{0DAF97CA-02DB-4E4F-9163-B8F14EAE2D90}.Release|ARM.Build.0 = Release|Any CPU
		{0DAF97CA-02DB-4E4F-9163-B8F14EAE2D90}.Release|iPhone.ActiveCfg = Release|Any CPU
		{0DAF97CA-02DB-4E4F-9163-B8F14EAE2D90}.Release|iPhone.Build.0 = Release|Any CPU
		{0DAF97CA-02DB-4E4F-9163-B8F14EAE2D90}.Release|iPhoneSimulator.ActiveCfg = Release|Any CPU
		{0DAF97CA-02DB-4E4F-9163-B8F14EAE2D90}.Release|iPhoneSimulator.Build.0 = Release|Any CPU
		{0DAF97CA-02DB-4E4F-9163-B8F14EAE2D90}.Release|x64.ActiveCfg = Release|Any CPU
		{0DAF97CA-02DB-4E4F-9163-B8F14EAE2D90}.Release|x64.Build.0 = Release|Any CPU
		{0DAF97CA-02DB-4E4F-9163-B8F14EAE2D90}.Release|x86.ActiveCfg = Release|Any CPU
		{0DAF97CA-02DB-4E4F-9163-B8F14EAE2D90}.Release|x86.Build.0 = Release|Any CPU
		{7528DD0A-1781-47F4-ADBF-EEDDB011F6BB}.Debug|Any CPU.ActiveCfg = Debug|Any CPU
		{7528DD0A-1781-47F4-ADBF-EEDDB011F6BB}.Debug|Any CPU.Build.0 = Debug|Any CPU
		{7528DD0A-1781-47F4-ADBF-EEDDB011F6BB}.Debug|ARM.ActiveCfg = Debug|Any CPU
		{7528DD0A-1781-47F4-ADBF-EEDDB011F6BB}.Debug|ARM.Build.0 = Debug|Any CPU
		{7528DD0A-1781-47F4-ADBF-EEDDB011F6BB}.Debug|iPhone.ActiveCfg = Debug|Any CPU
		{7528DD0A-1781-47F4-ADBF-EEDDB011F6BB}.Debug|iPhone.Build.0 = Debug|Any CPU
		{7528DD0A-1781-47F4-ADBF-EEDDB011F6BB}.Debug|iPhoneSimulator.ActiveCfg = Debug|Any CPU
		{7528DD0A-1781-47F4-ADBF-EEDDB011F6BB}.Debug|iPhoneSimulator.Build.0 = Debug|Any CPU
		{7528DD0A-1781-47F4-ADBF-EEDDB011F6BB}.Debug|x64.ActiveCfg = Debug|Any CPU
		{7528DD0A-1781-47F4-ADBF-EEDDB011F6BB}.Debug|x64.Build.0 = Debug|Any CPU
		{7528DD0A-1781-47F4-ADBF-EEDDB011F6BB}.Debug|x86.ActiveCfg = Debug|Any CPU
		{7528DD0A-1781-47F4-ADBF-EEDDB011F6BB}.Debug|x86.Build.0 = Debug|Any CPU
		{7528DD0A-1781-47F4-ADBF-EEDDB011F6BB}.Release|Any CPU.ActiveCfg = Release|Any CPU
		{7528DD0A-1781-47F4-ADBF-EEDDB011F6BB}.Release|Any CPU.Build.0 = Release|Any CPU
		{7528DD0A-1781-47F4-ADBF-EEDDB011F6BB}.Release|ARM.ActiveCfg = Release|Any CPU
		{7528DD0A-1781-47F4-ADBF-EEDDB011F6BB}.Release|ARM.Build.0 = Release|Any CPU
		{7528DD0A-1781-47F4-ADBF-EEDDB011F6BB}.Release|iPhone.ActiveCfg = Release|Any CPU
		{7528DD0A-1781-47F4-ADBF-EEDDB011F6BB}.Release|iPhone.Build.0 = Release|Any CPU
		{7528DD0A-1781-47F4-ADBF-EEDDB011F6BB}.Release|iPhoneSimulator.ActiveCfg = Release|Any CPU
		{7528DD0A-1781-47F4-ADBF-EEDDB011F6BB}.Release|iPhoneSimulator.Build.0 = Release|Any CPU
		{7528DD0A-1781-47F4-ADBF-EEDDB011F6BB}.Release|x64.ActiveCfg = Release|Any CPU
		{7528DD0A-1781-47F4-ADBF-EEDDB011F6BB}.Release|x64.Build.0 = Release|Any CPU
		{7528DD0A-1781-47F4-ADBF-EEDDB011F6BB}.Release|x86.ActiveCfg = Release|Any CPU
		{7528DD0A-1781-47F4-ADBF-EEDDB011F6BB}.Release|x86.Build.0 = Release|Any CPU
		{8E54DB74-C094-4016-859A-D1C7F2509A58}.Debug|Any CPU.ActiveCfg = Debug|Any CPU
		{8E54DB74-C094-4016-859A-D1C7F2509A58}.Debug|Any CPU.Build.0 = Debug|Any CPU
		{8E54DB74-C094-4016-859A-D1C7F2509A58}.Debug|ARM.ActiveCfg = Debug|Any CPU
		{8E54DB74-C094-4016-859A-D1C7F2509A58}.Debug|ARM.Build.0 = Debug|Any CPU
		{8E54DB74-C094-4016-859A-D1C7F2509A58}.Debug|iPhone.ActiveCfg = Debug|Any CPU
		{8E54DB74-C094-4016-859A-D1C7F2509A58}.Debug|iPhone.Build.0 = Debug|Any CPU
		{8E54DB74-C094-4016-859A-D1C7F2509A58}.Debug|iPhoneSimulator.ActiveCfg = Debug|Any CPU
		{8E54DB74-C094-4016-859A-D1C7F2509A58}.Debug|iPhoneSimulator.Build.0 = Debug|Any CPU
		{8E54DB74-C094-4016-859A-D1C7F2509A58}.Debug|x64.ActiveCfg = Debug|Any CPU
		{8E54DB74-C094-4016-859A-D1C7F2509A58}.Debug|x64.Build.0 = Debug|Any CPU
		{8E54DB74-C094-4016-859A-D1C7F2509A58}.Debug|x86.ActiveCfg = Debug|Any CPU
		{8E54DB74-C094-4016-859A-D1C7F2509A58}.Debug|x86.Build.0 = Debug|Any CPU
		{8E54DB74-C094-4016-859A-D1C7F2509A58}.Release|Any CPU.ActiveCfg = Release|Any CPU
		{8E54DB74-C094-4016-859A-D1C7F2509A58}.Release|Any CPU.Build.0 = Release|Any CPU
		{8E54DB74-C094-4016-859A-D1C7F2509A58}.Release|ARM.ActiveCfg = Release|Any CPU
		{8E54DB74-C094-4016-859A-D1C7F2509A58}.Release|ARM.Build.0 = Release|Any CPU
		{8E54DB74-C094-4016-859A-D1C7F2509A58}.Release|iPhone.ActiveCfg = Release|Any CPU
		{8E54DB74-C094-4016-859A-D1C7F2509A58}.Release|iPhone.Build.0 = Release|Any CPU
		{8E54DB74-C094-4016-859A-D1C7F2509A58}.Release|iPhoneSimulator.ActiveCfg = Release|Any CPU
		{8E54DB74-C094-4016-859A-D1C7F2509A58}.Release|iPhoneSimulator.Build.0 = Release|Any CPU
		{8E54DB74-C094-4016-859A-D1C7F2509A58}.Release|x64.ActiveCfg = Release|Any CPU
		{8E54DB74-C094-4016-859A-D1C7F2509A58}.Release|x64.Build.0 = Release|Any CPU
		{8E54DB74-C094-4016-859A-D1C7F2509A58}.Release|x86.ActiveCfg = Release|Any CPU
		{8E54DB74-C094-4016-859A-D1C7F2509A58}.Release|x86.Build.0 = Release|Any CPU
		{24B441F2-CBE9-4405-9FD0-72EBCBEA0EC3}.Debug|Any CPU.ActiveCfg = Debug|Any CPU
		{24B441F2-CBE9-4405-9FD0-72EBCBEA0EC3}.Debug|Any CPU.Build.0 = Debug|Any CPU
		{24B441F2-CBE9-4405-9FD0-72EBCBEA0EC3}.Debug|ARM.ActiveCfg = Debug|Any CPU
		{24B441F2-CBE9-4405-9FD0-72EBCBEA0EC3}.Debug|ARM.Build.0 = Debug|Any CPU
		{24B441F2-CBE9-4405-9FD0-72EBCBEA0EC3}.Debug|iPhone.ActiveCfg = Debug|Any CPU
		{24B441F2-CBE9-4405-9FD0-72EBCBEA0EC3}.Debug|iPhone.Build.0 = Debug|Any CPU
		{24B441F2-CBE9-4405-9FD0-72EBCBEA0EC3}.Debug|iPhoneSimulator.ActiveCfg = Debug|Any CPU
		{24B441F2-CBE9-4405-9FD0-72EBCBEA0EC3}.Debug|iPhoneSimulator.Build.0 = Debug|Any CPU
		{24B441F2-CBE9-4405-9FD0-72EBCBEA0EC3}.Debug|x64.ActiveCfg = Debug|Any CPU
		{24B441F2-CBE9-4405-9FD0-72EBCBEA0EC3}.Debug|x64.Build.0 = Debug|Any CPU
		{24B441F2-CBE9-4405-9FD0-72EBCBEA0EC3}.Debug|x86.ActiveCfg = Debug|Any CPU
		{24B441F2-CBE9-4405-9FD0-72EBCBEA0EC3}.Debug|x86.Build.0 = Debug|Any CPU
		{24B441F2-CBE9-4405-9FD0-72EBCBEA0EC3}.Release|Any CPU.ActiveCfg = Release|Any CPU
		{24B441F2-CBE9-4405-9FD0-72EBCBEA0EC3}.Release|Any CPU.Build.0 = Release|Any CPU
		{24B441F2-CBE9-4405-9FD0-72EBCBEA0EC3}.Release|ARM.ActiveCfg = Release|Any CPU
		{24B441F2-CBE9-4405-9FD0-72EBCBEA0EC3}.Release|ARM.Build.0 = Release|Any CPU
		{24B441F2-CBE9-4405-9FD0-72EBCBEA0EC3}.Release|iPhone.ActiveCfg = Release|Any CPU
		{24B441F2-CBE9-4405-9FD0-72EBCBEA0EC3}.Release|iPhone.Build.0 = Release|Any CPU
		{24B441F2-CBE9-4405-9FD0-72EBCBEA0EC3}.Release|iPhoneSimulator.ActiveCfg = Release|Any CPU
		{24B441F2-CBE9-4405-9FD0-72EBCBEA0EC3}.Release|iPhoneSimulator.Build.0 = Release|Any CPU
		{24B441F2-CBE9-4405-9FD0-72EBCBEA0EC3}.Release|x64.ActiveCfg = Release|Any CPU
		{24B441F2-CBE9-4405-9FD0-72EBCBEA0EC3}.Release|x64.Build.0 = Release|Any CPU
		{24B441F2-CBE9-4405-9FD0-72EBCBEA0EC3}.Release|x86.ActiveCfg = Release|Any CPU
		{24B441F2-CBE9-4405-9FD0-72EBCBEA0EC3}.Release|x86.Build.0 = Release|Any CPU
		{C9EFC2F6-AC4C-446C-8FBF-91824B00431D}.Debug|Any CPU.ActiveCfg = Debug|Any CPU
		{C9EFC2F6-AC4C-446C-8FBF-91824B00431D}.Debug|Any CPU.Build.0 = Debug|Any CPU
		{C9EFC2F6-AC4C-446C-8FBF-91824B00431D}.Debug|ARM.ActiveCfg = Debug|ARM
		{C9EFC2F6-AC4C-446C-8FBF-91824B00431D}.Debug|ARM.Build.0 = Debug|ARM
		{C9EFC2F6-AC4C-446C-8FBF-91824B00431D}.Debug|iPhone.ActiveCfg = Debug|Any CPU
		{C9EFC2F6-AC4C-446C-8FBF-91824B00431D}.Debug|iPhone.Build.0 = Debug|Any CPU
		{C9EFC2F6-AC4C-446C-8FBF-91824B00431D}.Debug|iPhoneSimulator.ActiveCfg = Debug|Any CPU
		{C9EFC2F6-AC4C-446C-8FBF-91824B00431D}.Debug|iPhoneSimulator.Build.0 = Debug|Any CPU
		{C9EFC2F6-AC4C-446C-8FBF-91824B00431D}.Debug|x64.ActiveCfg = Debug|Any CPU
		{C9EFC2F6-AC4C-446C-8FBF-91824B00431D}.Debug|x64.Build.0 = Debug|Any CPU
		{C9EFC2F6-AC4C-446C-8FBF-91824B00431D}.Debug|x86.ActiveCfg = Debug|x86
		{C9EFC2F6-AC4C-446C-8FBF-91824B00431D}.Debug|x86.Build.0 = Debug|x86
		{C9EFC2F6-AC4C-446C-8FBF-91824B00431D}.Release|Any CPU.ActiveCfg = Release|Any CPU
		{C9EFC2F6-AC4C-446C-8FBF-91824B00431D}.Release|Any CPU.Build.0 = Release|Any CPU
		{C9EFC2F6-AC4C-446C-8FBF-91824B00431D}.Release|ARM.ActiveCfg = Release|ARM
		{C9EFC2F6-AC4C-446C-8FBF-91824B00431D}.Release|ARM.Build.0 = Release|ARM
		{C9EFC2F6-AC4C-446C-8FBF-91824B00431D}.Release|iPhone.ActiveCfg = Release|Any CPU
		{C9EFC2F6-AC4C-446C-8FBF-91824B00431D}.Release|iPhone.Build.0 = Release|Any CPU
		{C9EFC2F6-AC4C-446C-8FBF-91824B00431D}.Release|iPhoneSimulator.ActiveCfg = Release|Any CPU
		{C9EFC2F6-AC4C-446C-8FBF-91824B00431D}.Release|iPhoneSimulator.Build.0 = Release|Any CPU
		{C9EFC2F6-AC4C-446C-8FBF-91824B00431D}.Release|x64.ActiveCfg = Release|Any CPU
		{C9EFC2F6-AC4C-446C-8FBF-91824B00431D}.Release|x64.Build.0 = Release|Any CPU
		{C9EFC2F6-AC4C-446C-8FBF-91824B00431D}.Release|x86.ActiveCfg = Release|x86
		{C9EFC2F6-AC4C-446C-8FBF-91824B00431D}.Release|x86.Build.0 = Release|x86
		{9A761ACB-26DA-4185-8008-D4CDE7D2F0BF}.Debug|Any CPU.ActiveCfg = Debug|Any CPU
		{9A761ACB-26DA-4185-8008-D4CDE7D2F0BF}.Debug|Any CPU.Build.0 = Debug|Any CPU
		{9A761ACB-26DA-4185-8008-D4CDE7D2F0BF}.Debug|ARM.ActiveCfg = Debug|ARM
		{9A761ACB-26DA-4185-8008-D4CDE7D2F0BF}.Debug|ARM.Build.0 = Debug|ARM
		{9A761ACB-26DA-4185-8008-D4CDE7D2F0BF}.Debug|iPhone.ActiveCfg = Debug|Any CPU
		{9A761ACB-26DA-4185-8008-D4CDE7D2F0BF}.Debug|iPhone.Build.0 = Debug|Any CPU
		{9A761ACB-26DA-4185-8008-D4CDE7D2F0BF}.Debug|iPhoneSimulator.ActiveCfg = Debug|Any CPU
		{9A761ACB-26DA-4185-8008-D4CDE7D2F0BF}.Debug|iPhoneSimulator.Build.0 = Debug|Any CPU
		{9A761ACB-26DA-4185-8008-D4CDE7D2F0BF}.Debug|x64.ActiveCfg = Debug|Any CPU
		{9A761ACB-26DA-4185-8008-D4CDE7D2F0BF}.Debug|x64.Build.0 = Debug|Any CPU
		{9A761ACB-26DA-4185-8008-D4CDE7D2F0BF}.Debug|x86.ActiveCfg = Debug|x86
		{9A761ACB-26DA-4185-8008-D4CDE7D2F0BF}.Debug|x86.Build.0 = Debug|x86
		{9A761ACB-26DA-4185-8008-D4CDE7D2F0BF}.Release|Any CPU.ActiveCfg = Release|Any CPU
		{9A761ACB-26DA-4185-8008-D4CDE7D2F0BF}.Release|Any CPU.Build.0 = Release|Any CPU
		{9A761ACB-26DA-4185-8008-D4CDE7D2F0BF}.Release|ARM.ActiveCfg = Release|ARM
		{9A761ACB-26DA-4185-8008-D4CDE7D2F0BF}.Release|ARM.Build.0 = Release|ARM
		{9A761ACB-26DA-4185-8008-D4CDE7D2F0BF}.Release|iPhone.ActiveCfg = Release|Any CPU
		{9A761ACB-26DA-4185-8008-D4CDE7D2F0BF}.Release|iPhone.Build.0 = Release|Any CPU
		{9A761ACB-26DA-4185-8008-D4CDE7D2F0BF}.Release|iPhoneSimulator.ActiveCfg = Release|Any CPU
		{9A761ACB-26DA-4185-8008-D4CDE7D2F0BF}.Release|iPhoneSimulator.Build.0 = Release|Any CPU
		{9A761ACB-26DA-4185-8008-D4CDE7D2F0BF}.Release|x64.ActiveCfg = Release|Any CPU
		{9A761ACB-26DA-4185-8008-D4CDE7D2F0BF}.Release|x64.Build.0 = Release|Any CPU
		{9A761ACB-26DA-4185-8008-D4CDE7D2F0BF}.Release|x86.ActiveCfg = Release|x86
		{9A761ACB-26DA-4185-8008-D4CDE7D2F0BF}.Release|x86.Build.0 = Release|x86
		{BC6808C6-5CEF-4D29-A23B-D2155334243D}.Debug|Any CPU.ActiveCfg = Debug|Any CPU
		{BC6808C6-5CEF-4D29-A23B-D2155334243D}.Debug|Any CPU.Build.0 = Debug|Any CPU
		{BC6808C6-5CEF-4D29-A23B-D2155334243D}.Debug|Any CPU.Deploy.0 = Debug|Any CPU
		{BC6808C6-5CEF-4D29-A23B-D2155334243D}.Debug|ARM.ActiveCfg = Debug|ARM
		{BC6808C6-5CEF-4D29-A23B-D2155334243D}.Debug|ARM.Build.0 = Debug|ARM
		{BC6808C6-5CEF-4D29-A23B-D2155334243D}.Debug|ARM.Deploy.0 = Debug|ARM
		{BC6808C6-5CEF-4D29-A23B-D2155334243D}.Debug|iPhone.ActiveCfg = Debug|Any CPU
		{BC6808C6-5CEF-4D29-A23B-D2155334243D}.Debug|iPhone.Build.0 = Debug|Any CPU
		{BC6808C6-5CEF-4D29-A23B-D2155334243D}.Debug|iPhone.Deploy.0 = Debug|Any CPU
		{BC6808C6-5CEF-4D29-A23B-D2155334243D}.Debug|iPhoneSimulator.ActiveCfg = Debug|Any CPU
		{BC6808C6-5CEF-4D29-A23B-D2155334243D}.Debug|iPhoneSimulator.Build.0 = Debug|Any CPU
		{BC6808C6-5CEF-4D29-A23B-D2155334243D}.Debug|iPhoneSimulator.Deploy.0 = Debug|Any CPU
		{BC6808C6-5CEF-4D29-A23B-D2155334243D}.Debug|x64.ActiveCfg = Debug|Any CPU
		{BC6808C6-5CEF-4D29-A23B-D2155334243D}.Debug|x64.Build.0 = Debug|Any CPU
		{BC6808C6-5CEF-4D29-A23B-D2155334243D}.Debug|x64.Deploy.0 = Debug|Any CPU
		{BC6808C6-5CEF-4D29-A23B-D2155334243D}.Debug|x86.ActiveCfg = Debug|x86
		{BC6808C6-5CEF-4D29-A23B-D2155334243D}.Debug|x86.Build.0 = Debug|x86
		{BC6808C6-5CEF-4D29-A23B-D2155334243D}.Debug|x86.Deploy.0 = Debug|x86
		{BC6808C6-5CEF-4D29-A23B-D2155334243D}.Release|Any CPU.ActiveCfg = Release|Any CPU
		{BC6808C6-5CEF-4D29-A23B-D2155334243D}.Release|Any CPU.Build.0 = Release|Any CPU
		{BC6808C6-5CEF-4D29-A23B-D2155334243D}.Release|Any CPU.Deploy.0 = Release|Any CPU
		{BC6808C6-5CEF-4D29-A23B-D2155334243D}.Release|ARM.ActiveCfg = Release|ARM
		{BC6808C6-5CEF-4D29-A23B-D2155334243D}.Release|ARM.Build.0 = Release|ARM
		{BC6808C6-5CEF-4D29-A23B-D2155334243D}.Release|ARM.Deploy.0 = Release|ARM
		{BC6808C6-5CEF-4D29-A23B-D2155334243D}.Release|iPhone.ActiveCfg = Release|Any CPU
		{BC6808C6-5CEF-4D29-A23B-D2155334243D}.Release|iPhone.Build.0 = Release|Any CPU
		{BC6808C6-5CEF-4D29-A23B-D2155334243D}.Release|iPhone.Deploy.0 = Release|Any CPU
		{BC6808C6-5CEF-4D29-A23B-D2155334243D}.Release|iPhoneSimulator.ActiveCfg = Release|Any CPU
		{BC6808C6-5CEF-4D29-A23B-D2155334243D}.Release|iPhoneSimulator.Build.0 = Release|Any CPU
		{BC6808C6-5CEF-4D29-A23B-D2155334243D}.Release|iPhoneSimulator.Deploy.0 = Release|Any CPU
		{BC6808C6-5CEF-4D29-A23B-D2155334243D}.Release|x64.ActiveCfg = Release|Any CPU
		{BC6808C6-5CEF-4D29-A23B-D2155334243D}.Release|x64.Build.0 = Release|Any CPU
		{BC6808C6-5CEF-4D29-A23B-D2155334243D}.Release|x64.Deploy.0 = Release|Any CPU
		{BC6808C6-5CEF-4D29-A23B-D2155334243D}.Release|x86.ActiveCfg = Release|x86
		{BC6808C6-5CEF-4D29-A23B-D2155334243D}.Release|x86.Build.0 = Release|x86
		{BC6808C6-5CEF-4D29-A23B-D2155334243D}.Release|x86.Deploy.0 = Release|x86
	EndGlobalSection
	GlobalSection(SolutionProperties) = preSolution
		HideSolutionNode = FALSE
	EndGlobalSection
	GlobalSection(NestedProjects) = preSolution
		{0DAF97CA-02DB-4E4F-9163-B8F14EAE2D90} = {AB98471E-2FC8-405D-BB69-D80AE6AE40B9}
		{BC6808C6-5CEF-4D29-A23B-D2155334243D} = {AB98471E-2FC8-405D-BB69-D80AE6AE40B9}
	EndGlobalSection
EndGlobal
