
Microsoft Visual Studio Solution File, Format Version 12.00
# Visual Studio 2012
Project("{FAE04EC0-301F-11D3-BF4B-00C04F79EFBC}") = "ZXing.Net.Mobile.Forms.Android", "ZXing.Net.Mobile.Forms.Android\ZXing.Net.Mobile.Forms.Android.csproj", "{DC2FF2AE-4090-4056-BBE4-087BDE6567BD}"
EndProject
Project("{2150E333-8FDC-42A3-9474-1A3956D46DE8}") = "Portable", "Portable", "{B4084945-DEF2-475C-B9A9-086AA55562A8}"
EndProject
Project("{FAE04EC0-301F-11D3-BF4B-00C04F79EFBC}") = "ZXing.Net.Mobile.Portable", "ZXing.Net.Mobile.Portable\ZXing.Net.Mobile.Portable.csproj", "{78407906-99C6-42B0-A511-973FC78C58CB}"
EndProject
Project("{FAE04EC0-301F-11D3-BF4B-00C04F79EFBC}") = "zxing.portable", "ZXing.Net\zxing.portable.csproj", "{24B441F2-CBE9-4405-9FD0-72EBCBEA0EC3}"
EndProject
Project("{2150E333-8FDC-42A3-9474-1A3956D46DE8}") = "Android", "Android", "{1A7E6504-5F83-48B2-970A-2811BBC0B67F}"
EndProject
Project("{FAE04EC0-301F-11D3-BF4B-00C04F79EFBC}") = "zxing.monoandroid", "ZXing.Net\zxing.monoandroid.csproj", "{8971B59D-78F1-49BA-808D-CBADB37F571F}"
EndProject
Project("{FAE04EC0-301F-11D3-BF4B-00C04F79EFBC}") = "ZXing.Net.Mobile.Android", "ZXing.Net.Mobile\ZXing.Net.Mobile.Android.csproj", "{AC17589E-C817-4FA8-B3EC-CCEB25E55E59}"
EndProject
Project("{FAE04EC0-301F-11D3-BF4B-00C04F79EFBC}") = "ZXing.Net.Mobile.Forms", "ZXing.Net.Mobile.Forms\ZXing.Net.Mobile.Forms.csproj", "{8E54DB74-C094-4016-859A-D1C7F2509A58}"
EndProject
Project("{2150E333-8FDC-42A3-9474-1A3956D46DE8}") = "Sample", "Sample", "{8CF5BA84-ACCC-429B-84D0-B399747CFFF3}"
EndProject
Project("{FAE04EC0-301F-11D3-BF4B-00C04F79EFBC}") = "FormsSample", "..\Samples\FormsSample\FormsSample.csproj", "{0DAF97CA-02DB-4E4F-9163-B8F14EAE2D90}"
EndProject
Project("{FAE04EC0-301F-11D3-BF4B-00C04F79EFBC}") = "FormsSample.iOS", "..\Samples\iOS\FormsSample.iOS.csproj", "{776B89DF-2915-4701-B8A3-127D3340C77F}"
EndProject
Project("{FAE04EC0-301F-11D3-BF4B-00C04F79EFBC}") = "FormsSample.Droid", "..\Samples\Droid\FormsSample.Droid.csproj", "{D8248617-D905-4F82-95B4-D4027C20278A}"
EndProject
Global
	GlobalSection(SolutionConfigurationPlatforms) = preSolution
		Debug|Any CPU = Debug|Any CPU
		Release|Any CPU = Release|Any CPU
		Debug|iPhoneSimulator = Debug|iPhoneSimulator
		Release|iPhone = Release|iPhone
		Release|iPhoneSimulator = Release|iPhoneSimulator
		Debug|iPhone = Debug|iPhone
	EndGlobalSection
	GlobalSection(ProjectConfigurationPlatforms) = postSolution
		{0DAF97CA-02DB-4E4F-9163-B8F14EAE2D90}.Debug|Any CPU.ActiveCfg = Debug|Any CPU
		{0DAF97CA-02DB-4E4F-9163-B8F14EAE2D90}.Debug|Any CPU.Build.0 = Debug|Any CPU
		{0DAF97CA-02DB-4E4F-9163-B8F14EAE2D90}.Debug|iPhone.ActiveCfg = Debug|Any CPU
		{0DAF97CA-02DB-4E4F-9163-B8F14EAE2D90}.Debug|iPhone.Build.0 = Debug|Any CPU
		{0DAF97CA-02DB-4E4F-9163-B8F14EAE2D90}.Debug|iPhoneSimulator.ActiveCfg = Debug|Any CPU
		{0DAF97CA-02DB-4E4F-9163-B8F14EAE2D90}.Debug|iPhoneSimulator.Build.0 = Debug|Any CPU
		{0DAF97CA-02DB-4E4F-9163-B8F14EAE2D90}.Release|Any CPU.ActiveCfg = Release|Any CPU
		{0DAF97CA-02DB-4E4F-9163-B8F14EAE2D90}.Release|Any CPU.Build.0 = Release|Any CPU
		{0DAF97CA-02DB-4E4F-9163-B8F14EAE2D90}.Release|iPhone.ActiveCfg = Release|Any CPU
		{0DAF97CA-02DB-4E4F-9163-B8F14EAE2D90}.Release|iPhone.Build.0 = Release|Any CPU
		{0DAF97CA-02DB-4E4F-9163-B8F14EAE2D90}.Release|iPhoneSimulator.ActiveCfg = Release|Any CPU
		{0DAF97CA-02DB-4E4F-9163-B8F14EAE2D90}.Release|iPhoneSimulator.Build.0 = Release|Any CPU
		{24B441F2-CBE9-4405-9FD0-72EBCBEA0EC3}.Debug|Any CPU.ActiveCfg = Debug|Any CPU
		{24B441F2-CBE9-4405-9FD0-72EBCBEA0EC3}.Debug|Any CPU.Build.0 = Debug|Any CPU
		{24B441F2-CBE9-4405-9FD0-72EBCBEA0EC3}.Debug|iPhone.ActiveCfg = Debug|Any CPU
		{24B441F2-CBE9-4405-9FD0-72EBCBEA0EC3}.Debug|iPhone.Build.0 = Debug|Any CPU
		{24B441F2-CBE9-4405-9FD0-72EBCBEA0EC3}.Debug|iPhoneSimulator.ActiveCfg = Debug|Any CPU
		{24B441F2-CBE9-4405-9FD0-72EBCBEA0EC3}.Debug|iPhoneSimulator.Build.0 = Debug|Any CPU
		{24B441F2-CBE9-4405-9FD0-72EBCBEA0EC3}.Release|Any CPU.ActiveCfg = Release|Any CPU
		{24B441F2-CBE9-4405-9FD0-72EBCBEA0EC3}.Release|Any CPU.Build.0 = Release|Any CPU
		{24B441F2-CBE9-4405-9FD0-72EBCBEA0EC3}.Release|iPhone.ActiveCfg = Release|Any CPU
		{24B441F2-CBE9-4405-9FD0-72EBCBEA0EC3}.Release|iPhone.Build.0 = Release|Any CPU
		{24B441F2-CBE9-4405-9FD0-72EBCBEA0EC3}.Release|iPhoneSimulator.ActiveCfg = Release|Any CPU
		{24B441F2-CBE9-4405-9FD0-72EBCBEA0EC3}.Release|iPhoneSimulator.Build.0 = Release|Any CPU
		{776B89DF-2915-4701-B8A3-127D3340C77F}.Debug|Any CPU.ActiveCfg = Debug|iPhoneSimulator
		{776B89DF-2915-4701-B8A3-127D3340C77F}.Debug|Any CPU.Build.0 = Debug|iPhoneSimulator
		{776B89DF-2915-4701-B8A3-127D3340C77F}.Debug|iPhone.ActiveCfg = Debug|iPhone
		{776B89DF-2915-4701-B8A3-127D3340C77F}.Debug|iPhone.Build.0 = Debug|iPhone
		{776B89DF-2915-4701-B8A3-127D3340C77F}.Debug|iPhoneSimulator.ActiveCfg = Debug|iPhoneSimulator
		{776B89DF-2915-4701-B8A3-127D3340C77F}.Debug|iPhoneSimulator.Build.0 = Debug|iPhoneSimulator
		{776B89DF-2915-4701-B8A3-127D3340C77F}.Release|Any CPU.ActiveCfg = Release|iPhone
		{776B89DF-2915-4701-B8A3-127D3340C77F}.Release|Any CPU.Build.0 = Release|iPhone
		{776B89DF-2915-4701-B8A3-127D3340C77F}.Release|iPhone.ActiveCfg = Release|iPhone
		{776B89DF-2915-4701-B8A3-127D3340C77F}.Release|iPhone.Build.0 = Release|iPhone
		{776B89DF-2915-4701-B8A3-127D3340C77F}.Release|iPhoneSimulator.ActiveCfg = Release|iPhoneSimulator
		{776B89DF-2915-4701-B8A3-127D3340C77F}.Release|iPhoneSimulator.Build.0 = Release|iPhoneSimulator
		{78407906-99C6-42B0-A511-973FC78C58CB}.Debug|Any CPU.ActiveCfg = Debug|Any CPU
		{78407906-99C6-42B0-A511-973FC78C58CB}.Debug|Any CPU.Build.0 = Debug|Any CPU
		{78407906-99C6-42B0-A511-973FC78C58CB}.Debug|iPhone.ActiveCfg = Debug|Any CPU
		{78407906-99C6-42B0-A511-973FC78C58CB}.Debug|iPhone.Build.0 = Debug|Any CPU
		{78407906-99C6-42B0-A511-973FC78C58CB}.Debug|iPhoneSimulator.ActiveCfg = Debug|Any CPU
		{78407906-99C6-42B0-A511-973FC78C58CB}.Debug|iPhoneSimulator.Build.0 = Debug|Any CPU
		{78407906-99C6-42B0-A511-973FC78C58CB}.Release|Any CPU.ActiveCfg = Release|Any CPU
		{78407906-99C6-42B0-A511-973FC78C58CB}.Release|Any CPU.Build.0 = Release|Any CPU
		{78407906-99C6-42B0-A511-973FC78C58CB}.Release|iPhone.ActiveCfg = Release|Any CPU
		{78407906-99C6-42B0-A511-973FC78C58CB}.Release|iPhone.Build.0 = Release|Any CPU
		{78407906-99C6-42B0-A511-973FC78C58CB}.Release|iPhoneSimulator.ActiveCfg = Release|Any CPU
		{78407906-99C6-42B0-A511-973FC78C58CB}.Release|iPhoneSimulator.Build.0 = Release|Any CPU
		{8971B59D-78F1-49BA-808D-CBADB37F571F}.Debug|Any CPU.ActiveCfg = Debug|Any CPU
		{8971B59D-78F1-49BA-808D-CBADB37F571F}.Debug|Any CPU.Build.0 = Debug|Any CPU
		{8971B59D-78F1-49BA-808D-CBADB37F571F}.Debug|iPhone.ActiveCfg = Debug|Any CPU
		{8971B59D-78F1-49BA-808D-CBADB37F571F}.Debug|iPhone.Build.0 = Debug|Any CPU
		{8971B59D-78F1-49BA-808D-CBADB37F571F}.Debug|iPhoneSimulator.ActiveCfg = Debug|Any CPU
		{8971B59D-78F1-49BA-808D-CBADB37F571F}.Debug|iPhoneSimulator.Build.0 = Debug|Any CPU
		{8971B59D-78F1-49BA-808D-CBADB37F571F}.Release|Any CPU.ActiveCfg = Release|Any CPU
		{8971B59D-78F1-49BA-808D-CBADB37F571F}.Release|Any CPU.Build.0 = Release|Any CPU
		{8971B59D-78F1-49BA-808D-CBADB37F571F}.Release|iPhone.ActiveCfg = Release|Any CPU
		{8971B59D-78F1-49BA-808D-CBADB37F571F}.Release|iPhone.Build.0 = Release|Any CPU
		{8971B59D-78F1-49BA-808D-CBADB37F571F}.Release|iPhoneSimulator.ActiveCfg = Release|Any CPU
		{8971B59D-78F1-49BA-808D-CBADB37F571F}.Release|iPhoneSimulator.Build.0 = Release|Any CPU
		{8E54DB74-C094-4016-859A-D1C7F2509A58}.Debug|Any CPU.ActiveCfg = Debug|Any CPU
		{8E54DB74-C094-4016-859A-D1C7F2509A58}.Debug|Any CPU.Build.0 = Debug|Any CPU
		{8E54DB74-C094-4016-859A-D1C7F2509A58}.Debug|iPhone.ActiveCfg = Debug|Any CPU
		{8E54DB74-C094-4016-859A-D1C7F2509A58}.Debug|iPhone.Build.0 = Debug|Any CPU
		{8E54DB74-C094-4016-859A-D1C7F2509A58}.Debug|iPhoneSimulator.ActiveCfg = Debug|Any CPU
		{8E54DB74-C094-4016-859A-D1C7F2509A58}.Debug|iPhoneSimulator.Build.0 = Debug|Any CPU
		{8E54DB74-C094-4016-859A-D1C7F2509A58}.Release|Any CPU.ActiveCfg = Release|Any CPU
		{8E54DB74-C094-4016-859A-D1C7F2509A58}.Release|Any CPU.Build.0 = Release|Any CPU
		{8E54DB74-C094-4016-859A-D1C7F2509A58}.Release|iPhone.ActiveCfg = Release|Any CPU
		{8E54DB74-C094-4016-859A-D1C7F2509A58}.Release|iPhone.Build.0 = Release|Any CPU
		{8E54DB74-C094-4016-859A-D1C7F2509A58}.Release|iPhoneSimulator.ActiveCfg = Release|Any CPU
		{8E54DB74-C094-4016-859A-D1C7F2509A58}.Release|iPhoneSimulator.Build.0 = Release|Any CPU
		{AC17589E-C817-4FA8-B3EC-CCEB25E55E59}.Debug|Any CPU.ActiveCfg = Debug|Any CPU
		{AC17589E-C817-4FA8-B3EC-CCEB25E55E59}.Debug|Any CPU.Build.0 = Debug|Any CPU
		{AC17589E-C817-4FA8-B3EC-CCEB25E55E59}.Debug|iPhone.ActiveCfg = Debug|Any CPU
		{AC17589E-C817-4FA8-B3EC-CCEB25E55E59}.Debug|iPhone.Build.0 = Debug|Any CPU
		{AC17589E-C817-4FA8-B3EC-CCEB25E55E59}.Debug|iPhoneSimulator.ActiveCfg = Debug|Any CPU
		{AC17589E-C817-4FA8-B3EC-CCEB25E55E59}.Debug|iPhoneSimulator.Build.0 = Debug|Any CPU
		{AC17589E-C817-4FA8-B3EC-CCEB25E55E59}.Release|Any CPU.ActiveCfg = Release|Any CPU
		{AC17589E-C817-4FA8-B3EC-CCEB25E55E59}.Release|Any CPU.Build.0 = Release|Any CPU
		{AC17589E-C817-4FA8-B3EC-CCEB25E55E59}.Release|iPhone.ActiveCfg = Release|Any CPU
		{AC17589E-C817-4FA8-B3EC-CCEB25E55E59}.Release|iPhone.Build.0 = Release|Any CPU
		{AC17589E-C817-4FA8-B3EC-CCEB25E55E59}.Release|iPhoneSimulator.ActiveCfg = Release|Any CPU
		{AC17589E-C817-4FA8-B3EC-CCEB25E55E59}.Release|iPhoneSimulator.Build.0 = Release|Any CPU
		{D8248617-D905-4F82-95B4-D4027C20278A}.Debug|Any CPU.ActiveCfg = Debug|Any CPU
		{D8248617-D905-4F82-95B4-D4027C20278A}.Debug|Any CPU.Build.0 = Debug|Any CPU
		{D8248617-D905-4F82-95B4-D4027C20278A}.Debug|iPhone.ActiveCfg = Debug|Any CPU
		{D8248617-D905-4F82-95B4-D4027C20278A}.Debug|iPhone.Build.0 = Debug|Any CPU
		{D8248617-D905-4F82-95B4-D4027C20278A}.Debug|iPhoneSimulator.ActiveCfg = Debug|Any CPU
		{D8248617-D905-4F82-95B4-D4027C20278A}.Debug|iPhoneSimulator.Build.0 = Debug|Any CPU
		{D8248617-D905-4F82-95B4-D4027C20278A}.Release|Any CPU.ActiveCfg = Release|Any CPU
		{D8248617-D905-4F82-95B4-D4027C20278A}.Release|Any CPU.Build.0 = Release|Any CPU
		{D8248617-D905-4F82-95B4-D4027C20278A}.Release|iPhone.ActiveCfg = Release|Any CPU
		{D8248617-D905-4F82-95B4-D4027C20278A}.Release|iPhone.Build.0 = Release|Any CPU
		{D8248617-D905-4F82-95B4-D4027C20278A}.Release|iPhoneSimulator.ActiveCfg = Release|Any CPU
		{D8248617-D905-4F82-95B4-D4027C20278A}.Release|iPhoneSimulator.Build.0 = Release|Any CPU
		{DC2FF2AE-4090-4056-BBE4-087BDE6567BD}.Debug|Any CPU.ActiveCfg = Debug|Any CPU
		{DC2FF2AE-4090-4056-BBE4-087BDE6567BD}.Debug|Any CPU.Build.0 = Debug|Any CPU
		{DC2FF2AE-4090-4056-BBE4-087BDE6567BD}.Debug|iPhone.ActiveCfg = Debug|Any CPU
		{DC2FF2AE-4090-4056-BBE4-087BDE6567BD}.Debug|iPhone.Build.0 = Debug|Any CPU
		{DC2FF2AE-4090-4056-BBE4-087BDE6567BD}.Debug|iPhoneSimulator.ActiveCfg = Debug|Any CPU
		{DC2FF2AE-4090-4056-BBE4-087BDE6567BD}.Debug|iPhoneSimulator.Build.0 = Debug|Any CPU
		{DC2FF2AE-4090-4056-BBE4-087BDE6567BD}.Release|Any CPU.ActiveCfg = Release|Any CPU
		{DC2FF2AE-4090-4056-BBE4-087BDE6567BD}.Release|Any CPU.Build.0 = Release|Any CPU
		{DC2FF2AE-4090-4056-BBE4-087BDE6567BD}.Release|iPhone.ActiveCfg = Release|Any CPU
		{DC2FF2AE-4090-4056-BBE4-087BDE6567BD}.Release|iPhone.Build.0 = Release|Any CPU
		{DC2FF2AE-4090-4056-BBE4-087BDE6567BD}.Release|iPhoneSimulator.ActiveCfg = Release|Any CPU
		{DC2FF2AE-4090-4056-BBE4-087BDE6567BD}.Release|iPhoneSimulator.Build.0 = Release|Any CPU
	EndGlobalSection
	GlobalSection(NestedProjects) = preSolution
		{78407906-99C6-42B0-A511-973FC78C58CB} = {B4084945-DEF2-475C-B9A9-086AA55562A8}
		{24B441F2-CBE9-4405-9FD0-72EBCBEA0EC3} = {B4084945-DEF2-475C-B9A9-086AA55562A8}
		{8971B59D-78F1-49BA-808D-CBADB37F571F} = {1A7E6504-5F83-48B2-970A-2811BBC0B67F}
		{AC17589E-C817-4FA8-B3EC-CCEB25E55E59} = {1A7E6504-5F83-48B2-970A-2811BBC0B67F}
		{0DAF97CA-02DB-4E4F-9163-B8F14EAE2D90} = {8CF5BA84-ACCC-429B-84D0-B399747CFFF3}
		{776B89DF-2915-4701-B8A3-127D3340C77F} = {8CF5BA84-ACCC-429B-84D0-B399747CFFF3}
		{D8248617-D905-4F82-95B4-D4027C20278A} = {8CF5BA84-ACCC-429B-84D0-B399747CFFF3}
	EndGlobalSection
	GlobalSection(MonoDevelopProperties) = preSolution
		StartupItem = ZXing.Net.Mobile\ZXing.Net.Mobile.MonoForAndroid.csproj
	EndGlobalSection
	GlobalSection(SolutionProperties) = preSolution
		HideSolutionNode = FALSE
	EndGlobalSection
EndGlobal
